
Microsoft Visual Studio Solution File, Format Version 12.00
# Visual Studio 14
VisualStudioVersion = 14.0.23107.0
MinimumVisualStudioVersion = 10.0.40219.1
Project("{FAE04EC0-301F-11D3-BF4B-00C04F79EFBC}") = "ShanoRPGWin", "ShanoRPGWin\ShanoRPGWin.csproj", "{1690E344-3BBC-4F04-9C72-1AD90DE19EDF}"
	ProjectSection(ProjectDependencies) = postProject
		{418F2CBD-5DB3-47D4-BEE1-2C69AA6D1914} = {418F2CBD-5DB3-47D4-BEE1-2C69AA6D1914}
	EndProjectSection
EndProject
Project("{FAE04EC0-301F-11D3-BF4B-00C04F79EFBC}") = "ShanoEditor", "AbilityIDE\ShanoEditor.csproj", "{2587E0B9-0242-4142-882F-6D893EC45F89}"
EndProject
Project("{2150E333-8FDC-42A3-9474-1A3956D46DE8}") = "Game", "Game", "{5918AABB-A5DE-4195-83E0-7919263532DA}"
EndProject
Project("{FAE04EC0-301F-11D3-BF4B-00C04F79EFBC}") = "ShanoServer", "ShanoServer\ShanoServer.csproj", "{4746B339-5C00-4965-BEA9-43E9D79D4693}"
EndProject
Project("{FAE04EC0-301F-11D3-BF4B-00C04F79EFBC}") = "Client", "Game\Client\Client.csproj", "{418F2CBD-5DB3-47D4-BEE1-2C69AA6D1914}"
EndProject
Project("{FAE04EC0-301F-11D3-BF4B-00C04F79EFBC}") = "Engine", "Game\Engine\Engine.csproj", "{0B2E9F70-7046-470A-8E5D-EBD47F030DDC}"
EndProject
Project("{FAE04EC0-301F-11D3-BF4B-00C04F79EFBC}") = "IO", "Game\IO\IO.csproj", "{DC89987D-5817-4F1D-95CA-80C024C8D6BB}"
EndProject
Project("{FAE04EC0-301F-11D3-BF4B-00C04F79EFBC}") = "Local", "Game\Local\Local.csproj", "{5778ED3F-48BA-46F3-AA71-801FB00865CC}"
EndProject
Project("{FAE04EC0-301F-11D3-BF4B-00C04F79EFBC}") = "Network", "Game\Network\Network.csproj", "{D2FA8685-B964-498D-A34F-D191BE2CBA6B}"
EndProject
Project("{2150E333-8FDC-42A3-9474-1A3956D46DE8}") = "Solution Items", "Solution Items", "{88C39322-1174-4C9E-A198-2A64F43C84BB}"
	ProjectSection(SolutionItems) = preProject
		CodeMap1.dgml = CodeMap1.dgml
		EngineMap.dgml = EngineMap.dgml
		Performance1.psess = Performance1.psess
		Performance2.psess = Performance2.psess
		README.md = README.md
	EndProjectSection
EndProject
Project("{FAE04EC0-301F-11D3-BF4B-00C04F79EFBC}") = "ScenarioTemplate", "ScenarioTemplate\ScenarioTemplate.csproj", "{73DA95FC-147C-40E6-9D23-8C13ACA4A737}"
EndProject
Project("{FAE04EC0-301F-11D3-BF4B-00C04F79EFBC}") = "ShanoModel", "ShanoModel\ShanoModel.csproj", "{BF150B0D-572C-42E3-A881-B5CBDAB436FE}"
EndProject
Project("{F2A71F9B-5D33-465A-A702-920D77279786}") = "ShanoEditorSyntax", "ShanoEditorSyntax\ShanoEditorSyntax.fsproj", "{42DBEA0C-86E4-4CAD-81A7-E1893B041717}"
EndProject
Project("{FAE04EC0-301F-11D3-BF4B-00C04F79EFBC}") = "UnitTests", "UnitTests\UnitTests.csproj", "{A6C88306-63DC-4E60-95BB-112E3BC202F5}"
EndProject
Project("{FAE04EC0-301F-11D3-BF4B-00C04F79EFBC}") = "IxSerializer", "..\!lib\IxSerializer\IxSerializer.csproj", "{41BE9DD9-644C-4A90-8D47-667B4323DF7A}"
EndProject
Project("{2150E333-8FDC-42A3-9474-1A3956D46DE8}") = "Tests", "Tests", "{C7338702-1752-40EA-83C1-C4EB6002C43A}"
EndProject
Project("{FAE04EC0-301F-11D3-BF4B-00C04F79EFBC}") = "NetworkTests", "Tests\NetworkTests\NetworkTests.csproj", "{D527CE3C-EECF-45EF-AE6E-E88DE37D3708}"
EndProject
Project("{2150E333-8FDC-42A3-9474-1A3956D46DE8}") = "Scenarios", "Scenarios", "{6246A47B-B83D-41C3-B156-8A4E29F60E84}"
EndProject
Project("{FAE04EC0-301F-11D3-BF4B-00C04F79EFBC}") = "DefaultScenario", "Scenarios\DefaultScenario\DefaultScenario.csproj", "{960444F7-E932-4773-B798-DF92EA58A0C3}"
EndProject
Project("{FAE04EC0-301F-11D3-BF4B-00C04F79EFBC}") = "ScenarioLib", "ScenarioLib\ScenarioLib.csproj", "{BADA50F2-93BC-4EBA-949A-BF892AE4B7E5}"
EndProject
Project("{FAE04EC0-301F-11D3-BF4B-00C04F79EFBC}") = "IxLog", "..\!lib\IxLog\IxLog\IxLog.csproj", "{B1FC6D51-2A33-4EF8-BBAD-D8207F2DCB02}"
EndProject
Project("{FAE04EC0-301F-11D3-BF4B-00C04F79EFBC}") = "IxSerializer.Tests", "..\!lib\IxSerializer.Tests\IxSerializer.Tests.csproj", "{E98894F3-CE6F-4DAA-B3B2-F5B027623E0C}"
EndProject
Project("{FAE04EC0-301F-11D3-BF4B-00C04F79EFBC}") = "ScenarioLib.Tests", "ScenarioLib.Tests\ScenarioLib.Tests.csproj", "{8B398427-3D4E-4CB8-B0F0-CFA35E2E66A4}"
EndProject
Global
	GlobalSection(SolutionConfigurationPlatforms) = preSolution
		Debug|Any CPU = Debug|Any CPU
		Debug|Mixed Platforms = Debug|Mixed Platforms
		Debug|x64 = Debug|x64
		Debug|x86 = Debug|x86
		Editor|Any CPU = Editor|Any CPU
		Editor|Mixed Platforms = Editor|Mixed Platforms
		Editor|x64 = Editor|x64
		Editor|x86 = Editor|x86
		iOS|Any CPU = iOS|Any CPU
		iOS|Mixed Platforms = iOS|Mixed Platforms
		iOS|x64 = iOS|x64
		iOS|x86 = iOS|x86
		Net20|Any CPU = Net20|Any CPU
		Net20|Mixed Platforms = Net20|Mixed Platforms
		Net20|x64 = Net20|x64
		Net20|x86 = Net20|x86
		Network|Any CPU = Network|Any CPU
		Network|Mixed Platforms = Network|Mixed Platforms
		Network|x64 = Network|x64
		Network|x86 = Network|x86
		Profile|Any CPU = Profile|Any CPU
		Profile|Mixed Platforms = Profile|Mixed Platforms
		Profile|x64 = Profile|x64
		Profile|x86 = Profile|x86
		Release|Any CPU = Release|Any CPU
		Release|Mixed Platforms = Release|Mixed Platforms
		Release|x64 = Release|x64
		Release|x86 = Release|x86
		Silverlight2|Any CPU = Silverlight2|Any CPU
		Silverlight2|Mixed Platforms = Silverlight2|Mixed Platforms
		Silverlight2|x64 = Silverlight2|x64
		Silverlight2|x86 = Silverlight2|x86
	EndGlobalSection
	GlobalSection(ProjectConfigurationPlatforms) = postSolution
		{1690E344-3BBC-4F04-9C72-1AD90DE19EDF}.Debug|Any CPU.ActiveCfg = Debug|Any CPU
		{1690E344-3BBC-4F04-9C72-1AD90DE19EDF}.Debug|Any CPU.Build.0 = Debug|Any CPU
		{1690E344-3BBC-4F04-9C72-1AD90DE19EDF}.Debug|Mixed Platforms.ActiveCfg = Debug|Any CPU
		{1690E344-3BBC-4F04-9C72-1AD90DE19EDF}.Debug|Mixed Platforms.Build.0 = Debug|Any CPU
		{1690E344-3BBC-4F04-9C72-1AD90DE19EDF}.Debug|x64.ActiveCfg = Debug|x64
		{1690E344-3BBC-4F04-9C72-1AD90DE19EDF}.Debug|x64.Build.0 = Debug|x64
		{1690E344-3BBC-4F04-9C72-1AD90DE19EDF}.Debug|x86.ActiveCfg = Debug|Any CPU
		{1690E344-3BBC-4F04-9C72-1AD90DE19EDF}.Editor|Any CPU.ActiveCfg = Editor|Any CPU
		{1690E344-3BBC-4F04-9C72-1AD90DE19EDF}.Editor|Any CPU.Build.0 = Editor|Any CPU
		{1690E344-3BBC-4F04-9C72-1AD90DE19EDF}.Editor|Mixed Platforms.ActiveCfg = Editor|Any CPU
		{1690E344-3BBC-4F04-9C72-1AD90DE19EDF}.Editor|x64.ActiveCfg = Editor|x64
		{1690E344-3BBC-4F04-9C72-1AD90DE19EDF}.Editor|x64.Build.0 = Editor|x64
		{1690E344-3BBC-4F04-9C72-1AD90DE19EDF}.Editor|x86.ActiveCfg = Editor|Any CPU
		{1690E344-3BBC-4F04-9C72-1AD90DE19EDF}.iOS|Any CPU.ActiveCfg = Editor|Any CPU
		{1690E344-3BBC-4F04-9C72-1AD90DE19EDF}.iOS|Any CPU.Build.0 = Editor|Any CPU
		{1690E344-3BBC-4F04-9C72-1AD90DE19EDF}.iOS|Mixed Platforms.ActiveCfg = Release|Any CPU
		{1690E344-3BBC-4F04-9C72-1AD90DE19EDF}.iOS|Mixed Platforms.Build.0 = Release|Any CPU
		{1690E344-3BBC-4F04-9C72-1AD90DE19EDF}.iOS|x64.ActiveCfg = Editor|x64
		{1690E344-3BBC-4F04-9C72-1AD90DE19EDF}.iOS|x64.Build.0 = Editor|x64
		{1690E344-3BBC-4F04-9C72-1AD90DE19EDF}.iOS|x86.ActiveCfg = Release|Any CPU
		{1690E344-3BBC-4F04-9C72-1AD90DE19EDF}.Net20|Any CPU.ActiveCfg = Network|Any CPU
		{1690E344-3BBC-4F04-9C72-1AD90DE19EDF}.Net20|Any CPU.Build.0 = Network|Any CPU
		{1690E344-3BBC-4F04-9C72-1AD90DE19EDF}.Net20|Mixed Platforms.ActiveCfg = Release|Any CPU
		{1690E344-3BBC-4F04-9C72-1AD90DE19EDF}.Net20|Mixed Platforms.Build.0 = Release|Any CPU
		{1690E344-3BBC-4F04-9C72-1AD90DE19EDF}.Net20|x64.ActiveCfg = Network|x64
		{1690E344-3BBC-4F04-9C72-1AD90DE19EDF}.Net20|x64.Build.0 = Network|x64
		{1690E344-3BBC-4F04-9C72-1AD90DE19EDF}.Net20|x86.ActiveCfg = Release|Any CPU
		{1690E344-3BBC-4F04-9C72-1AD90DE19EDF}.Network|Any CPU.ActiveCfg = Network|Any CPU
		{1690E344-3BBC-4F04-9C72-1AD90DE19EDF}.Network|Any CPU.Build.0 = Network|Any CPU
		{1690E344-3BBC-4F04-9C72-1AD90DE19EDF}.Network|Mixed Platforms.ActiveCfg = Network|Any CPU
		{1690E344-3BBC-4F04-9C72-1AD90DE19EDF}.Network|Mixed Platforms.Build.0 = Network|Any CPU
		{1690E344-3BBC-4F04-9C72-1AD90DE19EDF}.Network|x64.ActiveCfg = Network|x64
		{1690E344-3BBC-4F04-9C72-1AD90DE19EDF}.Network|x64.Build.0 = Network|x64
		{1690E344-3BBC-4F04-9C72-1AD90DE19EDF}.Network|x86.ActiveCfg = Network|Any CPU
		{1690E344-3BBC-4F04-9C72-1AD90DE19EDF}.Profile|Any CPU.ActiveCfg = Editor|Any CPU
		{1690E344-3BBC-4F04-9C72-1AD90DE19EDF}.Profile|Any CPU.Build.0 = Editor|Any CPU
		{1690E344-3BBC-4F04-9C72-1AD90DE19EDF}.Profile|Mixed Platforms.ActiveCfg = Release|Any CPU
		{1690E344-3BBC-4F04-9C72-1AD90DE19EDF}.Profile|Mixed Platforms.Build.0 = Release|Any CPU
		{1690E344-3BBC-4F04-9C72-1AD90DE19EDF}.Profile|x64.ActiveCfg = Editor|x64
		{1690E344-3BBC-4F04-9C72-1AD90DE19EDF}.Profile|x64.Build.0 = Editor|x64
		{1690E344-3BBC-4F04-9C72-1AD90DE19EDF}.Profile|x86.ActiveCfg = Release|Any CPU
		{1690E344-3BBC-4F04-9C72-1AD90DE19EDF}.Release|Any CPU.ActiveCfg = Release|Any CPU
		{1690E344-3BBC-4F04-9C72-1AD90DE19EDF}.Release|Any CPU.Build.0 = Release|Any CPU
		{1690E344-3BBC-4F04-9C72-1AD90DE19EDF}.Release|Mixed Platforms.ActiveCfg = Release|Any CPU
		{1690E344-3BBC-4F04-9C72-1AD90DE19EDF}.Release|Mixed Platforms.Build.0 = Release|Any CPU
		{1690E344-3BBC-4F04-9C72-1AD90DE19EDF}.Release|x64.ActiveCfg = Release|x64
		{1690E344-3BBC-4F04-9C72-1AD90DE19EDF}.Release|x64.Build.0 = Release|x64
		{1690E344-3BBC-4F04-9C72-1AD90DE19EDF}.Release|x86.ActiveCfg = Release|Any CPU
		{1690E344-3BBC-4F04-9C72-1AD90DE19EDF}.Silverlight2|Any CPU.ActiveCfg = Editor|Any CPU
		{1690E344-3BBC-4F04-9C72-1AD90DE19EDF}.Silverlight2|Any CPU.Build.0 = Editor|Any CPU
		{1690E344-3BBC-4F04-9C72-1AD90DE19EDF}.Silverlight2|Mixed Platforms.ActiveCfg = Release|Any CPU
		{1690E344-3BBC-4F04-9C72-1AD90DE19EDF}.Silverlight2|Mixed Platforms.Build.0 = Release|Any CPU
		{1690E344-3BBC-4F04-9C72-1AD90DE19EDF}.Silverlight2|x64.ActiveCfg = Editor|x64
		{1690E344-3BBC-4F04-9C72-1AD90DE19EDF}.Silverlight2|x64.Build.0 = Editor|x64
		{1690E344-3BBC-4F04-9C72-1AD90DE19EDF}.Silverlight2|x86.ActiveCfg = Release|Any CPU
		{2587E0B9-0242-4142-882F-6D893EC45F89}.Debug|Any CPU.ActiveCfg = Debug|Any CPU
		{2587E0B9-0242-4142-882F-6D893EC45F89}.Debug|Any CPU.Build.0 = Debug|Any CPU
		{2587E0B9-0242-4142-882F-6D893EC45F89}.Debug|Mixed Platforms.ActiveCfg = Debug|Any CPU
		{2587E0B9-0242-4142-882F-6D893EC45F89}.Debug|Mixed Platforms.Build.0 = Debug|Any CPU
		{2587E0B9-0242-4142-882F-6D893EC45F89}.Debug|x64.ActiveCfg = Debug|x64
		{2587E0B9-0242-4142-882F-6D893EC45F89}.Debug|x86.ActiveCfg = Debug|Any CPU
		{2587E0B9-0242-4142-882F-6D893EC45F89}.Editor|Any CPU.ActiveCfg = Editor|Any CPU
		{2587E0B9-0242-4142-882F-6D893EC45F89}.Editor|Any CPU.Build.0 = Editor|Any CPU
		{2587E0B9-0242-4142-882F-6D893EC45F89}.Editor|Mixed Platforms.ActiveCfg = Editor|Any CPU
		{2587E0B9-0242-4142-882F-6D893EC45F89}.Editor|Mixed Platforms.Build.0 = Editor|Any CPU
		{2587E0B9-0242-4142-882F-6D893EC45F89}.Editor|x64.ActiveCfg = Editor|x64
		{2587E0B9-0242-4142-882F-6D893EC45F89}.Editor|x86.ActiveCfg = Editor|Any CPU
		{2587E0B9-0242-4142-882F-6D893EC45F89}.iOS|Any CPU.ActiveCfg = Editor|Any CPU
		{2587E0B9-0242-4142-882F-6D893EC45F89}.iOS|Any CPU.Build.0 = Editor|Any CPU
		{2587E0B9-0242-4142-882F-6D893EC45F89}.iOS|Mixed Platforms.ActiveCfg = Release|Any CPU
		{2587E0B9-0242-4142-882F-6D893EC45F89}.iOS|Mixed Platforms.Build.0 = Release|Any CPU
		{2587E0B9-0242-4142-882F-6D893EC45F89}.iOS|x64.ActiveCfg = Editor|x64
		{2587E0B9-0242-4142-882F-6D893EC45F89}.iOS|x64.Build.0 = Editor|x64
		{2587E0B9-0242-4142-882F-6D893EC45F89}.iOS|x86.ActiveCfg = Release|Any CPU
		{2587E0B9-0242-4142-882F-6D893EC45F89}.Net20|Any CPU.ActiveCfg = Editor|Any CPU
		{2587E0B9-0242-4142-882F-6D893EC45F89}.Net20|Any CPU.Build.0 = Editor|Any CPU
		{2587E0B9-0242-4142-882F-6D893EC45F89}.Net20|Mixed Platforms.ActiveCfg = Release|Any CPU
		{2587E0B9-0242-4142-882F-6D893EC45F89}.Net20|Mixed Platforms.Build.0 = Release|Any CPU
		{2587E0B9-0242-4142-882F-6D893EC45F89}.Net20|x64.ActiveCfg = Editor|x64
		{2587E0B9-0242-4142-882F-6D893EC45F89}.Net20|x64.Build.0 = Editor|x64
		{2587E0B9-0242-4142-882F-6D893EC45F89}.Net20|x86.ActiveCfg = Release|Any CPU
		{2587E0B9-0242-4142-882F-6D893EC45F89}.Network|Any CPU.ActiveCfg = Editor|Any CPU
		{2587E0B9-0242-4142-882F-6D893EC45F89}.Network|Any CPU.Build.0 = Editor|Any CPU
		{2587E0B9-0242-4142-882F-6D893EC45F89}.Network|Mixed Platforms.ActiveCfg = Release|Any CPU
		{2587E0B9-0242-4142-882F-6D893EC45F89}.Network|x64.ActiveCfg = Editor|x64
		{2587E0B9-0242-4142-882F-6D893EC45F89}.Network|x64.Build.0 = Editor|x64
		{2587E0B9-0242-4142-882F-6D893EC45F89}.Network|x86.ActiveCfg = Release|Any CPU
		{2587E0B9-0242-4142-882F-6D893EC45F89}.Profile|Any CPU.ActiveCfg = Editor|Any CPU
		{2587E0B9-0242-4142-882F-6D893EC45F89}.Profile|Any CPU.Build.0 = Editor|Any CPU
		{2587E0B9-0242-4142-882F-6D893EC45F89}.Profile|Mixed Platforms.ActiveCfg = Release|Any CPU
		{2587E0B9-0242-4142-882F-6D893EC45F89}.Profile|Mixed Platforms.Build.0 = Release|Any CPU
		{2587E0B9-0242-4142-882F-6D893EC45F89}.Profile|x64.ActiveCfg = Editor|x64
		{2587E0B9-0242-4142-882F-6D893EC45F89}.Profile|x64.Build.0 = Editor|x64
		{2587E0B9-0242-4142-882F-6D893EC45F89}.Profile|x86.ActiveCfg = Release|Any CPU
		{2587E0B9-0242-4142-882F-6D893EC45F89}.Release|Any CPU.ActiveCfg = Release|Any CPU
		{2587E0B9-0242-4142-882F-6D893EC45F89}.Release|Mixed Platforms.ActiveCfg = Release|Any CPU
		{2587E0B9-0242-4142-882F-6D893EC45F89}.Release|Mixed Platforms.Build.0 = Release|Any CPU
		{2587E0B9-0242-4142-882F-6D893EC45F89}.Release|x64.ActiveCfg = Release|x64
		{2587E0B9-0242-4142-882F-6D893EC45F89}.Release|x86.ActiveCfg = Release|Any CPU
		{2587E0B9-0242-4142-882F-6D893EC45F89}.Silverlight2|Any CPU.ActiveCfg = Editor|Any CPU
		{2587E0B9-0242-4142-882F-6D893EC45F89}.Silverlight2|Any CPU.Build.0 = Editor|Any CPU
		{2587E0B9-0242-4142-882F-6D893EC45F89}.Silverlight2|Mixed Platforms.ActiveCfg = Release|Any CPU
		{2587E0B9-0242-4142-882F-6D893EC45F89}.Silverlight2|Mixed Platforms.Build.0 = Release|Any CPU
		{2587E0B9-0242-4142-882F-6D893EC45F89}.Silverlight2|x64.ActiveCfg = Editor|x64
		{2587E0B9-0242-4142-882F-6D893EC45F89}.Silverlight2|x64.Build.0 = Editor|x64
		{2587E0B9-0242-4142-882F-6D893EC45F89}.Silverlight2|x86.ActiveCfg = Release|Any CPU
		{4746B339-5C00-4965-BEA9-43E9D79D4693}.Debug|Any CPU.ActiveCfg = Debug|Any CPU
		{4746B339-5C00-4965-BEA9-43E9D79D4693}.Debug|Any CPU.Build.0 = Debug|Any CPU
		{4746B339-5C00-4965-BEA9-43E9D79D4693}.Debug|Mixed Platforms.ActiveCfg = Debug|Any CPU
		{4746B339-5C00-4965-BEA9-43E9D79D4693}.Debug|Mixed Platforms.Build.0 = Debug|Any CPU
		{4746B339-5C00-4965-BEA9-43E9D79D4693}.Debug|x64.ActiveCfg = Debug|x64
		{4746B339-5C00-4965-BEA9-43E9D79D4693}.Debug|x64.Build.0 = Debug|x64
		{4746B339-5C00-4965-BEA9-43E9D79D4693}.Debug|x86.ActiveCfg = Debug|Any CPU
		{4746B339-5C00-4965-BEA9-43E9D79D4693}.Editor|Any CPU.ActiveCfg = Editor|Any CPU
		{4746B339-5C00-4965-BEA9-43E9D79D4693}.Editor|Any CPU.Build.0 = Editor|Any CPU
		{4746B339-5C00-4965-BEA9-43E9D79D4693}.Editor|Mixed Platforms.ActiveCfg = Editor|Any CPU
		{4746B339-5C00-4965-BEA9-43E9D79D4693}.Editor|x64.ActiveCfg = Editor|x64
		{4746B339-5C00-4965-BEA9-43E9D79D4693}.Editor|x64.Build.0 = Editor|x64
		{4746B339-5C00-4965-BEA9-43E9D79D4693}.Editor|x86.ActiveCfg = Editor|Any CPU
		{4746B339-5C00-4965-BEA9-43E9D79D4693}.iOS|Any CPU.ActiveCfg = Editor|Any CPU
		{4746B339-5C00-4965-BEA9-43E9D79D4693}.iOS|Any CPU.Build.0 = Editor|Any CPU
		{4746B339-5C00-4965-BEA9-43E9D79D4693}.iOS|Mixed Platforms.ActiveCfg = Release|Any CPU
		{4746B339-5C00-4965-BEA9-43E9D79D4693}.iOS|Mixed Platforms.Build.0 = Release|Any CPU
		{4746B339-5C00-4965-BEA9-43E9D79D4693}.iOS|x64.ActiveCfg = Editor|x64
		{4746B339-5C00-4965-BEA9-43E9D79D4693}.iOS|x64.Build.0 = Editor|x64
		{4746B339-5C00-4965-BEA9-43E9D79D4693}.iOS|x86.ActiveCfg = Release|Any CPU
		{4746B339-5C00-4965-BEA9-43E9D79D4693}.Net20|Any CPU.ActiveCfg = Network|Any CPU
		{4746B339-5C00-4965-BEA9-43E9D79D4693}.Net20|Any CPU.Build.0 = Network|Any CPU
		{4746B339-5C00-4965-BEA9-43E9D79D4693}.Net20|Mixed Platforms.ActiveCfg = Release|Any CPU
		{4746B339-5C00-4965-BEA9-43E9D79D4693}.Net20|Mixed Platforms.Build.0 = Release|Any CPU
		{4746B339-5C00-4965-BEA9-43E9D79D4693}.Net20|x64.ActiveCfg = Network|x64
		{4746B339-5C00-4965-BEA9-43E9D79D4693}.Net20|x64.Build.0 = Network|x64
		{4746B339-5C00-4965-BEA9-43E9D79D4693}.Net20|x86.ActiveCfg = Release|Any CPU
		{4746B339-5C00-4965-BEA9-43E9D79D4693}.Network|Any CPU.ActiveCfg = Network|Any CPU
		{4746B339-5C00-4965-BEA9-43E9D79D4693}.Network|Any CPU.Build.0 = Network|Any CPU
		{4746B339-5C00-4965-BEA9-43E9D79D4693}.Network|Mixed Platforms.ActiveCfg = Network|Any CPU
		{4746B339-5C00-4965-BEA9-43E9D79D4693}.Network|Mixed Platforms.Build.0 = Network|Any CPU
		{4746B339-5C00-4965-BEA9-43E9D79D4693}.Network|x64.ActiveCfg = Network|x64
		{4746B339-5C00-4965-BEA9-43E9D79D4693}.Network|x64.Build.0 = Network|x64
		{4746B339-5C00-4965-BEA9-43E9D79D4693}.Network|x86.ActiveCfg = Network|Any CPU
		{4746B339-5C00-4965-BEA9-43E9D79D4693}.Profile|Any CPU.ActiveCfg = Editor|Any CPU
		{4746B339-5C00-4965-BEA9-43E9D79D4693}.Profile|Any CPU.Build.0 = Editor|Any CPU
		{4746B339-5C00-4965-BEA9-43E9D79D4693}.Profile|Mixed Platforms.ActiveCfg = Release|Any CPU
		{4746B339-5C00-4965-BEA9-43E9D79D4693}.Profile|Mixed Platforms.Build.0 = Release|Any CPU
		{4746B339-5C00-4965-BEA9-43E9D79D4693}.Profile|x64.ActiveCfg = Editor|x64
		{4746B339-5C00-4965-BEA9-43E9D79D4693}.Profile|x64.Build.0 = Editor|x64
		{4746B339-5C00-4965-BEA9-43E9D79D4693}.Profile|x86.ActiveCfg = Release|Any CPU
		{4746B339-5C00-4965-BEA9-43E9D79D4693}.Release|Any CPU.ActiveCfg = Release|Any CPU
		{4746B339-5C00-4965-BEA9-43E9D79D4693}.Release|Any CPU.Build.0 = Release|Any CPU
		{4746B339-5C00-4965-BEA9-43E9D79D4693}.Release|Mixed Platforms.ActiveCfg = Release|Any CPU
		{4746B339-5C00-4965-BEA9-43E9D79D4693}.Release|Mixed Platforms.Build.0 = Release|Any CPU
		{4746B339-5C00-4965-BEA9-43E9D79D4693}.Release|x64.ActiveCfg = Release|x64
		{4746B339-5C00-4965-BEA9-43E9D79D4693}.Release|x64.Build.0 = Release|x64
		{4746B339-5C00-4965-BEA9-43E9D79D4693}.Release|x86.ActiveCfg = Release|Any CPU
		{4746B339-5C00-4965-BEA9-43E9D79D4693}.Silverlight2|Any CPU.ActiveCfg = Editor|Any CPU
		{4746B339-5C00-4965-BEA9-43E9D79D4693}.Silverlight2|Any CPU.Build.0 = Editor|Any CPU
		{4746B339-5C00-4965-BEA9-43E9D79D4693}.Silverlight2|Mixed Platforms.ActiveCfg = Release|Any CPU
		{4746B339-5C00-4965-BEA9-43E9D79D4693}.Silverlight2|Mixed Platforms.Build.0 = Release|Any CPU
		{4746B339-5C00-4965-BEA9-43E9D79D4693}.Silverlight2|x64.ActiveCfg = Editor|x64
		{4746B339-5C00-4965-BEA9-43E9D79D4693}.Silverlight2|x64.Build.0 = Editor|x64
		{4746B339-5C00-4965-BEA9-43E9D79D4693}.Silverlight2|x86.ActiveCfg = Release|Any CPU
		{418F2CBD-5DB3-47D4-BEE1-2C69AA6D1914}.Debug|Any CPU.ActiveCfg = Debug|Any CPU
		{418F2CBD-5DB3-47D4-BEE1-2C69AA6D1914}.Debug|Any CPU.Build.0 = Debug|Any CPU
		{418F2CBD-5DB3-47D4-BEE1-2C69AA6D1914}.Debug|Mixed Platforms.ActiveCfg = Debug|x86
		{418F2CBD-5DB3-47D4-BEE1-2C69AA6D1914}.Debug|Mixed Platforms.Build.0 = Debug|x86
		{418F2CBD-5DB3-47D4-BEE1-2C69AA6D1914}.Debug|x64.ActiveCfg = Debug|x64
		{418F2CBD-5DB3-47D4-BEE1-2C69AA6D1914}.Debug|x64.Build.0 = Debug|x64
		{418F2CBD-5DB3-47D4-BEE1-2C69AA6D1914}.Debug|x86.ActiveCfg = Debug|x86
		{418F2CBD-5DB3-47D4-BEE1-2C69AA6D1914}.Debug|x86.Build.0 = Debug|x86
		{418F2CBD-5DB3-47D4-BEE1-2C69AA6D1914}.Editor|Any CPU.ActiveCfg = Editor|Any CPU
		{418F2CBD-5DB3-47D4-BEE1-2C69AA6D1914}.Editor|Any CPU.Build.0 = Editor|Any CPU
		{418F2CBD-5DB3-47D4-BEE1-2C69AA6D1914}.Editor|Mixed Platforms.ActiveCfg = Editor|x86
		{418F2CBD-5DB3-47D4-BEE1-2C69AA6D1914}.Editor|x64.ActiveCfg = Editor|x64
		{418F2CBD-5DB3-47D4-BEE1-2C69AA6D1914}.Editor|x64.Build.0 = Editor|x64
		{418F2CBD-5DB3-47D4-BEE1-2C69AA6D1914}.Editor|x86.ActiveCfg = Editor|x86
		{418F2CBD-5DB3-47D4-BEE1-2C69AA6D1914}.Editor|x86.Build.0 = Editor|x86
		{418F2CBD-5DB3-47D4-BEE1-2C69AA6D1914}.iOS|Any CPU.ActiveCfg = Editor|Any CPU
		{418F2CBD-5DB3-47D4-BEE1-2C69AA6D1914}.iOS|Any CPU.Build.0 = Editor|Any CPU
		{418F2CBD-5DB3-47D4-BEE1-2C69AA6D1914}.iOS|Mixed Platforms.ActiveCfg = Network|x86
		{418F2CBD-5DB3-47D4-BEE1-2C69AA6D1914}.iOS|Mixed Platforms.Build.0 = Network|x86
		{418F2CBD-5DB3-47D4-BEE1-2C69AA6D1914}.iOS|x64.ActiveCfg = Editor|x64
		{418F2CBD-5DB3-47D4-BEE1-2C69AA6D1914}.iOS|x64.Build.0 = Editor|x64
		{418F2CBD-5DB3-47D4-BEE1-2C69AA6D1914}.iOS|x86.ActiveCfg = Network|x86
		{418F2CBD-5DB3-47D4-BEE1-2C69AA6D1914}.iOS|x86.Build.0 = Network|x86
		{418F2CBD-5DB3-47D4-BEE1-2C69AA6D1914}.Net20|Any CPU.ActiveCfg = Network|Any CPU
		{418F2CBD-5DB3-47D4-BEE1-2C69AA6D1914}.Net20|Any CPU.Build.0 = Network|Any CPU
		{418F2CBD-5DB3-47D4-BEE1-2C69AA6D1914}.Net20|Mixed Platforms.ActiveCfg = Network|x86
		{418F2CBD-5DB3-47D4-BEE1-2C69AA6D1914}.Net20|Mixed Platforms.Build.0 = Network|x86
		{418F2CBD-5DB3-47D4-BEE1-2C69AA6D1914}.Net20|x64.ActiveCfg = Network|x64
		{418F2CBD-5DB3-47D4-BEE1-2C69AA6D1914}.Net20|x64.Build.0 = Network|x64
		{418F2CBD-5DB3-47D4-BEE1-2C69AA6D1914}.Net20|x86.ActiveCfg = Network|x86
		{418F2CBD-5DB3-47D4-BEE1-2C69AA6D1914}.Net20|x86.Build.0 = Network|x86
		{418F2CBD-5DB3-47D4-BEE1-2C69AA6D1914}.Network|Any CPU.ActiveCfg = Network|Any CPU
		{418F2CBD-5DB3-47D4-BEE1-2C69AA6D1914}.Network|Any CPU.Build.0 = Network|Any CPU
		{418F2CBD-5DB3-47D4-BEE1-2C69AA6D1914}.Network|Mixed Platforms.ActiveCfg = Network|x86
		{418F2CBD-5DB3-47D4-BEE1-2C69AA6D1914}.Network|Mixed Platforms.Build.0 = Network|x86
		{418F2CBD-5DB3-47D4-BEE1-2C69AA6D1914}.Network|x64.ActiveCfg = Network|x64
		{418F2CBD-5DB3-47D4-BEE1-2C69AA6D1914}.Network|x64.Build.0 = Network|x64
		{418F2CBD-5DB3-47D4-BEE1-2C69AA6D1914}.Network|x86.ActiveCfg = Network|x86
		{418F2CBD-5DB3-47D4-BEE1-2C69AA6D1914}.Network|x86.Build.0 = Network|x86
		{418F2CBD-5DB3-47D4-BEE1-2C69AA6D1914}.Profile|Any CPU.ActiveCfg = Editor|Any CPU
		{418F2CBD-5DB3-47D4-BEE1-2C69AA6D1914}.Profile|Any CPU.Build.0 = Editor|Any CPU
		{418F2CBD-5DB3-47D4-BEE1-2C69AA6D1914}.Profile|Mixed Platforms.ActiveCfg = Network|x86
		{418F2CBD-5DB3-47D4-BEE1-2C69AA6D1914}.Profile|Mixed Platforms.Build.0 = Network|x86
		{418F2CBD-5DB3-47D4-BEE1-2C69AA6D1914}.Profile|x64.ActiveCfg = Editor|x64
		{418F2CBD-5DB3-47D4-BEE1-2C69AA6D1914}.Profile|x64.Build.0 = Editor|x64
		{418F2CBD-5DB3-47D4-BEE1-2C69AA6D1914}.Profile|x86.ActiveCfg = Network|x86
		{418F2CBD-5DB3-47D4-BEE1-2C69AA6D1914}.Profile|x86.Build.0 = Network|x86
		{418F2CBD-5DB3-47D4-BEE1-2C69AA6D1914}.Release|Any CPU.ActiveCfg = Release|Any CPU
		{418F2CBD-5DB3-47D4-BEE1-2C69AA6D1914}.Release|Any CPU.Build.0 = Release|Any CPU
		{418F2CBD-5DB3-47D4-BEE1-2C69AA6D1914}.Release|Mixed Platforms.ActiveCfg = Release|x86
		{418F2CBD-5DB3-47D4-BEE1-2C69AA6D1914}.Release|Mixed Platforms.Build.0 = Release|x86
		{418F2CBD-5DB3-47D4-BEE1-2C69AA6D1914}.Release|x64.ActiveCfg = Release|x64
		{418F2CBD-5DB3-47D4-BEE1-2C69AA6D1914}.Release|x64.Build.0 = Release|x64
		{418F2CBD-5DB3-47D4-BEE1-2C69AA6D1914}.Release|x86.ActiveCfg = Release|x86
		{418F2CBD-5DB3-47D4-BEE1-2C69AA6D1914}.Release|x86.Build.0 = Release|x86
		{418F2CBD-5DB3-47D4-BEE1-2C69AA6D1914}.Silverlight2|Any CPU.ActiveCfg = Editor|Any CPU
		{418F2CBD-5DB3-47D4-BEE1-2C69AA6D1914}.Silverlight2|Any CPU.Build.0 = Editor|Any CPU
		{418F2CBD-5DB3-47D4-BEE1-2C69AA6D1914}.Silverlight2|Mixed Platforms.ActiveCfg = Network|x86
		{418F2CBD-5DB3-47D4-BEE1-2C69AA6D1914}.Silverlight2|Mixed Platforms.Build.0 = Network|x86
		{418F2CBD-5DB3-47D4-BEE1-2C69AA6D1914}.Silverlight2|x64.ActiveCfg = Editor|x64
		{418F2CBD-5DB3-47D4-BEE1-2C69AA6D1914}.Silverlight2|x64.Build.0 = Editor|x64
		{418F2CBD-5DB3-47D4-BEE1-2C69AA6D1914}.Silverlight2|x86.ActiveCfg = Network|x86
		{418F2CBD-5DB3-47D4-BEE1-2C69AA6D1914}.Silverlight2|x86.Build.0 = Network|x86
		{0B2E9F70-7046-470A-8E5D-EBD47F030DDC}.Debug|Any CPU.ActiveCfg = Debug|Any CPU
		{0B2E9F70-7046-470A-8E5D-EBD47F030DDC}.Debug|Any CPU.Build.0 = Debug|Any CPU
		{0B2E9F70-7046-470A-8E5D-EBD47F030DDC}.Debug|Mixed Platforms.ActiveCfg = Debug|Any CPU
		{0B2E9F70-7046-470A-8E5D-EBD47F030DDC}.Debug|Mixed Platforms.Build.0 = Debug|Any CPU
		{0B2E9F70-7046-470A-8E5D-EBD47F030DDC}.Debug|x64.ActiveCfg = Debug|x64
		{0B2E9F70-7046-470A-8E5D-EBD47F030DDC}.Debug|x64.Build.0 = Debug|x64
		{0B2E9F70-7046-470A-8E5D-EBD47F030DDC}.Debug|x86.ActiveCfg = Debug|Any CPU
		{0B2E9F70-7046-470A-8E5D-EBD47F030DDC}.Editor|Any CPU.ActiveCfg = Editor|Any CPU
		{0B2E9F70-7046-470A-8E5D-EBD47F030DDC}.Editor|Any CPU.Build.0 = Editor|Any CPU
		{0B2E9F70-7046-470A-8E5D-EBD47F030DDC}.Editor|Mixed Platforms.ActiveCfg = Editor|Any CPU
		{0B2E9F70-7046-470A-8E5D-EBD47F030DDC}.Editor|x64.ActiveCfg = Editor|x64
		{0B2E9F70-7046-470A-8E5D-EBD47F030DDC}.Editor|x64.Build.0 = Editor|x64
		{0B2E9F70-7046-470A-8E5D-EBD47F030DDC}.Editor|x86.ActiveCfg = Editor|Any CPU
		{0B2E9F70-7046-470A-8E5D-EBD47F030DDC}.iOS|Any CPU.ActiveCfg = Editor|Any CPU
		{0B2E9F70-7046-470A-8E5D-EBD47F030DDC}.iOS|Any CPU.Build.0 = Editor|Any CPU
		{0B2E9F70-7046-470A-8E5D-EBD47F030DDC}.iOS|Mixed Platforms.ActiveCfg = Network|Any CPU
		{0B2E9F70-7046-470A-8E5D-EBD47F030DDC}.iOS|Mixed Platforms.Build.0 = Network|Any CPU
		{0B2E9F70-7046-470A-8E5D-EBD47F030DDC}.iOS|x64.ActiveCfg = Editor|x64
		{0B2E9F70-7046-470A-8E5D-EBD47F030DDC}.iOS|x64.Build.0 = Editor|x64
		{0B2E9F70-7046-470A-8E5D-EBD47F030DDC}.iOS|x86.ActiveCfg = Network|Any CPU
		{0B2E9F70-7046-470A-8E5D-EBD47F030DDC}.Net20|Any CPU.ActiveCfg = Network|Any CPU
		{0B2E9F70-7046-470A-8E5D-EBD47F030DDC}.Net20|Any CPU.Build.0 = Network|Any CPU
		{0B2E9F70-7046-470A-8E5D-EBD47F030DDC}.Net20|Mixed Platforms.ActiveCfg = Network|Any CPU
		{0B2E9F70-7046-470A-8E5D-EBD47F030DDC}.Net20|Mixed Platforms.Build.0 = Network|Any CPU
		{0B2E9F70-7046-470A-8E5D-EBD47F030DDC}.Net20|x64.ActiveCfg = Network|x64
		{0B2E9F70-7046-470A-8E5D-EBD47F030DDC}.Net20|x64.Build.0 = Network|x64
		{0B2E9F70-7046-470A-8E5D-EBD47F030DDC}.Net20|x86.ActiveCfg = Network|Any CPU
		{0B2E9F70-7046-470A-8E5D-EBD47F030DDC}.Network|Any CPU.ActiveCfg = Network|Any CPU
		{0B2E9F70-7046-470A-8E5D-EBD47F030DDC}.Network|Any CPU.Build.0 = Network|Any CPU
		{0B2E9F70-7046-470A-8E5D-EBD47F030DDC}.Network|Mixed Platforms.ActiveCfg = Network|Any CPU
		{0B2E9F70-7046-470A-8E5D-EBD47F030DDC}.Network|Mixed Platforms.Build.0 = Network|Any CPU
		{0B2E9F70-7046-470A-8E5D-EBD47F030DDC}.Network|x64.ActiveCfg = Network|x64
		{0B2E9F70-7046-470A-8E5D-EBD47F030DDC}.Network|x64.Build.0 = Network|x64
		{0B2E9F70-7046-470A-8E5D-EBD47F030DDC}.Network|x86.ActiveCfg = Network|Any CPU
		{0B2E9F70-7046-470A-8E5D-EBD47F030DDC}.Profile|Any CPU.ActiveCfg = Editor|Any CPU
		{0B2E9F70-7046-470A-8E5D-EBD47F030DDC}.Profile|Any CPU.Build.0 = Editor|Any CPU
		{0B2E9F70-7046-470A-8E5D-EBD47F030DDC}.Profile|Mixed Platforms.ActiveCfg = Network|Any CPU
		{0B2E9F70-7046-470A-8E5D-EBD47F030DDC}.Profile|Mixed Platforms.Build.0 = Network|Any CPU
		{0B2E9F70-7046-470A-8E5D-EBD47F030DDC}.Profile|x64.ActiveCfg = Editor|x64
		{0B2E9F70-7046-470A-8E5D-EBD47F030DDC}.Profile|x64.Build.0 = Editor|x64
		{0B2E9F70-7046-470A-8E5D-EBD47F030DDC}.Profile|x86.ActiveCfg = Network|Any CPU
		{0B2E9F70-7046-470A-8E5D-EBD47F030DDC}.Release|Any CPU.ActiveCfg = Release|Any CPU
		{0B2E9F70-7046-470A-8E5D-EBD47F030DDC}.Release|Any CPU.Build.0 = Release|Any CPU
		{0B2E9F70-7046-470A-8E5D-EBD47F030DDC}.Release|Mixed Platforms.ActiveCfg = Release|Any CPU
		{0B2E9F70-7046-470A-8E5D-EBD47F030DDC}.Release|Mixed Platforms.Build.0 = Release|Any CPU
		{0B2E9F70-7046-470A-8E5D-EBD47F030DDC}.Release|x64.ActiveCfg = Release|x64
		{0B2E9F70-7046-470A-8E5D-EBD47F030DDC}.Release|x64.Build.0 = Release|x64
		{0B2E9F70-7046-470A-8E5D-EBD47F030DDC}.Release|x86.ActiveCfg = Release|Any CPU
		{0B2E9F70-7046-470A-8E5D-EBD47F030DDC}.Silverlight2|Any CPU.ActiveCfg = Editor|Any CPU
		{0B2E9F70-7046-470A-8E5D-EBD47F030DDC}.Silverlight2|Any CPU.Build.0 = Editor|Any CPU
		{0B2E9F70-7046-470A-8E5D-EBD47F030DDC}.Silverlight2|Mixed Platforms.ActiveCfg = Network|Any CPU
		{0B2E9F70-7046-470A-8E5D-EBD47F030DDC}.Silverlight2|Mixed Platforms.Build.0 = Network|Any CPU
		{0B2E9F70-7046-470A-8E5D-EBD47F030DDC}.Silverlight2|x64.ActiveCfg = Editor|x64
		{0B2E9F70-7046-470A-8E5D-EBD47F030DDC}.Silverlight2|x64.Build.0 = Editor|x64
		{0B2E9F70-7046-470A-8E5D-EBD47F030DDC}.Silverlight2|x86.ActiveCfg = Network|Any CPU
		{DC89987D-5817-4F1D-95CA-80C024C8D6BB}.Debug|Any CPU.ActiveCfg = Debug|Any CPU
		{DC89987D-5817-4F1D-95CA-80C024C8D6BB}.Debug|Any CPU.Build.0 = Debug|Any CPU
		{DC89987D-5817-4F1D-95CA-80C024C8D6BB}.Debug|Mixed Platforms.ActiveCfg = Debug|Any CPU
		{DC89987D-5817-4F1D-95CA-80C024C8D6BB}.Debug|Mixed Platforms.Build.0 = Debug|Any CPU
		{DC89987D-5817-4F1D-95CA-80C024C8D6BB}.Debug|x64.ActiveCfg = Debug|x64
		{DC89987D-5817-4F1D-95CA-80C024C8D6BB}.Debug|x64.Build.0 = Debug|x64
		{DC89987D-5817-4F1D-95CA-80C024C8D6BB}.Debug|x86.ActiveCfg = Debug|Any CPU
		{DC89987D-5817-4F1D-95CA-80C024C8D6BB}.Editor|Any CPU.ActiveCfg = Editor|Any CPU
		{DC89987D-5817-4F1D-95CA-80C024C8D6BB}.Editor|Any CPU.Build.0 = Editor|Any CPU
		{DC89987D-5817-4F1D-95CA-80C024C8D6BB}.Editor|Mixed Platforms.ActiveCfg = Editor|Any CPU
		{DC89987D-5817-4F1D-95CA-80C024C8D6BB}.Editor|Mixed Platforms.Build.0 = Editor|Any CPU
		{DC89987D-5817-4F1D-95CA-80C024C8D6BB}.Editor|x64.ActiveCfg = Editor|x64
		{DC89987D-5817-4F1D-95CA-80C024C8D6BB}.Editor|x64.Build.0 = Editor|x64
		{DC89987D-5817-4F1D-95CA-80C024C8D6BB}.Editor|x86.ActiveCfg = Editor|Any CPU
		{DC89987D-5817-4F1D-95CA-80C024C8D6BB}.iOS|Any CPU.ActiveCfg = Editor|Any CPU
		{DC89987D-5817-4F1D-95CA-80C024C8D6BB}.iOS|Any CPU.Build.0 = Editor|Any CPU
		{DC89987D-5817-4F1D-95CA-80C024C8D6BB}.iOS|Mixed Platforms.ActiveCfg = Network|Any CPU
		{DC89987D-5817-4F1D-95CA-80C024C8D6BB}.iOS|Mixed Platforms.Build.0 = Network|Any CPU
		{DC89987D-5817-4F1D-95CA-80C024C8D6BB}.iOS|x64.ActiveCfg = Editor|x64
		{DC89987D-5817-4F1D-95CA-80C024C8D6BB}.iOS|x64.Build.0 = Editor|x64
		{DC89987D-5817-4F1D-95CA-80C024C8D6BB}.iOS|x86.ActiveCfg = Network|Any CPU
		{DC89987D-5817-4F1D-95CA-80C024C8D6BB}.Net20|Any CPU.ActiveCfg = Network|Any CPU
		{DC89987D-5817-4F1D-95CA-80C024C8D6BB}.Net20|Any CPU.Build.0 = Network|Any CPU
		{DC89987D-5817-4F1D-95CA-80C024C8D6BB}.Net20|Mixed Platforms.ActiveCfg = Network|Any CPU
		{DC89987D-5817-4F1D-95CA-80C024C8D6BB}.Net20|Mixed Platforms.Build.0 = Network|Any CPU
		{DC89987D-5817-4F1D-95CA-80C024C8D6BB}.Net20|x64.ActiveCfg = Network|x64
		{DC89987D-5817-4F1D-95CA-80C024C8D6BB}.Net20|x64.Build.0 = Network|x64
		{DC89987D-5817-4F1D-95CA-80C024C8D6BB}.Net20|x86.ActiveCfg = Network|Any CPU
		{DC89987D-5817-4F1D-95CA-80C024C8D6BB}.Network|Any CPU.ActiveCfg = Network|Any CPU
		{DC89987D-5817-4F1D-95CA-80C024C8D6BB}.Network|Any CPU.Build.0 = Network|Any CPU
		{DC89987D-5817-4F1D-95CA-80C024C8D6BB}.Network|Mixed Platforms.ActiveCfg = Network|Any CPU
		{DC89987D-5817-4F1D-95CA-80C024C8D6BB}.Network|Mixed Platforms.Build.0 = Network|Any CPU
		{DC89987D-5817-4F1D-95CA-80C024C8D6BB}.Network|x64.ActiveCfg = Network|x64
		{DC89987D-5817-4F1D-95CA-80C024C8D6BB}.Network|x64.Build.0 = Network|x64
		{DC89987D-5817-4F1D-95CA-80C024C8D6BB}.Network|x86.ActiveCfg = Network|Any CPU
		{DC89987D-5817-4F1D-95CA-80C024C8D6BB}.Profile|Any CPU.ActiveCfg = Editor|Any CPU
		{DC89987D-5817-4F1D-95CA-80C024C8D6BB}.Profile|Any CPU.Build.0 = Editor|Any CPU
		{DC89987D-5817-4F1D-95CA-80C024C8D6BB}.Profile|Mixed Platforms.ActiveCfg = Network|Any CPU
		{DC89987D-5817-4F1D-95CA-80C024C8D6BB}.Profile|Mixed Platforms.Build.0 = Network|Any CPU
		{DC89987D-5817-4F1D-95CA-80C024C8D6BB}.Profile|x64.ActiveCfg = Editor|x64
		{DC89987D-5817-4F1D-95CA-80C024C8D6BB}.Profile|x64.Build.0 = Editor|x64
		{DC89987D-5817-4F1D-95CA-80C024C8D6BB}.Profile|x86.ActiveCfg = Network|Any CPU
		{DC89987D-5817-4F1D-95CA-80C024C8D6BB}.Release|Any CPU.ActiveCfg = Release|Any CPU
		{DC89987D-5817-4F1D-95CA-80C024C8D6BB}.Release|Any CPU.Build.0 = Release|Any CPU
		{DC89987D-5817-4F1D-95CA-80C024C8D6BB}.Release|Mixed Platforms.ActiveCfg = Release|Any CPU
		{DC89987D-5817-4F1D-95CA-80C024C8D6BB}.Release|Mixed Platforms.Build.0 = Release|Any CPU
		{DC89987D-5817-4F1D-95CA-80C024C8D6BB}.Release|x64.ActiveCfg = Release|x64
		{DC89987D-5817-4F1D-95CA-80C024C8D6BB}.Release|x64.Build.0 = Release|x64
		{DC89987D-5817-4F1D-95CA-80C024C8D6BB}.Release|x86.ActiveCfg = Release|Any CPU
		{DC89987D-5817-4F1D-95CA-80C024C8D6BB}.Silverlight2|Any CPU.ActiveCfg = Editor|Any CPU
		{DC89987D-5817-4F1D-95CA-80C024C8D6BB}.Silverlight2|Any CPU.Build.0 = Editor|Any CPU
		{DC89987D-5817-4F1D-95CA-80C024C8D6BB}.Silverlight2|Mixed Platforms.ActiveCfg = Network|Any CPU
		{DC89987D-5817-4F1D-95CA-80C024C8D6BB}.Silverlight2|Mixed Platforms.Build.0 = Network|Any CPU
		{DC89987D-5817-4F1D-95CA-80C024C8D6BB}.Silverlight2|x64.ActiveCfg = Editor|x64
		{DC89987D-5817-4F1D-95CA-80C024C8D6BB}.Silverlight2|x64.Build.0 = Editor|x64
		{DC89987D-5817-4F1D-95CA-80C024C8D6BB}.Silverlight2|x86.ActiveCfg = Network|Any CPU
		{5778ED3F-48BA-46F3-AA71-801FB00865CC}.Debug|Any CPU.ActiveCfg = Debug|Any CPU
		{5778ED3F-48BA-46F3-AA71-801FB00865CC}.Debug|Any CPU.Build.0 = Debug|Any CPU
		{5778ED3F-48BA-46F3-AA71-801FB00865CC}.Debug|Mixed Platforms.ActiveCfg = Debug|Any CPU
		{5778ED3F-48BA-46F3-AA71-801FB00865CC}.Debug|Mixed Platforms.Build.0 = Debug|Any CPU
		{5778ED3F-48BA-46F3-AA71-801FB00865CC}.Debug|x64.ActiveCfg = Debug|x64
		{5778ED3F-48BA-46F3-AA71-801FB00865CC}.Debug|x64.Build.0 = Debug|x64
		{5778ED3F-48BA-46F3-AA71-801FB00865CC}.Debug|x86.ActiveCfg = Debug|Any CPU
		{5778ED3F-48BA-46F3-AA71-801FB00865CC}.Editor|Any CPU.ActiveCfg = Editor|Any CPU
		{5778ED3F-48BA-46F3-AA71-801FB00865CC}.Editor|Any CPU.Build.0 = Editor|Any CPU
		{5778ED3F-48BA-46F3-AA71-801FB00865CC}.Editor|Mixed Platforms.ActiveCfg = Editor|Any CPU
		{5778ED3F-48BA-46F3-AA71-801FB00865CC}.Editor|x64.ActiveCfg = Editor|x64
		{5778ED3F-48BA-46F3-AA71-801FB00865CC}.Editor|x64.Build.0 = Editor|x64
		{5778ED3F-48BA-46F3-AA71-801FB00865CC}.Editor|x86.ActiveCfg = Editor|Any CPU
		{5778ED3F-48BA-46F3-AA71-801FB00865CC}.iOS|Any CPU.ActiveCfg = Editor|Any CPU
		{5778ED3F-48BA-46F3-AA71-801FB00865CC}.iOS|Any CPU.Build.0 = Editor|Any CPU
		{5778ED3F-48BA-46F3-AA71-801FB00865CC}.iOS|Mixed Platforms.ActiveCfg = Network|Any CPU
		{5778ED3F-48BA-46F3-AA71-801FB00865CC}.iOS|Mixed Platforms.Build.0 = Network|Any CPU
		{5778ED3F-48BA-46F3-AA71-801FB00865CC}.iOS|x64.ActiveCfg = Editor|x64
		{5778ED3F-48BA-46F3-AA71-801FB00865CC}.iOS|x64.Build.0 = Editor|x64
		{5778ED3F-48BA-46F3-AA71-801FB00865CC}.iOS|x86.ActiveCfg = Network|Any CPU
		{5778ED3F-48BA-46F3-AA71-801FB00865CC}.Net20|Any CPU.ActiveCfg = Network|Any CPU
		{5778ED3F-48BA-46F3-AA71-801FB00865CC}.Net20|Any CPU.Build.0 = Network|Any CPU
		{5778ED3F-48BA-46F3-AA71-801FB00865CC}.Net20|Mixed Platforms.ActiveCfg = Network|Any CPU
		{5778ED3F-48BA-46F3-AA71-801FB00865CC}.Net20|Mixed Platforms.Build.0 = Network|Any CPU
		{5778ED3F-48BA-46F3-AA71-801FB00865CC}.Net20|x64.ActiveCfg = Network|x64
		{5778ED3F-48BA-46F3-AA71-801FB00865CC}.Net20|x64.Build.0 = Network|x64
		{5778ED3F-48BA-46F3-AA71-801FB00865CC}.Net20|x86.ActiveCfg = Network|Any CPU
		{5778ED3F-48BA-46F3-AA71-801FB00865CC}.Network|Any CPU.ActiveCfg = Network|Any CPU
		{5778ED3F-48BA-46F3-AA71-801FB00865CC}.Network|Any CPU.Build.0 = Network|Any CPU
		{5778ED3F-48BA-46F3-AA71-801FB00865CC}.Network|Mixed Platforms.ActiveCfg = Network|Any CPU
		{5778ED3F-48BA-46F3-AA71-801FB00865CC}.Network|Mixed Platforms.Build.0 = Network|Any CPU
		{5778ED3F-48BA-46F3-AA71-801FB00865CC}.Network|x64.ActiveCfg = Network|x64
		{5778ED3F-48BA-46F3-AA71-801FB00865CC}.Network|x64.Build.0 = Network|x64
		{5778ED3F-48BA-46F3-AA71-801FB00865CC}.Network|x86.ActiveCfg = Network|Any CPU
		{5778ED3F-48BA-46F3-AA71-801FB00865CC}.Profile|Any CPU.ActiveCfg = Editor|Any CPU
		{5778ED3F-48BA-46F3-AA71-801FB00865CC}.Profile|Any CPU.Build.0 = Editor|Any CPU
		{5778ED3F-48BA-46F3-AA71-801FB00865CC}.Profile|Mixed Platforms.ActiveCfg = Network|Any CPU
		{5778ED3F-48BA-46F3-AA71-801FB00865CC}.Profile|Mixed Platforms.Build.0 = Network|Any CPU
		{5778ED3F-48BA-46F3-AA71-801FB00865CC}.Profile|x64.ActiveCfg = Editor|x64
		{5778ED3F-48BA-46F3-AA71-801FB00865CC}.Profile|x64.Build.0 = Editor|x64
		{5778ED3F-48BA-46F3-AA71-801FB00865CC}.Profile|x86.ActiveCfg = Network|Any CPU
		{5778ED3F-48BA-46F3-AA71-801FB00865CC}.Release|Any CPU.ActiveCfg = Release|Any CPU
		{5778ED3F-48BA-46F3-AA71-801FB00865CC}.Release|Any CPU.Build.0 = Release|Any CPU
		{5778ED3F-48BA-46F3-AA71-801FB00865CC}.Release|Mixed Platforms.ActiveCfg = Release|Any CPU
		{5778ED3F-48BA-46F3-AA71-801FB00865CC}.Release|Mixed Platforms.Build.0 = Release|Any CPU
		{5778ED3F-48BA-46F3-AA71-801FB00865CC}.Release|x64.ActiveCfg = Release|x64
		{5778ED3F-48BA-46F3-AA71-801FB00865CC}.Release|x64.Build.0 = Release|x64
		{5778ED3F-48BA-46F3-AA71-801FB00865CC}.Release|x86.ActiveCfg = Release|Any CPU
		{5778ED3F-48BA-46F3-AA71-801FB00865CC}.Silverlight2|Any CPU.ActiveCfg = Editor|Any CPU
		{5778ED3F-48BA-46F3-AA71-801FB00865CC}.Silverlight2|Any CPU.Build.0 = Editor|Any CPU
		{5778ED3F-48BA-46F3-AA71-801FB00865CC}.Silverlight2|Mixed Platforms.ActiveCfg = Network|Any CPU
		{5778ED3F-48BA-46F3-AA71-801FB00865CC}.Silverlight2|Mixed Platforms.Build.0 = Network|Any CPU
		{5778ED3F-48BA-46F3-AA71-801FB00865CC}.Silverlight2|x64.ActiveCfg = Editor|x64
		{5778ED3F-48BA-46F3-AA71-801FB00865CC}.Silverlight2|x64.Build.0 = Editor|x64
		{5778ED3F-48BA-46F3-AA71-801FB00865CC}.Silverlight2|x86.ActiveCfg = Network|Any CPU
		{D2FA8685-B964-498D-A34F-D191BE2CBA6B}.Debug|Any CPU.ActiveCfg = Debug|Any CPU
		{D2FA8685-B964-498D-A34F-D191BE2CBA6B}.Debug|Any CPU.Build.0 = Debug|Any CPU
		{D2FA8685-B964-498D-A34F-D191BE2CBA6B}.Debug|Mixed Platforms.ActiveCfg = Debug|Any CPU
		{D2FA8685-B964-498D-A34F-D191BE2CBA6B}.Debug|x64.ActiveCfg = Debug|x64
		{D2FA8685-B964-498D-A34F-D191BE2CBA6B}.Debug|x64.Build.0 = Debug|x64
		{D2FA8685-B964-498D-A34F-D191BE2CBA6B}.Debug|x86.ActiveCfg = Debug|Any CPU
		{D2FA8685-B964-498D-A34F-D191BE2CBA6B}.Editor|Any CPU.ActiveCfg = Editor|Any CPU
		{D2FA8685-B964-498D-A34F-D191BE2CBA6B}.Editor|Any CPU.Build.0 = Editor|Any CPU
		{D2FA8685-B964-498D-A34F-D191BE2CBA6B}.Editor|Mixed Platforms.ActiveCfg = Editor|Any CPU
		{D2FA8685-B964-498D-A34F-D191BE2CBA6B}.Editor|x64.ActiveCfg = Editor|x64
		{D2FA8685-B964-498D-A34F-D191BE2CBA6B}.Editor|x64.Build.0 = Editor|x64
		{D2FA8685-B964-498D-A34F-D191BE2CBA6B}.Editor|x86.ActiveCfg = Editor|Any CPU
		{D2FA8685-B964-498D-A34F-D191BE2CBA6B}.iOS|Any CPU.ActiveCfg = Editor|Any CPU
		{D2FA8685-B964-498D-A34F-D191BE2CBA6B}.iOS|Any CPU.Build.0 = Editor|Any CPU
		{D2FA8685-B964-498D-A34F-D191BE2CBA6B}.iOS|Mixed Platforms.ActiveCfg = Network|Any CPU
		{D2FA8685-B964-498D-A34F-D191BE2CBA6B}.iOS|Mixed Platforms.Build.0 = Network|Any CPU
		{D2FA8685-B964-498D-A34F-D191BE2CBA6B}.iOS|x64.ActiveCfg = Editor|x64
		{D2FA8685-B964-498D-A34F-D191BE2CBA6B}.iOS|x64.Build.0 = Editor|x64
		{D2FA8685-B964-498D-A34F-D191BE2CBA6B}.iOS|x86.ActiveCfg = Network|Any CPU
		{D2FA8685-B964-498D-A34F-D191BE2CBA6B}.Net20|Any CPU.ActiveCfg = Network|Any CPU
		{D2FA8685-B964-498D-A34F-D191BE2CBA6B}.Net20|Any CPU.Build.0 = Network|Any CPU
		{D2FA8685-B964-498D-A34F-D191BE2CBA6B}.Net20|Mixed Platforms.ActiveCfg = Network|Any CPU
		{D2FA8685-B964-498D-A34F-D191BE2CBA6B}.Net20|Mixed Platforms.Build.0 = Network|Any CPU
		{D2FA8685-B964-498D-A34F-D191BE2CBA6B}.Net20|x64.ActiveCfg = Network|x64
		{D2FA8685-B964-498D-A34F-D191BE2CBA6B}.Net20|x64.Build.0 = Network|x64
		{D2FA8685-B964-498D-A34F-D191BE2CBA6B}.Net20|x86.ActiveCfg = Network|Any CPU
		{D2FA8685-B964-498D-A34F-D191BE2CBA6B}.Network|Any CPU.ActiveCfg = Network|Any CPU
		{D2FA8685-B964-498D-A34F-D191BE2CBA6B}.Network|Any CPU.Build.0 = Network|Any CPU
		{D2FA8685-B964-498D-A34F-D191BE2CBA6B}.Network|Mixed Platforms.ActiveCfg = Network|Any CPU
		{D2FA8685-B964-498D-A34F-D191BE2CBA6B}.Network|Mixed Platforms.Build.0 = Network|Any CPU
		{D2FA8685-B964-498D-A34F-D191BE2CBA6B}.Network|x64.ActiveCfg = Network|x64
		{D2FA8685-B964-498D-A34F-D191BE2CBA6B}.Network|x64.Build.0 = Network|x64
		{D2FA8685-B964-498D-A34F-D191BE2CBA6B}.Network|x86.ActiveCfg = Network|Any CPU
		{D2FA8685-B964-498D-A34F-D191BE2CBA6B}.Profile|Any CPU.ActiveCfg = Editor|Any CPU
		{D2FA8685-B964-498D-A34F-D191BE2CBA6B}.Profile|Any CPU.Build.0 = Editor|Any CPU
		{D2FA8685-B964-498D-A34F-D191BE2CBA6B}.Profile|Mixed Platforms.ActiveCfg = Network|Any CPU
		{D2FA8685-B964-498D-A34F-D191BE2CBA6B}.Profile|Mixed Platforms.Build.0 = Network|Any CPU
		{D2FA8685-B964-498D-A34F-D191BE2CBA6B}.Profile|x64.ActiveCfg = Editor|x64
		{D2FA8685-B964-498D-A34F-D191BE2CBA6B}.Profile|x64.Build.0 = Editor|x64
		{D2FA8685-B964-498D-A34F-D191BE2CBA6B}.Profile|x86.ActiveCfg = Network|Any CPU
		{D2FA8685-B964-498D-A34F-D191BE2CBA6B}.Release|Any CPU.ActiveCfg = Release|Any CPU
		{D2FA8685-B964-498D-A34F-D191BE2CBA6B}.Release|Any CPU.Build.0 = Release|Any CPU
		{D2FA8685-B964-498D-A34F-D191BE2CBA6B}.Release|Mixed Platforms.ActiveCfg = Release|Any CPU
		{D2FA8685-B964-498D-A34F-D191BE2CBA6B}.Release|Mixed Platforms.Build.0 = Release|Any CPU
		{D2FA8685-B964-498D-A34F-D191BE2CBA6B}.Release|x64.ActiveCfg = Release|x64
		{D2FA8685-B964-498D-A34F-D191BE2CBA6B}.Release|x64.Build.0 = Release|x64
		{D2FA8685-B964-498D-A34F-D191BE2CBA6B}.Release|x86.ActiveCfg = Release|Any CPU
		{D2FA8685-B964-498D-A34F-D191BE2CBA6B}.Silverlight2|Any CPU.ActiveCfg = Editor|Any CPU
		{D2FA8685-B964-498D-A34F-D191BE2CBA6B}.Silverlight2|Any CPU.Build.0 = Editor|Any CPU
		{D2FA8685-B964-498D-A34F-D191BE2CBA6B}.Silverlight2|Mixed Platforms.ActiveCfg = Network|Any CPU
		{D2FA8685-B964-498D-A34F-D191BE2CBA6B}.Silverlight2|Mixed Platforms.Build.0 = Network|Any CPU
		{D2FA8685-B964-498D-A34F-D191BE2CBA6B}.Silverlight2|x64.ActiveCfg = Editor|x64
		{D2FA8685-B964-498D-A34F-D191BE2CBA6B}.Silverlight2|x64.Build.0 = Editor|x64
		{D2FA8685-B964-498D-A34F-D191BE2CBA6B}.Silverlight2|x86.ActiveCfg = Network|Any CPU
		{73DA95FC-147C-40E6-9D23-8C13ACA4A737}.Debug|Any CPU.ActiveCfg = Debug|Any CPU
		{73DA95FC-147C-40E6-9D23-8C13ACA4A737}.Debug|Any CPU.Build.0 = Debug|Any CPU
		{73DA95FC-147C-40E6-9D23-8C13ACA4A737}.Debug|Mixed Platforms.ActiveCfg = Debug|Any CPU
		{73DA95FC-147C-40E6-9D23-8C13ACA4A737}.Debug|Mixed Platforms.Build.0 = Debug|Any CPU
		{73DA95FC-147C-40E6-9D23-8C13ACA4A737}.Debug|x64.ActiveCfg = Debug|Any CPU
		{73DA95FC-147C-40E6-9D23-8C13ACA4A737}.Debug|x86.ActiveCfg = Debug|Any CPU
		{73DA95FC-147C-40E6-9D23-8C13ACA4A737}.Editor|Any CPU.ActiveCfg = Release|Any CPU
		{73DA95FC-147C-40E6-9D23-8C13ACA4A737}.Editor|Any CPU.Build.0 = Release|Any CPU
		{73DA95FC-147C-40E6-9D23-8C13ACA4A737}.Editor|Mixed Platforms.ActiveCfg = Release|Any CPU
		{73DA95FC-147C-40E6-9D23-8C13ACA4A737}.Editor|x64.ActiveCfg = Release|Any CPU
		{73DA95FC-147C-40E6-9D23-8C13ACA4A737}.Editor|x86.ActiveCfg = Release|Any CPU
		{73DA95FC-147C-40E6-9D23-8C13ACA4A737}.iOS|Any CPU.ActiveCfg = Release|Any CPU
		{73DA95FC-147C-40E6-9D23-8C13ACA4A737}.iOS|Any CPU.Build.0 = Release|Any CPU
		{73DA95FC-147C-40E6-9D23-8C13ACA4A737}.iOS|Mixed Platforms.ActiveCfg = Release|Any CPU
		{73DA95FC-147C-40E6-9D23-8C13ACA4A737}.iOS|Mixed Platforms.Build.0 = Release|Any CPU
		{73DA95FC-147C-40E6-9D23-8C13ACA4A737}.iOS|x64.ActiveCfg = Release|Any CPU
		{73DA95FC-147C-40E6-9D23-8C13ACA4A737}.iOS|x86.ActiveCfg = Release|Any CPU
		{73DA95FC-147C-40E6-9D23-8C13ACA4A737}.Net20|Any CPU.ActiveCfg = Release|Any CPU
		{73DA95FC-147C-40E6-9D23-8C13ACA4A737}.Net20|Any CPU.Build.0 = Release|Any CPU
		{73DA95FC-147C-40E6-9D23-8C13ACA4A737}.Net20|Mixed Platforms.ActiveCfg = Release|Any CPU
		{73DA95FC-147C-40E6-9D23-8C13ACA4A737}.Net20|Mixed Platforms.Build.0 = Release|Any CPU
		{73DA95FC-147C-40E6-9D23-8C13ACA4A737}.Net20|x64.ActiveCfg = Release|Any CPU
		{73DA95FC-147C-40E6-9D23-8C13ACA4A737}.Net20|x86.ActiveCfg = Release|Any CPU
		{73DA95FC-147C-40E6-9D23-8C13ACA4A737}.Network|Any CPU.ActiveCfg = Release|Any CPU
		{73DA95FC-147C-40E6-9D23-8C13ACA4A737}.Network|Any CPU.Build.0 = Release|Any CPU
		{73DA95FC-147C-40E6-9D23-8C13ACA4A737}.Network|Mixed Platforms.ActiveCfg = Release|Any CPU
		{73DA95FC-147C-40E6-9D23-8C13ACA4A737}.Network|Mixed Platforms.Build.0 = Release|Any CPU
		{73DA95FC-147C-40E6-9D23-8C13ACA4A737}.Network|x64.ActiveCfg = Release|Any CPU
		{73DA95FC-147C-40E6-9D23-8C13ACA4A737}.Network|x86.ActiveCfg = Release|Any CPU
		{73DA95FC-147C-40E6-9D23-8C13ACA4A737}.Profile|Any CPU.ActiveCfg = Release|Any CPU
		{73DA95FC-147C-40E6-9D23-8C13ACA4A737}.Profile|Any CPU.Build.0 = Release|Any CPU
		{73DA95FC-147C-40E6-9D23-8C13ACA4A737}.Profile|Mixed Platforms.ActiveCfg = Release|Any CPU
		{73DA95FC-147C-40E6-9D23-8C13ACA4A737}.Profile|Mixed Platforms.Build.0 = Release|Any CPU
		{73DA95FC-147C-40E6-9D23-8C13ACA4A737}.Profile|x64.ActiveCfg = Release|Any CPU
		{73DA95FC-147C-40E6-9D23-8C13ACA4A737}.Profile|x86.ActiveCfg = Release|Any CPU
		{73DA95FC-147C-40E6-9D23-8C13ACA4A737}.Release|Any CPU.ActiveCfg = Release|Any CPU
		{73DA95FC-147C-40E6-9D23-8C13ACA4A737}.Release|Any CPU.Build.0 = Release|Any CPU
		{73DA95FC-147C-40E6-9D23-8C13ACA4A737}.Release|Mixed Platforms.ActiveCfg = Release|Any CPU
		{73DA95FC-147C-40E6-9D23-8C13ACA4A737}.Release|Mixed Platforms.Build.0 = Release|Any CPU
		{73DA95FC-147C-40E6-9D23-8C13ACA4A737}.Release|x64.ActiveCfg = Release|Any CPU
		{73DA95FC-147C-40E6-9D23-8C13ACA4A737}.Release|x86.ActiveCfg = Release|Any CPU
		{73DA95FC-147C-40E6-9D23-8C13ACA4A737}.Silverlight2|Any CPU.ActiveCfg = Release|Any CPU
		{73DA95FC-147C-40E6-9D23-8C13ACA4A737}.Silverlight2|Any CPU.Build.0 = Release|Any CPU
		{73DA95FC-147C-40E6-9D23-8C13ACA4A737}.Silverlight2|Mixed Platforms.ActiveCfg = Release|Any CPU
		{73DA95FC-147C-40E6-9D23-8C13ACA4A737}.Silverlight2|Mixed Platforms.Build.0 = Release|Any CPU
		{73DA95FC-147C-40E6-9D23-8C13ACA4A737}.Silverlight2|x64.ActiveCfg = Release|Any CPU
		{73DA95FC-147C-40E6-9D23-8C13ACA4A737}.Silverlight2|x86.ActiveCfg = Release|Any CPU
		{BF150B0D-572C-42E3-A881-B5CBDAB436FE}.Debug|Any CPU.ActiveCfg = Debug|Any CPU
		{BF150B0D-572C-42E3-A881-B5CBDAB436FE}.Debug|Any CPU.Build.0 = Debug|Any CPU
		{BF150B0D-572C-42E3-A881-B5CBDAB436FE}.Debug|Mixed Platforms.ActiveCfg = Debug|Any CPU
		{BF150B0D-572C-42E3-A881-B5CBDAB436FE}.Debug|Mixed Platforms.Build.0 = Debug|Any CPU
		{BF150B0D-572C-42E3-A881-B5CBDAB436FE}.Debug|x64.ActiveCfg = Debug|Any CPU
		{BF150B0D-572C-42E3-A881-B5CBDAB436FE}.Debug|x86.ActiveCfg = Debug|Any CPU
		{BF150B0D-572C-42E3-A881-B5CBDAB436FE}.Editor|Any CPU.ActiveCfg = Release|Any CPU
		{BF150B0D-572C-42E3-A881-B5CBDAB436FE}.Editor|Any CPU.Build.0 = Release|Any CPU
		{BF150B0D-572C-42E3-A881-B5CBDAB436FE}.Editor|Mixed Platforms.ActiveCfg = Release|Any CPU
		{BF150B0D-572C-42E3-A881-B5CBDAB436FE}.Editor|Mixed Platforms.Build.0 = Release|Any CPU
		{BF150B0D-572C-42E3-A881-B5CBDAB436FE}.Editor|x64.ActiveCfg = Release|Any CPU
		{BF150B0D-572C-42E3-A881-B5CBDAB436FE}.Editor|x86.ActiveCfg = Release|Any CPU
		{BF150B0D-572C-42E3-A881-B5CBDAB436FE}.iOS|Any CPU.ActiveCfg = Release|Any CPU
		{BF150B0D-572C-42E3-A881-B5CBDAB436FE}.iOS|Any CPU.Build.0 = Release|Any CPU
		{BF150B0D-572C-42E3-A881-B5CBDAB436FE}.iOS|Mixed Platforms.ActiveCfg = Release|Any CPU
		{BF150B0D-572C-42E3-A881-B5CBDAB436FE}.iOS|Mixed Platforms.Build.0 = Release|Any CPU
		{BF150B0D-572C-42E3-A881-B5CBDAB436FE}.iOS|x64.ActiveCfg = Release|Any CPU
		{BF150B0D-572C-42E3-A881-B5CBDAB436FE}.iOS|x86.ActiveCfg = Release|Any CPU
		{BF150B0D-572C-42E3-A881-B5CBDAB436FE}.Net20|Any CPU.ActiveCfg = Release|Any CPU
		{BF150B0D-572C-42E3-A881-B5CBDAB436FE}.Net20|Any CPU.Build.0 = Release|Any CPU
		{BF150B0D-572C-42E3-A881-B5CBDAB436FE}.Net20|Mixed Platforms.ActiveCfg = Release|Any CPU
		{BF150B0D-572C-42E3-A881-B5CBDAB436FE}.Net20|Mixed Platforms.Build.0 = Release|Any CPU
		{BF150B0D-572C-42E3-A881-B5CBDAB436FE}.Net20|x64.ActiveCfg = Release|Any CPU
		{BF150B0D-572C-42E3-A881-B5CBDAB436FE}.Net20|x86.ActiveCfg = Release|Any CPU
		{BF150B0D-572C-42E3-A881-B5CBDAB436FE}.Network|Any CPU.ActiveCfg = Release|Any CPU
		{BF150B0D-572C-42E3-A881-B5CBDAB436FE}.Network|Any CPU.Build.0 = Release|Any CPU
		{BF150B0D-572C-42E3-A881-B5CBDAB436FE}.Network|Mixed Platforms.ActiveCfg = Release|Any CPU
		{BF150B0D-572C-42E3-A881-B5CBDAB436FE}.Network|Mixed Platforms.Build.0 = Release|Any CPU
		{BF150B0D-572C-42E3-A881-B5CBDAB436FE}.Network|x64.ActiveCfg = Release|Any CPU
		{BF150B0D-572C-42E3-A881-B5CBDAB436FE}.Network|x86.ActiveCfg = Release|Any CPU
		{BF150B0D-572C-42E3-A881-B5CBDAB436FE}.Profile|Any CPU.ActiveCfg = Release|Any CPU
		{BF150B0D-572C-42E3-A881-B5CBDAB436FE}.Profile|Any CPU.Build.0 = Release|Any CPU
		{BF150B0D-572C-42E3-A881-B5CBDAB436FE}.Profile|Mixed Platforms.ActiveCfg = Release|Any CPU
		{BF150B0D-572C-42E3-A881-B5CBDAB436FE}.Profile|Mixed Platforms.Build.0 = Release|Any CPU
		{BF150B0D-572C-42E3-A881-B5CBDAB436FE}.Profile|x64.ActiveCfg = Release|Any CPU
		{BF150B0D-572C-42E3-A881-B5CBDAB436FE}.Profile|x86.ActiveCfg = Release|Any CPU
		{BF150B0D-572C-42E3-A881-B5CBDAB436FE}.Release|Any CPU.ActiveCfg = Release|Any CPU
		{BF150B0D-572C-42E3-A881-B5CBDAB436FE}.Release|Any CPU.Build.0 = Release|Any CPU
		{BF150B0D-572C-42E3-A881-B5CBDAB436FE}.Release|Mixed Platforms.ActiveCfg = Release|Any CPU
		{BF150B0D-572C-42E3-A881-B5CBDAB436FE}.Release|Mixed Platforms.Build.0 = Release|Any CPU
		{BF150B0D-572C-42E3-A881-B5CBDAB436FE}.Release|x64.ActiveCfg = Release|Any CPU
		{BF150B0D-572C-42E3-A881-B5CBDAB436FE}.Release|x86.ActiveCfg = Release|Any CPU
		{BF150B0D-572C-42E3-A881-B5CBDAB436FE}.Silverlight2|Any CPU.ActiveCfg = Release|Any CPU
		{BF150B0D-572C-42E3-A881-B5CBDAB436FE}.Silverlight2|Any CPU.Build.0 = Release|Any CPU
		{BF150B0D-572C-42E3-A881-B5CBDAB436FE}.Silverlight2|Mixed Platforms.ActiveCfg = Release|Any CPU
		{BF150B0D-572C-42E3-A881-B5CBDAB436FE}.Silverlight2|Mixed Platforms.Build.0 = Release|Any CPU
		{BF150B0D-572C-42E3-A881-B5CBDAB436FE}.Silverlight2|x64.ActiveCfg = Release|Any CPU
		{BF150B0D-572C-42E3-A881-B5CBDAB436FE}.Silverlight2|x86.ActiveCfg = Release|Any CPU
		{42DBEA0C-86E4-4CAD-81A7-E1893B041717}.Debug|Any CPU.ActiveCfg = Debug|Any CPU
		{42DBEA0C-86E4-4CAD-81A7-E1893B041717}.Debug|Any CPU.Build.0 = Debug|Any CPU
		{42DBEA0C-86E4-4CAD-81A7-E1893B041717}.Debug|Mixed Platforms.ActiveCfg = Debug|Any CPU
		{42DBEA0C-86E4-4CAD-81A7-E1893B041717}.Debug|Mixed Platforms.Build.0 = Debug|Any CPU
		{42DBEA0C-86E4-4CAD-81A7-E1893B041717}.Debug|x64.ActiveCfg = Debug|Any CPU
		{42DBEA0C-86E4-4CAD-81A7-E1893B041717}.Debug|x64.Build.0 = Debug|Any CPU
		{42DBEA0C-86E4-4CAD-81A7-E1893B041717}.Debug|x86.ActiveCfg = Debug|Any CPU
		{42DBEA0C-86E4-4CAD-81A7-E1893B041717}.Debug|x86.Build.0 = Debug|Any CPU
		{42DBEA0C-86E4-4CAD-81A7-E1893B041717}.Editor|Any CPU.ActiveCfg = Release|Any CPU
		{42DBEA0C-86E4-4CAD-81A7-E1893B041717}.Editor|Any CPU.Build.0 = Release|Any CPU
		{42DBEA0C-86E4-4CAD-81A7-E1893B041717}.Editor|Mixed Platforms.ActiveCfg = Release|Any CPU
		{42DBEA0C-86E4-4CAD-81A7-E1893B041717}.Editor|Mixed Platforms.Build.0 = Release|Any CPU
		{42DBEA0C-86E4-4CAD-81A7-E1893B041717}.Editor|x64.ActiveCfg = Release|Any CPU
		{42DBEA0C-86E4-4CAD-81A7-E1893B041717}.Editor|x64.Build.0 = Release|Any CPU
		{42DBEA0C-86E4-4CAD-81A7-E1893B041717}.Editor|x86.ActiveCfg = Release|Any CPU
		{42DBEA0C-86E4-4CAD-81A7-E1893B041717}.Editor|x86.Build.0 = Release|Any CPU
		{42DBEA0C-86E4-4CAD-81A7-E1893B041717}.iOS|Any CPU.ActiveCfg = Release|Any CPU
		{42DBEA0C-86E4-4CAD-81A7-E1893B041717}.iOS|Any CPU.Build.0 = Release|Any CPU
		{42DBEA0C-86E4-4CAD-81A7-E1893B041717}.iOS|Mixed Platforms.ActiveCfg = Release|Any CPU
		{42DBEA0C-86E4-4CAD-81A7-E1893B041717}.iOS|Mixed Platforms.Build.0 = Release|Any CPU
		{42DBEA0C-86E4-4CAD-81A7-E1893B041717}.iOS|x64.ActiveCfg = Release|Any CPU
		{42DBEA0C-86E4-4CAD-81A7-E1893B041717}.iOS|x64.Build.0 = Release|Any CPU
		{42DBEA0C-86E4-4CAD-81A7-E1893B041717}.iOS|x86.ActiveCfg = Release|Any CPU
		{42DBEA0C-86E4-4CAD-81A7-E1893B041717}.iOS|x86.Build.0 = Release|Any CPU
		{42DBEA0C-86E4-4CAD-81A7-E1893B041717}.Net20|Any CPU.ActiveCfg = Release|Any CPU
		{42DBEA0C-86E4-4CAD-81A7-E1893B041717}.Net20|Any CPU.Build.0 = Release|Any CPU
		{42DBEA0C-86E4-4CAD-81A7-E1893B041717}.Net20|Mixed Platforms.ActiveCfg = Release|Any CPU
		{42DBEA0C-86E4-4CAD-81A7-E1893B041717}.Net20|Mixed Platforms.Build.0 = Release|Any CPU
		{42DBEA0C-86E4-4CAD-81A7-E1893B041717}.Net20|x64.ActiveCfg = Release|Any CPU
		{42DBEA0C-86E4-4CAD-81A7-E1893B041717}.Net20|x64.Build.0 = Release|Any CPU
		{42DBEA0C-86E4-4CAD-81A7-E1893B041717}.Net20|x86.ActiveCfg = Release|Any CPU
		{42DBEA0C-86E4-4CAD-81A7-E1893B041717}.Net20|x86.Build.0 = Release|Any CPU
		{42DBEA0C-86E4-4CAD-81A7-E1893B041717}.Network|Any CPU.ActiveCfg = Release|Any CPU
		{42DBEA0C-86E4-4CAD-81A7-E1893B041717}.Network|Any CPU.Build.0 = Release|Any CPU
		{42DBEA0C-86E4-4CAD-81A7-E1893B041717}.Network|Mixed Platforms.ActiveCfg = Release|Any CPU
		{42DBEA0C-86E4-4CAD-81A7-E1893B041717}.Network|Mixed Platforms.Build.0 = Release|Any CPU
		{42DBEA0C-86E4-4CAD-81A7-E1893B041717}.Network|x64.ActiveCfg = Release|Any CPU
		{42DBEA0C-86E4-4CAD-81A7-E1893B041717}.Network|x64.Build.0 = Release|Any CPU
		{42DBEA0C-86E4-4CAD-81A7-E1893B041717}.Network|x86.ActiveCfg = Release|Any CPU
		{42DBEA0C-86E4-4CAD-81A7-E1893B041717}.Network|x86.Build.0 = Release|Any CPU
		{42DBEA0C-86E4-4CAD-81A7-E1893B041717}.Profile|Any CPU.ActiveCfg = Release|Any CPU
		{42DBEA0C-86E4-4CAD-81A7-E1893B041717}.Profile|Any CPU.Build.0 = Release|Any CPU
		{42DBEA0C-86E4-4CAD-81A7-E1893B041717}.Profile|Mixed Platforms.ActiveCfg = Release|Any CPU
		{42DBEA0C-86E4-4CAD-81A7-E1893B041717}.Profile|Mixed Platforms.Build.0 = Release|Any CPU
		{42DBEA0C-86E4-4CAD-81A7-E1893B041717}.Profile|x64.ActiveCfg = Release|Any CPU
		{42DBEA0C-86E4-4CAD-81A7-E1893B041717}.Profile|x64.Build.0 = Release|Any CPU
		{42DBEA0C-86E4-4CAD-81A7-E1893B041717}.Profile|x86.ActiveCfg = Release|Any CPU
		{42DBEA0C-86E4-4CAD-81A7-E1893B041717}.Profile|x86.Build.0 = Release|Any CPU
		{42DBEA0C-86E4-4CAD-81A7-E1893B041717}.Release|Any CPU.ActiveCfg = Release|Any CPU
		{42DBEA0C-86E4-4CAD-81A7-E1893B041717}.Release|Any CPU.Build.0 = Release|Any CPU
		{42DBEA0C-86E4-4CAD-81A7-E1893B041717}.Release|Mixed Platforms.ActiveCfg = Release|Any CPU
		{42DBEA0C-86E4-4CAD-81A7-E1893B041717}.Release|Mixed Platforms.Build.0 = Release|Any CPU
		{42DBEA0C-86E4-4CAD-81A7-E1893B041717}.Release|x64.ActiveCfg = Release|Any CPU
		{42DBEA0C-86E4-4CAD-81A7-E1893B041717}.Release|x64.Build.0 = Release|Any CPU
		{42DBEA0C-86E4-4CAD-81A7-E1893B041717}.Release|x86.ActiveCfg = Release|Any CPU
		{42DBEA0C-86E4-4CAD-81A7-E1893B041717}.Release|x86.Build.0 = Release|Any CPU
		{42DBEA0C-86E4-4CAD-81A7-E1893B041717}.Silverlight2|Any CPU.ActiveCfg = Release|Any CPU
		{42DBEA0C-86E4-4CAD-81A7-E1893B041717}.Silverlight2|Any CPU.Build.0 = Release|Any CPU
		{42DBEA0C-86E4-4CAD-81A7-E1893B041717}.Silverlight2|Mixed Platforms.ActiveCfg = Release|Any CPU
		{42DBEA0C-86E4-4CAD-81A7-E1893B041717}.Silverlight2|Mixed Platforms.Build.0 = Release|Any CPU
		{42DBEA0C-86E4-4CAD-81A7-E1893B041717}.Silverlight2|x64.ActiveCfg = Release|Any CPU
		{42DBEA0C-86E4-4CAD-81A7-E1893B041717}.Silverlight2|x64.Build.0 = Release|Any CPU
		{42DBEA0C-86E4-4CAD-81A7-E1893B041717}.Silverlight2|x86.ActiveCfg = Release|Any CPU
		{42DBEA0C-86E4-4CAD-81A7-E1893B041717}.Silverlight2|x86.Build.0 = Release|Any CPU
		{A6C88306-63DC-4E60-95BB-112E3BC202F5}.Debug|Any CPU.ActiveCfg = Debug|Any CPU
		{A6C88306-63DC-4E60-95BB-112E3BC202F5}.Debug|Any CPU.Build.0 = Debug|Any CPU
		{A6C88306-63DC-4E60-95BB-112E3BC202F5}.Debug|Mixed Platforms.ActiveCfg = Debug|Any CPU
		{A6C88306-63DC-4E60-95BB-112E3BC202F5}.Debug|Mixed Platforms.Build.0 = Debug|Any CPU
		{A6C88306-63DC-4E60-95BB-112E3BC202F5}.Debug|x64.ActiveCfg = Debug|Any CPU
		{A6C88306-63DC-4E60-95BB-112E3BC202F5}.Debug|x64.Build.0 = Debug|Any CPU
		{A6C88306-63DC-4E60-95BB-112E3BC202F5}.Debug|x86.ActiveCfg = Debug|Any CPU
		{A6C88306-63DC-4E60-95BB-112E3BC202F5}.Debug|x86.Build.0 = Debug|Any CPU
		{A6C88306-63DC-4E60-95BB-112E3BC202F5}.Editor|Any CPU.ActiveCfg = Release|Any CPU
		{A6C88306-63DC-4E60-95BB-112E3BC202F5}.Editor|Any CPU.Build.0 = Release|Any CPU
		{A6C88306-63DC-4E60-95BB-112E3BC202F5}.Editor|Mixed Platforms.ActiveCfg = Release|Any CPU
		{A6C88306-63DC-4E60-95BB-112E3BC202F5}.Editor|Mixed Platforms.Build.0 = Release|Any CPU
		{A6C88306-63DC-4E60-95BB-112E3BC202F5}.Editor|x64.ActiveCfg = Release|Any CPU
		{A6C88306-63DC-4E60-95BB-112E3BC202F5}.Editor|x64.Build.0 = Release|Any CPU
		{A6C88306-63DC-4E60-95BB-112E3BC202F5}.Editor|x86.ActiveCfg = Release|Any CPU
		{A6C88306-63DC-4E60-95BB-112E3BC202F5}.Editor|x86.Build.0 = Release|Any CPU
		{A6C88306-63DC-4E60-95BB-112E3BC202F5}.iOS|Any CPU.ActiveCfg = Release|Any CPU
		{A6C88306-63DC-4E60-95BB-112E3BC202F5}.iOS|Any CPU.Build.0 = Release|Any CPU
		{A6C88306-63DC-4E60-95BB-112E3BC202F5}.iOS|Mixed Platforms.ActiveCfg = Release|Any CPU
		{A6C88306-63DC-4E60-95BB-112E3BC202F5}.iOS|Mixed Platforms.Build.0 = Release|Any CPU
		{A6C88306-63DC-4E60-95BB-112E3BC202F5}.iOS|x64.ActiveCfg = Release|Any CPU
		{A6C88306-63DC-4E60-95BB-112E3BC202F5}.iOS|x64.Build.0 = Release|Any CPU
		{A6C88306-63DC-4E60-95BB-112E3BC202F5}.iOS|x86.ActiveCfg = Release|Any CPU
		{A6C88306-63DC-4E60-95BB-112E3BC202F5}.iOS|x86.Build.0 = Release|Any CPU
		{A6C88306-63DC-4E60-95BB-112E3BC202F5}.Net20|Any CPU.ActiveCfg = Release|Any CPU
		{A6C88306-63DC-4E60-95BB-112E3BC202F5}.Net20|Any CPU.Build.0 = Release|Any CPU
		{A6C88306-63DC-4E60-95BB-112E3BC202F5}.Net20|Mixed Platforms.ActiveCfg = Release|Any CPU
		{A6C88306-63DC-4E60-95BB-112E3BC202F5}.Net20|Mixed Platforms.Build.0 = Release|Any CPU
		{A6C88306-63DC-4E60-95BB-112E3BC202F5}.Net20|x64.ActiveCfg = Release|Any CPU
		{A6C88306-63DC-4E60-95BB-112E3BC202F5}.Net20|x64.Build.0 = Release|Any CPU
		{A6C88306-63DC-4E60-95BB-112E3BC202F5}.Net20|x86.ActiveCfg = Release|Any CPU
		{A6C88306-63DC-4E60-95BB-112E3BC202F5}.Net20|x86.Build.0 = Release|Any CPU
		{A6C88306-63DC-4E60-95BB-112E3BC202F5}.Network|Any CPU.ActiveCfg = Release|Any CPU
		{A6C88306-63DC-4E60-95BB-112E3BC202F5}.Network|Any CPU.Build.0 = Release|Any CPU
		{A6C88306-63DC-4E60-95BB-112E3BC202F5}.Network|Mixed Platforms.ActiveCfg = Release|Any CPU
		{A6C88306-63DC-4E60-95BB-112E3BC202F5}.Network|Mixed Platforms.Build.0 = Release|Any CPU
		{A6C88306-63DC-4E60-95BB-112E3BC202F5}.Network|x64.ActiveCfg = Release|Any CPU
		{A6C88306-63DC-4E60-95BB-112E3BC202F5}.Network|x64.Build.0 = Release|Any CPU
		{A6C88306-63DC-4E60-95BB-112E3BC202F5}.Network|x86.ActiveCfg = Release|Any CPU
		{A6C88306-63DC-4E60-95BB-112E3BC202F5}.Network|x86.Build.0 = Release|Any CPU
		{A6C88306-63DC-4E60-95BB-112E3BC202F5}.Profile|Any CPU.ActiveCfg = Release|Any CPU
		{A6C88306-63DC-4E60-95BB-112E3BC202F5}.Profile|Any CPU.Build.0 = Release|Any CPU
		{A6C88306-63DC-4E60-95BB-112E3BC202F5}.Profile|Mixed Platforms.ActiveCfg = Release|Any CPU
		{A6C88306-63DC-4E60-95BB-112E3BC202F5}.Profile|Mixed Platforms.Build.0 = Release|Any CPU
		{A6C88306-63DC-4E60-95BB-112E3BC202F5}.Profile|x64.ActiveCfg = Release|Any CPU
		{A6C88306-63DC-4E60-95BB-112E3BC202F5}.Profile|x64.Build.0 = Release|Any CPU
		{A6C88306-63DC-4E60-95BB-112E3BC202F5}.Profile|x86.ActiveCfg = Release|Any CPU
		{A6C88306-63DC-4E60-95BB-112E3BC202F5}.Profile|x86.Build.0 = Release|Any CPU
		{A6C88306-63DC-4E60-95BB-112E3BC202F5}.Release|Any CPU.ActiveCfg = Release|Any CPU
		{A6C88306-63DC-4E60-95BB-112E3BC202F5}.Release|Any CPU.Build.0 = Release|Any CPU
		{A6C88306-63DC-4E60-95BB-112E3BC202F5}.Release|Mixed Platforms.ActiveCfg = Release|Any CPU
		{A6C88306-63DC-4E60-95BB-112E3BC202F5}.Release|Mixed Platforms.Build.0 = Release|Any CPU
		{A6C88306-63DC-4E60-95BB-112E3BC202F5}.Release|x64.ActiveCfg = Release|Any CPU
		{A6C88306-63DC-4E60-95BB-112E3BC202F5}.Release|x64.Build.0 = Release|Any CPU
		{A6C88306-63DC-4E60-95BB-112E3BC202F5}.Release|x86.ActiveCfg = Release|Any CPU
		{A6C88306-63DC-4E60-95BB-112E3BC202F5}.Release|x86.Build.0 = Release|Any CPU
		{A6C88306-63DC-4E60-95BB-112E3BC202F5}.Silverlight2|Any CPU.ActiveCfg = Release|Any CPU
		{A6C88306-63DC-4E60-95BB-112E3BC202F5}.Silverlight2|Any CPU.Build.0 = Release|Any CPU
		{A6C88306-63DC-4E60-95BB-112E3BC202F5}.Silverlight2|Mixed Platforms.ActiveCfg = Release|Any CPU
		{A6C88306-63DC-4E60-95BB-112E3BC202F5}.Silverlight2|Mixed Platforms.Build.0 = Release|Any CPU
		{A6C88306-63DC-4E60-95BB-112E3BC202F5}.Silverlight2|x64.ActiveCfg = Release|Any CPU
		{A6C88306-63DC-4E60-95BB-112E3BC202F5}.Silverlight2|x64.Build.0 = Release|Any CPU
		{A6C88306-63DC-4E60-95BB-112E3BC202F5}.Silverlight2|x86.ActiveCfg = Release|Any CPU
		{A6C88306-63DC-4E60-95BB-112E3BC202F5}.Silverlight2|x86.Build.0 = Release|Any CPU
		{41BE9DD9-644C-4A90-8D47-667B4323DF7A}.Debug|Any CPU.ActiveCfg = Debug|Any CPU
		{41BE9DD9-644C-4A90-8D47-667B4323DF7A}.Debug|Any CPU.Build.0 = Debug|Any CPU
		{41BE9DD9-644C-4A90-8D47-667B4323DF7A}.Debug|Any CPU.Deploy.0 = Debug|Any CPU
		{41BE9DD9-644C-4A90-8D47-667B4323DF7A}.Debug|Mixed Platforms.ActiveCfg = Debug|Any CPU
		{41BE9DD9-644C-4A90-8D47-667B4323DF7A}.Debug|Mixed Platforms.Build.0 = Debug|Any CPU
		{41BE9DD9-644C-4A90-8D47-667B4323DF7A}.Debug|x64.ActiveCfg = Debug|Any CPU
		{41BE9DD9-644C-4A90-8D47-667B4323DF7A}.Debug|x64.Build.0 = Debug|Any CPU
		{41BE9DD9-644C-4A90-8D47-667B4323DF7A}.Debug|x86.ActiveCfg = Debug|Any CPU
		{41BE9DD9-644C-4A90-8D47-667B4323DF7A}.Debug|x86.Build.0 = Debug|Any CPU
		{41BE9DD9-644C-4A90-8D47-667B4323DF7A}.Editor|Any CPU.ActiveCfg = Release|Any CPU
		{41BE9DD9-644C-4A90-8D47-667B4323DF7A}.Editor|Any CPU.Build.0 = Release|Any CPU
		{41BE9DD9-644C-4A90-8D47-667B4323DF7A}.Editor|Mixed Platforms.ActiveCfg = Release|Any CPU
		{41BE9DD9-644C-4A90-8D47-667B4323DF7A}.Editor|Mixed Platforms.Build.0 = Release|Any CPU
		{41BE9DD9-644C-4A90-8D47-667B4323DF7A}.Editor|x64.ActiveCfg = Release|Any CPU
		{41BE9DD9-644C-4A90-8D47-667B4323DF7A}.Editor|x64.Build.0 = Release|Any CPU
		{41BE9DD9-644C-4A90-8D47-667B4323DF7A}.Editor|x86.ActiveCfg = Release|Any CPU
		{41BE9DD9-644C-4A90-8D47-667B4323DF7A}.Editor|x86.Build.0 = Release|Any CPU
		{41BE9DD9-644C-4A90-8D47-667B4323DF7A}.iOS|Any CPU.ActiveCfg = Release|Any CPU
		{41BE9DD9-644C-4A90-8D47-667B4323DF7A}.iOS|Any CPU.Build.0 = Release|Any CPU
		{41BE9DD9-644C-4A90-8D47-667B4323DF7A}.iOS|Mixed Platforms.ActiveCfg = Release|Any CPU
		{41BE9DD9-644C-4A90-8D47-667B4323DF7A}.iOS|Mixed Platforms.Build.0 = Release|Any CPU
		{41BE9DD9-644C-4A90-8D47-667B4323DF7A}.iOS|x64.ActiveCfg = Release|Any CPU
		{41BE9DD9-644C-4A90-8D47-667B4323DF7A}.iOS|x64.Build.0 = Release|Any CPU
		{41BE9DD9-644C-4A90-8D47-667B4323DF7A}.iOS|x86.ActiveCfg = Release|Any CPU
		{41BE9DD9-644C-4A90-8D47-667B4323DF7A}.iOS|x86.Build.0 = Release|Any CPU
		{41BE9DD9-644C-4A90-8D47-667B4323DF7A}.Net20|Any CPU.ActiveCfg = Release|Any CPU
		{41BE9DD9-644C-4A90-8D47-667B4323DF7A}.Net20|Any CPU.Build.0 = Release|Any CPU
		{41BE9DD9-644C-4A90-8D47-667B4323DF7A}.Net20|Mixed Platforms.ActiveCfg = Release|Any CPU
		{41BE9DD9-644C-4A90-8D47-667B4323DF7A}.Net20|Mixed Platforms.Build.0 = Release|Any CPU
		{41BE9DD9-644C-4A90-8D47-667B4323DF7A}.Net20|x64.ActiveCfg = Release|Any CPU
		{41BE9DD9-644C-4A90-8D47-667B4323DF7A}.Net20|x64.Build.0 = Release|Any CPU
		{41BE9DD9-644C-4A90-8D47-667B4323DF7A}.Net20|x86.ActiveCfg = Release|Any CPU
		{41BE9DD9-644C-4A90-8D47-667B4323DF7A}.Net20|x86.Build.0 = Release|Any CPU
		{41BE9DD9-644C-4A90-8D47-667B4323DF7A}.Network|Any CPU.ActiveCfg = Release|Any CPU
		{41BE9DD9-644C-4A90-8D47-667B4323DF7A}.Network|Any CPU.Build.0 = Release|Any CPU
		{41BE9DD9-644C-4A90-8D47-667B4323DF7A}.Network|Mixed Platforms.ActiveCfg = Release|Any CPU
		{41BE9DD9-644C-4A90-8D47-667B4323DF7A}.Network|Mixed Platforms.Build.0 = Release|Any CPU
		{41BE9DD9-644C-4A90-8D47-667B4323DF7A}.Network|x64.ActiveCfg = Release|Any CPU
		{41BE9DD9-644C-4A90-8D47-667B4323DF7A}.Network|x64.Build.0 = Release|Any CPU
		{41BE9DD9-644C-4A90-8D47-667B4323DF7A}.Network|x86.ActiveCfg = Release|Any CPU
		{41BE9DD9-644C-4A90-8D47-667B4323DF7A}.Network|x86.Build.0 = Release|Any CPU
		{41BE9DD9-644C-4A90-8D47-667B4323DF7A}.Profile|Any CPU.ActiveCfg = Release|Any CPU
		{41BE9DD9-644C-4A90-8D47-667B4323DF7A}.Profile|Any CPU.Build.0 = Release|Any CPU
		{41BE9DD9-644C-4A90-8D47-667B4323DF7A}.Profile|Mixed Platforms.ActiveCfg = Release|Any CPU
		{41BE9DD9-644C-4A90-8D47-667B4323DF7A}.Profile|Mixed Platforms.Build.0 = Release|Any CPU
		{41BE9DD9-644C-4A90-8D47-667B4323DF7A}.Profile|x64.ActiveCfg = Release|Any CPU
		{41BE9DD9-644C-4A90-8D47-667B4323DF7A}.Profile|x64.Build.0 = Release|Any CPU
		{41BE9DD9-644C-4A90-8D47-667B4323DF7A}.Profile|x86.ActiveCfg = Release|Any CPU
		{41BE9DD9-644C-4A90-8D47-667B4323DF7A}.Profile|x86.Build.0 = Release|Any CPU
		{41BE9DD9-644C-4A90-8D47-667B4323DF7A}.Release|Any CPU.ActiveCfg = Release|Any CPU
		{41BE9DD9-644C-4A90-8D47-667B4323DF7A}.Release|Any CPU.Build.0 = Release|Any CPU
		{41BE9DD9-644C-4A90-8D47-667B4323DF7A}.Release|Mixed Platforms.ActiveCfg = Release|Any CPU
		{41BE9DD9-644C-4A90-8D47-667B4323DF7A}.Release|Mixed Platforms.Build.0 = Release|Any CPU
		{41BE9DD9-644C-4A90-8D47-667B4323DF7A}.Release|x64.ActiveCfg = Release|Any CPU
		{41BE9DD9-644C-4A90-8D47-667B4323DF7A}.Release|x64.Build.0 = Release|Any CPU
		{41BE9DD9-644C-4A90-8D47-667B4323DF7A}.Release|x86.ActiveCfg = Release|Any CPU
		{41BE9DD9-644C-4A90-8D47-667B4323DF7A}.Release|x86.Build.0 = Release|Any CPU
		{41BE9DD9-644C-4A90-8D47-667B4323DF7A}.Silverlight2|Any CPU.ActiveCfg = Release|Any CPU
		{41BE9DD9-644C-4A90-8D47-667B4323DF7A}.Silverlight2|Any CPU.Build.0 = Release|Any CPU
		{41BE9DD9-644C-4A90-8D47-667B4323DF7A}.Silverlight2|Mixed Platforms.ActiveCfg = Release|Any CPU
		{41BE9DD9-644C-4A90-8D47-667B4323DF7A}.Silverlight2|Mixed Platforms.Build.0 = Release|Any CPU
		{41BE9DD9-644C-4A90-8D47-667B4323DF7A}.Silverlight2|x64.ActiveCfg = Release|Any CPU
		{41BE9DD9-644C-4A90-8D47-667B4323DF7A}.Silverlight2|x64.Build.0 = Release|Any CPU
		{41BE9DD9-644C-4A90-8D47-667B4323DF7A}.Silverlight2|x86.ActiveCfg = Release|Any CPU
		{41BE9DD9-644C-4A90-8D47-667B4323DF7A}.Silverlight2|x86.Build.0 = Release|Any CPU
		{D527CE3C-EECF-45EF-AE6E-E88DE37D3708}.Debug|Any CPU.ActiveCfg = Debug|Any CPU
		{D527CE3C-EECF-45EF-AE6E-E88DE37D3708}.Debug|Any CPU.Build.0 = Debug|Any CPU
		{D527CE3C-EECF-45EF-AE6E-E88DE37D3708}.Debug|Mixed Platforms.ActiveCfg = Debug|Any CPU
		{D527CE3C-EECF-45EF-AE6E-E88DE37D3708}.Debug|Mixed Platforms.Build.0 = Debug|Any CPU
		{D527CE3C-EECF-45EF-AE6E-E88DE37D3708}.Debug|x64.ActiveCfg = Debug|Any CPU
		{D527CE3C-EECF-45EF-AE6E-E88DE37D3708}.Debug|x64.Build.0 = Debug|Any CPU
		{D527CE3C-EECF-45EF-AE6E-E88DE37D3708}.Debug|x86.ActiveCfg = Debug|Any CPU
		{D527CE3C-EECF-45EF-AE6E-E88DE37D3708}.Debug|x86.Build.0 = Debug|Any CPU
		{D527CE3C-EECF-45EF-AE6E-E88DE37D3708}.Editor|Any CPU.ActiveCfg = Release|Any CPU
		{D527CE3C-EECF-45EF-AE6E-E88DE37D3708}.Editor|Any CPU.Build.0 = Release|Any CPU
		{D527CE3C-EECF-45EF-AE6E-E88DE37D3708}.Editor|Mixed Platforms.ActiveCfg = Release|Any CPU
		{D527CE3C-EECF-45EF-AE6E-E88DE37D3708}.Editor|Mixed Platforms.Build.0 = Release|Any CPU
		{D527CE3C-EECF-45EF-AE6E-E88DE37D3708}.Editor|x64.ActiveCfg = Release|Any CPU
		{D527CE3C-EECF-45EF-AE6E-E88DE37D3708}.Editor|x64.Build.0 = Release|Any CPU
		{D527CE3C-EECF-45EF-AE6E-E88DE37D3708}.Editor|x86.ActiveCfg = Release|Any CPU
		{D527CE3C-EECF-45EF-AE6E-E88DE37D3708}.Editor|x86.Build.0 = Release|Any CPU
		{D527CE3C-EECF-45EF-AE6E-E88DE37D3708}.iOS|Any CPU.ActiveCfg = Release|Any CPU
		{D527CE3C-EECF-45EF-AE6E-E88DE37D3708}.iOS|Any CPU.Build.0 = Release|Any CPU
		{D527CE3C-EECF-45EF-AE6E-E88DE37D3708}.iOS|Mixed Platforms.ActiveCfg = Release|Any CPU
		{D527CE3C-EECF-45EF-AE6E-E88DE37D3708}.iOS|Mixed Platforms.Build.0 = Release|Any CPU
		{D527CE3C-EECF-45EF-AE6E-E88DE37D3708}.iOS|x64.ActiveCfg = Release|Any CPU
		{D527CE3C-EECF-45EF-AE6E-E88DE37D3708}.iOS|x64.Build.0 = Release|Any CPU
		{D527CE3C-EECF-45EF-AE6E-E88DE37D3708}.iOS|x86.ActiveCfg = Release|Any CPU
		{D527CE3C-EECF-45EF-AE6E-E88DE37D3708}.iOS|x86.Build.0 = Release|Any CPU
		{D527CE3C-EECF-45EF-AE6E-E88DE37D3708}.Net20|Any CPU.ActiveCfg = Release|Any CPU
		{D527CE3C-EECF-45EF-AE6E-E88DE37D3708}.Net20|Any CPU.Build.0 = Release|Any CPU
		{D527CE3C-EECF-45EF-AE6E-E88DE37D3708}.Net20|Mixed Platforms.ActiveCfg = Release|Any CPU
		{D527CE3C-EECF-45EF-AE6E-E88DE37D3708}.Net20|Mixed Platforms.Build.0 = Release|Any CPU
		{D527CE3C-EECF-45EF-AE6E-E88DE37D3708}.Net20|x64.ActiveCfg = Release|Any CPU
		{D527CE3C-EECF-45EF-AE6E-E88DE37D3708}.Net20|x64.Build.0 = Release|Any CPU
		{D527CE3C-EECF-45EF-AE6E-E88DE37D3708}.Net20|x86.ActiveCfg = Release|Any CPU
		{D527CE3C-EECF-45EF-AE6E-E88DE37D3708}.Net20|x86.Build.0 = Release|Any CPU
		{D527CE3C-EECF-45EF-AE6E-E88DE37D3708}.Network|Any CPU.ActiveCfg = Release|Any CPU
		{D527CE3C-EECF-45EF-AE6E-E88DE37D3708}.Network|Any CPU.Build.0 = Release|Any CPU
		{D527CE3C-EECF-45EF-AE6E-E88DE37D3708}.Network|Mixed Platforms.ActiveCfg = Release|Any CPU
		{D527CE3C-EECF-45EF-AE6E-E88DE37D3708}.Network|Mixed Platforms.Build.0 = Release|Any CPU
		{D527CE3C-EECF-45EF-AE6E-E88DE37D3708}.Network|x64.ActiveCfg = Release|Any CPU
		{D527CE3C-EECF-45EF-AE6E-E88DE37D3708}.Network|x64.Build.0 = Release|Any CPU
		{D527CE3C-EECF-45EF-AE6E-E88DE37D3708}.Network|x86.ActiveCfg = Release|Any CPU
		{D527CE3C-EECF-45EF-AE6E-E88DE37D3708}.Network|x86.Build.0 = Release|Any CPU
		{D527CE3C-EECF-45EF-AE6E-E88DE37D3708}.Profile|Any CPU.ActiveCfg = Release|Any CPU
		{D527CE3C-EECF-45EF-AE6E-E88DE37D3708}.Profile|Any CPU.Build.0 = Release|Any CPU
		{D527CE3C-EECF-45EF-AE6E-E88DE37D3708}.Profile|Mixed Platforms.ActiveCfg = Release|Any CPU
		{D527CE3C-EECF-45EF-AE6E-E88DE37D3708}.Profile|Mixed Platforms.Build.0 = Release|Any CPU
		{D527CE3C-EECF-45EF-AE6E-E88DE37D3708}.Profile|x64.ActiveCfg = Release|Any CPU
		{D527CE3C-EECF-45EF-AE6E-E88DE37D3708}.Profile|x64.Build.0 = Release|Any CPU
		{D527CE3C-EECF-45EF-AE6E-E88DE37D3708}.Profile|x86.ActiveCfg = Release|Any CPU
		{D527CE3C-EECF-45EF-AE6E-E88DE37D3708}.Profile|x86.Build.0 = Release|Any CPU
		{D527CE3C-EECF-45EF-AE6E-E88DE37D3708}.Release|Any CPU.ActiveCfg = Release|Any CPU
		{D527CE3C-EECF-45EF-AE6E-E88DE37D3708}.Release|Any CPU.Build.0 = Release|Any CPU
		{D527CE3C-EECF-45EF-AE6E-E88DE37D3708}.Release|Mixed Platforms.ActiveCfg = Release|Any CPU
		{D527CE3C-EECF-45EF-AE6E-E88DE37D3708}.Release|Mixed Platforms.Build.0 = Release|Any CPU
		{D527CE3C-EECF-45EF-AE6E-E88DE37D3708}.Release|x64.ActiveCfg = Release|Any CPU
		{D527CE3C-EECF-45EF-AE6E-E88DE37D3708}.Release|x64.Build.0 = Release|Any CPU
		{D527CE3C-EECF-45EF-AE6E-E88DE37D3708}.Release|x86.ActiveCfg = Release|Any CPU
		{D527CE3C-EECF-45EF-AE6E-E88DE37D3708}.Release|x86.Build.0 = Release|Any CPU
		{D527CE3C-EECF-45EF-AE6E-E88DE37D3708}.Silverlight2|Any CPU.ActiveCfg = Release|Any CPU
		{D527CE3C-EECF-45EF-AE6E-E88DE37D3708}.Silverlight2|Any CPU.Build.0 = Release|Any CPU
		{D527CE3C-EECF-45EF-AE6E-E88DE37D3708}.Silverlight2|Mixed Platforms.ActiveCfg = Release|Any CPU
		{D527CE3C-EECF-45EF-AE6E-E88DE37D3708}.Silverlight2|Mixed Platforms.Build.0 = Release|Any CPU
		{D527CE3C-EECF-45EF-AE6E-E88DE37D3708}.Silverlight2|x64.ActiveCfg = Release|Any CPU
		{D527CE3C-EECF-45EF-AE6E-E88DE37D3708}.Silverlight2|x64.Build.0 = Release|Any CPU
		{D527CE3C-EECF-45EF-AE6E-E88DE37D3708}.Silverlight2|x86.ActiveCfg = Release|Any CPU
		{D527CE3C-EECF-45EF-AE6E-E88DE37D3708}.Silverlight2|x86.Build.0 = Release|Any CPU
		{960444F7-E932-4773-B798-DF92EA58A0C3}.Debug|Any CPU.ActiveCfg = Debug|Any CPU
		{960444F7-E932-4773-B798-DF92EA58A0C3}.Debug|Any CPU.Build.0 = Debug|Any CPU
		{960444F7-E932-4773-B798-DF92EA58A0C3}.Debug|Mixed Platforms.ActiveCfg = Debug|Any CPU
		{960444F7-E932-4773-B798-DF92EA58A0C3}.Debug|Mixed Platforms.Build.0 = Debug|Any CPU
		{960444F7-E932-4773-B798-DF92EA58A0C3}.Debug|x64.ActiveCfg = Debug|x64
		{960444F7-E932-4773-B798-DF92EA58A0C3}.Debug|x64.Build.0 = Debug|x64
		{960444F7-E932-4773-B798-DF92EA58A0C3}.Debug|x86.ActiveCfg = Debug|Any CPU
		{960444F7-E932-4773-B798-DF92EA58A0C3}.Debug|x86.Build.0 = Debug|Any CPU
		{960444F7-E932-4773-B798-DF92EA58A0C3}.Editor|Any CPU.ActiveCfg = Editor|Any CPU
		{960444F7-E932-4773-B798-DF92EA58A0C3}.Editor|Any CPU.Build.0 = Editor|Any CPU
		{960444F7-E932-4773-B798-DF92EA58A0C3}.Editor|Mixed Platforms.ActiveCfg = Editor|Any CPU
		{960444F7-E932-4773-B798-DF92EA58A0C3}.Editor|Mixed Platforms.Build.0 = Editor|Any CPU
		{960444F7-E932-4773-B798-DF92EA58A0C3}.Editor|x64.ActiveCfg = Editor|x64
		{960444F7-E932-4773-B798-DF92EA58A0C3}.Editor|x64.Build.0 = Editor|x64
		{960444F7-E932-4773-B798-DF92EA58A0C3}.Editor|x86.ActiveCfg = Editor|Any CPU
		{960444F7-E932-4773-B798-DF92EA58A0C3}.Editor|x86.Build.0 = Editor|Any CPU
		{960444F7-E932-4773-B798-DF92EA58A0C3}.iOS|Any CPU.ActiveCfg = Editor|Any CPU
		{960444F7-E932-4773-B798-DF92EA58A0C3}.iOS|Any CPU.Build.0 = Editor|Any CPU
		{960444F7-E932-4773-B798-DF92EA58A0C3}.iOS|Mixed Platforms.ActiveCfg = Editor|Any CPU
		{960444F7-E932-4773-B798-DF92EA58A0C3}.iOS|Mixed Platforms.Build.0 = Editor|Any CPU
		{960444F7-E932-4773-B798-DF92EA58A0C3}.iOS|x64.ActiveCfg = Editor|x64
		{960444F7-E932-4773-B798-DF92EA58A0C3}.iOS|x64.Build.0 = Editor|x64
		{960444F7-E932-4773-B798-DF92EA58A0C3}.iOS|x86.ActiveCfg = Editor|Any CPU
		{960444F7-E932-4773-B798-DF92EA58A0C3}.iOS|x86.Build.0 = Editor|Any CPU
		{960444F7-E932-4773-B798-DF92EA58A0C3}.Net20|Any CPU.ActiveCfg = Editor|Any CPU
		{960444F7-E932-4773-B798-DF92EA58A0C3}.Net20|Any CPU.Build.0 = Editor|Any CPU
		{960444F7-E932-4773-B798-DF92EA58A0C3}.Net20|Mixed Platforms.ActiveCfg = Editor|Any CPU
		{960444F7-E932-4773-B798-DF92EA58A0C3}.Net20|Mixed Platforms.Build.0 = Editor|Any CPU
		{960444F7-E932-4773-B798-DF92EA58A0C3}.Net20|x64.ActiveCfg = Editor|x64
		{960444F7-E932-4773-B798-DF92EA58A0C3}.Net20|x64.Build.0 = Editor|x64
		{960444F7-E932-4773-B798-DF92EA58A0C3}.Net20|x86.ActiveCfg = Editor|Any CPU
		{960444F7-E932-4773-B798-DF92EA58A0C3}.Net20|x86.Build.0 = Editor|Any CPU
		{960444F7-E932-4773-B798-DF92EA58A0C3}.Network|Any CPU.ActiveCfg = Editor|Any CPU
		{960444F7-E932-4773-B798-DF92EA58A0C3}.Network|Any CPU.Build.0 = Editor|Any CPU
		{960444F7-E932-4773-B798-DF92EA58A0C3}.Network|Mixed Platforms.ActiveCfg = Editor|Any CPU
		{960444F7-E932-4773-B798-DF92EA58A0C3}.Network|Mixed Platforms.Build.0 = Editor|Any CPU
		{960444F7-E932-4773-B798-DF92EA58A0C3}.Network|x64.ActiveCfg = Editor|x64
		{960444F7-E932-4773-B798-DF92EA58A0C3}.Network|x64.Build.0 = Editor|x64
		{960444F7-E932-4773-B798-DF92EA58A0C3}.Network|x86.ActiveCfg = Editor|Any CPU
		{960444F7-E932-4773-B798-DF92EA58A0C3}.Network|x86.Build.0 = Editor|Any CPU
		{960444F7-E932-4773-B798-DF92EA58A0C3}.Profile|Any CPU.ActiveCfg = Editor|Any CPU
		{960444F7-E932-4773-B798-DF92EA58A0C3}.Profile|Any CPU.Build.0 = Editor|Any CPU
		{960444F7-E932-4773-B798-DF92EA58A0C3}.Profile|Mixed Platforms.ActiveCfg = Editor|Any CPU
		{960444F7-E932-4773-B798-DF92EA58A0C3}.Profile|Mixed Platforms.Build.0 = Editor|Any CPU
		{960444F7-E932-4773-B798-DF92EA58A0C3}.Profile|x64.ActiveCfg = Editor|x64
		{960444F7-E932-4773-B798-DF92EA58A0C3}.Profile|x64.Build.0 = Editor|x64
		{960444F7-E932-4773-B798-DF92EA58A0C3}.Profile|x86.ActiveCfg = Editor|Any CPU
		{960444F7-E932-4773-B798-DF92EA58A0C3}.Profile|x86.Build.0 = Editor|Any CPU
		{960444F7-E932-4773-B798-DF92EA58A0C3}.Release|Any CPU.ActiveCfg = Release|Any CPU
		{960444F7-E932-4773-B798-DF92EA58A0C3}.Release|Any CPU.Build.0 = Release|Any CPU
		{960444F7-E932-4773-B798-DF92EA58A0C3}.Release|Mixed Platforms.ActiveCfg = Release|Any CPU
		{960444F7-E932-4773-B798-DF92EA58A0C3}.Release|Mixed Platforms.Build.0 = Release|Any CPU
		{960444F7-E932-4773-B798-DF92EA58A0C3}.Release|x64.ActiveCfg = Release|x64
		{960444F7-E932-4773-B798-DF92EA58A0C3}.Release|x64.Build.0 = Release|x64
		{960444F7-E932-4773-B798-DF92EA58A0C3}.Release|x86.ActiveCfg = Release|Any CPU
		{960444F7-E932-4773-B798-DF92EA58A0C3}.Release|x86.Build.0 = Release|Any CPU
		{960444F7-E932-4773-B798-DF92EA58A0C3}.Silverlight2|Any CPU.ActiveCfg = Editor|Any CPU
		{960444F7-E932-4773-B798-DF92EA58A0C3}.Silverlight2|Any CPU.Build.0 = Editor|Any CPU
		{960444F7-E932-4773-B798-DF92EA58A0C3}.Silverlight2|Mixed Platforms.ActiveCfg = Editor|Any CPU
		{960444F7-E932-4773-B798-DF92EA58A0C3}.Silverlight2|Mixed Platforms.Build.0 = Editor|Any CPU
		{960444F7-E932-4773-B798-DF92EA58A0C3}.Silverlight2|x64.ActiveCfg = Editor|x64
		{960444F7-E932-4773-B798-DF92EA58A0C3}.Silverlight2|x64.Build.0 = Editor|x64
		{960444F7-E932-4773-B798-DF92EA58A0C3}.Silverlight2|x86.ActiveCfg = Editor|Any CPU
		{960444F7-E932-4773-B798-DF92EA58A0C3}.Silverlight2|x86.Build.0 = Editor|Any CPU
		{BADA50F2-93BC-4EBA-949A-BF892AE4B7E5}.Debug|Any CPU.ActiveCfg = Debug|Any CPU
		{BADA50F2-93BC-4EBA-949A-BF892AE4B7E5}.Debug|Any CPU.Build.0 = Debug|Any CPU
		{BADA50F2-93BC-4EBA-949A-BF892AE4B7E5}.Debug|Mixed Platforms.ActiveCfg = Debug|Any CPU
		{BADA50F2-93BC-4EBA-949A-BF892AE4B7E5}.Debug|Mixed Platforms.Build.0 = Debug|Any CPU
		{BADA50F2-93BC-4EBA-949A-BF892AE4B7E5}.Debug|x64.ActiveCfg = Debug|x64
		{BADA50F2-93BC-4EBA-949A-BF892AE4B7E5}.Debug|x64.Build.0 = Debug|x64
		{BADA50F2-93BC-4EBA-949A-BF892AE4B7E5}.Debug|x86.ActiveCfg = Debug|Any CPU
		{BADA50F2-93BC-4EBA-949A-BF892AE4B7E5}.Debug|x86.Build.0 = Debug|Any CPU
		{BADA50F2-93BC-4EBA-949A-BF892AE4B7E5}.Editor|Any CPU.ActiveCfg = Editor|Any CPU
		{BADA50F2-93BC-4EBA-949A-BF892AE4B7E5}.Editor|Any CPU.Build.0 = Editor|Any CPU
		{BADA50F2-93BC-4EBA-949A-BF892AE4B7E5}.Editor|Mixed Platforms.ActiveCfg = Editor|Any CPU
		{BADA50F2-93BC-4EBA-949A-BF892AE4B7E5}.Editor|Mixed Platforms.Build.0 = Editor|Any CPU
		{BADA50F2-93BC-4EBA-949A-BF892AE4B7E5}.Editor|x64.ActiveCfg = Editor|x64
		{BADA50F2-93BC-4EBA-949A-BF892AE4B7E5}.Editor|x64.Build.0 = Editor|x64
		{BADA50F2-93BC-4EBA-949A-BF892AE4B7E5}.Editor|x86.ActiveCfg = Editor|Any CPU
		{BADA50F2-93BC-4EBA-949A-BF892AE4B7E5}.Editor|x86.Build.0 = Editor|Any CPU
		{BADA50F2-93BC-4EBA-949A-BF892AE4B7E5}.iOS|Any CPU.ActiveCfg = Editor|Any CPU
		{BADA50F2-93BC-4EBA-949A-BF892AE4B7E5}.iOS|Any CPU.Build.0 = Editor|Any CPU
		{BADA50F2-93BC-4EBA-949A-BF892AE4B7E5}.iOS|Mixed Platforms.ActiveCfg = Editor|Any CPU
		{BADA50F2-93BC-4EBA-949A-BF892AE4B7E5}.iOS|Mixed Platforms.Build.0 = Editor|Any CPU
		{BADA50F2-93BC-4EBA-949A-BF892AE4B7E5}.iOS|x64.ActiveCfg = Editor|x64
		{BADA50F2-93BC-4EBA-949A-BF892AE4B7E5}.iOS|x64.Build.0 = Editor|x64
		{BADA50F2-93BC-4EBA-949A-BF892AE4B7E5}.iOS|x86.ActiveCfg = Editor|Any CPU
		{BADA50F2-93BC-4EBA-949A-BF892AE4B7E5}.iOS|x86.Build.0 = Editor|Any CPU
		{BADA50F2-93BC-4EBA-949A-BF892AE4B7E5}.Net20|Any CPU.ActiveCfg = Network|Any CPU
		{BADA50F2-93BC-4EBA-949A-BF892AE4B7E5}.Net20|Any CPU.Build.0 = Network|Any CPU
		{BADA50F2-93BC-4EBA-949A-BF892AE4B7E5}.Net20|Mixed Platforms.ActiveCfg = Network|Any CPU
		{BADA50F2-93BC-4EBA-949A-BF892AE4B7E5}.Net20|Mixed Platforms.Build.0 = Network|Any CPU
		{BADA50F2-93BC-4EBA-949A-BF892AE4B7E5}.Net20|x64.ActiveCfg = Network|x64
		{BADA50F2-93BC-4EBA-949A-BF892AE4B7E5}.Net20|x64.Build.0 = Network|x64
		{BADA50F2-93BC-4EBA-949A-BF892AE4B7E5}.Net20|x86.ActiveCfg = Network|Any CPU
		{BADA50F2-93BC-4EBA-949A-BF892AE4B7E5}.Net20|x86.Build.0 = Network|Any CPU
		{BADA50F2-93BC-4EBA-949A-BF892AE4B7E5}.Network|Any CPU.ActiveCfg = Network|Any CPU
		{BADA50F2-93BC-4EBA-949A-BF892AE4B7E5}.Network|Any CPU.Build.0 = Network|Any CPU
		{BADA50F2-93BC-4EBA-949A-BF892AE4B7E5}.Network|Mixed Platforms.ActiveCfg = Network|Any CPU
		{BADA50F2-93BC-4EBA-949A-BF892AE4B7E5}.Network|Mixed Platforms.Build.0 = Network|Any CPU
		{BADA50F2-93BC-4EBA-949A-BF892AE4B7E5}.Network|x64.ActiveCfg = Network|x64
		{BADA50F2-93BC-4EBA-949A-BF892AE4B7E5}.Network|x64.Build.0 = Network|x64
		{BADA50F2-93BC-4EBA-949A-BF892AE4B7E5}.Network|x86.ActiveCfg = Network|Any CPU
		{BADA50F2-93BC-4EBA-949A-BF892AE4B7E5}.Network|x86.Build.0 = Network|Any CPU
		{BADA50F2-93BC-4EBA-949A-BF892AE4B7E5}.Profile|Any CPU.ActiveCfg = Editor|Any CPU
		{BADA50F2-93BC-4EBA-949A-BF892AE4B7E5}.Profile|Any CPU.Build.0 = Editor|Any CPU
		{BADA50F2-93BC-4EBA-949A-BF892AE4B7E5}.Profile|Mixed Platforms.ActiveCfg = Editor|Any CPU
		{BADA50F2-93BC-4EBA-949A-BF892AE4B7E5}.Profile|Mixed Platforms.Build.0 = Editor|Any CPU
		{BADA50F2-93BC-4EBA-949A-BF892AE4B7E5}.Profile|x64.ActiveCfg = Editor|x64
		{BADA50F2-93BC-4EBA-949A-BF892AE4B7E5}.Profile|x64.Build.0 = Editor|x64
		{BADA50F2-93BC-4EBA-949A-BF892AE4B7E5}.Profile|x86.ActiveCfg = Editor|Any CPU
		{BADA50F2-93BC-4EBA-949A-BF892AE4B7E5}.Profile|x86.Build.0 = Editor|Any CPU
		{BADA50F2-93BC-4EBA-949A-BF892AE4B7E5}.Release|Any CPU.ActiveCfg = Release|Any CPU
		{BADA50F2-93BC-4EBA-949A-BF892AE4B7E5}.Release|Any CPU.Build.0 = Release|Any CPU
		{BADA50F2-93BC-4EBA-949A-BF892AE4B7E5}.Release|Mixed Platforms.ActiveCfg = Release|Any CPU
		{BADA50F2-93BC-4EBA-949A-BF892AE4B7E5}.Release|Mixed Platforms.Build.0 = Release|Any CPU
		{BADA50F2-93BC-4EBA-949A-BF892AE4B7E5}.Release|x64.ActiveCfg = Release|x64
		{BADA50F2-93BC-4EBA-949A-BF892AE4B7E5}.Release|x64.Build.0 = Release|x64
		{BADA50F2-93BC-4EBA-949A-BF892AE4B7E5}.Release|x86.ActiveCfg = Release|Any CPU
		{BADA50F2-93BC-4EBA-949A-BF892AE4B7E5}.Release|x86.Build.0 = Release|Any CPU
		{BADA50F2-93BC-4EBA-949A-BF892AE4B7E5}.Silverlight2|Any CPU.ActiveCfg = Editor|Any CPU
		{BADA50F2-93BC-4EBA-949A-BF892AE4B7E5}.Silverlight2|Any CPU.Build.0 = Editor|Any CPU
		{BADA50F2-93BC-4EBA-949A-BF892AE4B7E5}.Silverlight2|Mixed Platforms.ActiveCfg = Editor|Any CPU
		{BADA50F2-93BC-4EBA-949A-BF892AE4B7E5}.Silverlight2|Mixed Platforms.Build.0 = Editor|Any CPU
		{BADA50F2-93BC-4EBA-949A-BF892AE4B7E5}.Silverlight2|x64.ActiveCfg = Editor|x64
		{BADA50F2-93BC-4EBA-949A-BF892AE4B7E5}.Silverlight2|x64.Build.0 = Editor|x64
		{BADA50F2-93BC-4EBA-949A-BF892AE4B7E5}.Silverlight2|x86.ActiveCfg = Editor|Any CPU
		{BADA50F2-93BC-4EBA-949A-BF892AE4B7E5}.Silverlight2|x86.Build.0 = Editor|Any CPU
		{B1FC6D51-2A33-4EF8-BBAD-D8207F2DCB02}.Debug|Any CPU.ActiveCfg = Debug|Any CPU
		{B1FC6D51-2A33-4EF8-BBAD-D8207F2DCB02}.Debug|Any CPU.Build.0 = Debug|Any CPU
		{B1FC6D51-2A33-4EF8-BBAD-D8207F2DCB02}.Debug|Mixed Platforms.ActiveCfg = Debug|Any CPU
		{B1FC6D51-2A33-4EF8-BBAD-D8207F2DCB02}.Debug|Mixed Platforms.Build.0 = Debug|Any CPU
		{B1FC6D51-2A33-4EF8-BBAD-D8207F2DCB02}.Debug|x64.ActiveCfg = Debug|Any CPU
		{B1FC6D51-2A33-4EF8-BBAD-D8207F2DCB02}.Debug|x64.Build.0 = Debug|Any CPU
		{B1FC6D51-2A33-4EF8-BBAD-D8207F2DCB02}.Debug|x86.ActiveCfg = Debug|Any CPU
		{B1FC6D51-2A33-4EF8-BBAD-D8207F2DCB02}.Debug|x86.Build.0 = Debug|Any CPU
		{B1FC6D51-2A33-4EF8-BBAD-D8207F2DCB02}.Editor|Any CPU.ActiveCfg = Release|Any CPU
		{B1FC6D51-2A33-4EF8-BBAD-D8207F2DCB02}.Editor|Any CPU.Build.0 = Release|Any CPU
		{B1FC6D51-2A33-4EF8-BBAD-D8207F2DCB02}.Editor|Mixed Platforms.ActiveCfg = Release|Any CPU
		{B1FC6D51-2A33-4EF8-BBAD-D8207F2DCB02}.Editor|Mixed Platforms.Build.0 = Release|Any CPU
		{B1FC6D51-2A33-4EF8-BBAD-D8207F2DCB02}.Editor|x64.ActiveCfg = Release|Any CPU
		{B1FC6D51-2A33-4EF8-BBAD-D8207F2DCB02}.Editor|x64.Build.0 = Release|Any CPU
		{B1FC6D51-2A33-4EF8-BBAD-D8207F2DCB02}.Editor|x86.ActiveCfg = Release|Any CPU
		{B1FC6D51-2A33-4EF8-BBAD-D8207F2DCB02}.Editor|x86.Build.0 = Release|Any CPU
		{B1FC6D51-2A33-4EF8-BBAD-D8207F2DCB02}.iOS|Any CPU.ActiveCfg = Release|Any CPU
		{B1FC6D51-2A33-4EF8-BBAD-D8207F2DCB02}.iOS|Any CPU.Build.0 = Release|Any CPU
		{B1FC6D51-2A33-4EF8-BBAD-D8207F2DCB02}.iOS|Mixed Platforms.ActiveCfg = Release|Any CPU
		{B1FC6D51-2A33-4EF8-BBAD-D8207F2DCB02}.iOS|Mixed Platforms.Build.0 = Release|Any CPU
		{B1FC6D51-2A33-4EF8-BBAD-D8207F2DCB02}.iOS|x64.ActiveCfg = Release|Any CPU
		{B1FC6D51-2A33-4EF8-BBAD-D8207F2DCB02}.iOS|x64.Build.0 = Release|Any CPU
		{B1FC6D51-2A33-4EF8-BBAD-D8207F2DCB02}.iOS|x86.ActiveCfg = Release|Any CPU
		{B1FC6D51-2A33-4EF8-BBAD-D8207F2DCB02}.iOS|x86.Build.0 = Release|Any CPU
		{B1FC6D51-2A33-4EF8-BBAD-D8207F2DCB02}.Net20|Any CPU.ActiveCfg = Release|Any CPU
		{B1FC6D51-2A33-4EF8-BBAD-D8207F2DCB02}.Net20|Any CPU.Build.0 = Release|Any CPU
		{B1FC6D51-2A33-4EF8-BBAD-D8207F2DCB02}.Net20|Mixed Platforms.ActiveCfg = Release|Any CPU
		{B1FC6D51-2A33-4EF8-BBAD-D8207F2DCB02}.Net20|Mixed Platforms.Build.0 = Release|Any CPU
		{B1FC6D51-2A33-4EF8-BBAD-D8207F2DCB02}.Net20|x64.ActiveCfg = Release|Any CPU
		{B1FC6D51-2A33-4EF8-BBAD-D8207F2DCB02}.Net20|x64.Build.0 = Release|Any CPU
		{B1FC6D51-2A33-4EF8-BBAD-D8207F2DCB02}.Net20|x86.ActiveCfg = Release|Any CPU
		{B1FC6D51-2A33-4EF8-BBAD-D8207F2DCB02}.Net20|x86.Build.0 = Release|Any CPU
		{B1FC6D51-2A33-4EF8-BBAD-D8207F2DCB02}.Network|Any CPU.ActiveCfg = Release|Any CPU
		{B1FC6D51-2A33-4EF8-BBAD-D8207F2DCB02}.Network|Any CPU.Build.0 = Release|Any CPU
		{B1FC6D51-2A33-4EF8-BBAD-D8207F2DCB02}.Network|Mixed Platforms.ActiveCfg = Release|Any CPU
		{B1FC6D51-2A33-4EF8-BBAD-D8207F2DCB02}.Network|Mixed Platforms.Build.0 = Release|Any CPU
		{B1FC6D51-2A33-4EF8-BBAD-D8207F2DCB02}.Network|x64.ActiveCfg = Release|Any CPU
		{B1FC6D51-2A33-4EF8-BBAD-D8207F2DCB02}.Network|x64.Build.0 = Release|Any CPU
		{B1FC6D51-2A33-4EF8-BBAD-D8207F2DCB02}.Network|x86.ActiveCfg = Release|Any CPU
		{B1FC6D51-2A33-4EF8-BBAD-D8207F2DCB02}.Network|x86.Build.0 = Release|Any CPU
		{B1FC6D51-2A33-4EF8-BBAD-D8207F2DCB02}.Profile|Any CPU.ActiveCfg = Release|Any CPU
		{B1FC6D51-2A33-4EF8-BBAD-D8207F2DCB02}.Profile|Any CPU.Build.0 = Release|Any CPU
		{B1FC6D51-2A33-4EF8-BBAD-D8207F2DCB02}.Profile|Mixed Platforms.ActiveCfg = Release|Any CPU
		{B1FC6D51-2A33-4EF8-BBAD-D8207F2DCB02}.Profile|Mixed Platforms.Build.0 = Release|Any CPU
		{B1FC6D51-2A33-4EF8-BBAD-D8207F2DCB02}.Profile|x64.ActiveCfg = Release|Any CPU
		{B1FC6D51-2A33-4EF8-BBAD-D8207F2DCB02}.Profile|x64.Build.0 = Release|Any CPU
		{B1FC6D51-2A33-4EF8-BBAD-D8207F2DCB02}.Profile|x86.ActiveCfg = Release|Any CPU
		{B1FC6D51-2A33-4EF8-BBAD-D8207F2DCB02}.Profile|x86.Build.0 = Release|Any CPU
		{B1FC6D51-2A33-4EF8-BBAD-D8207F2DCB02}.Release|Any CPU.ActiveCfg = Release|Any CPU
		{B1FC6D51-2A33-4EF8-BBAD-D8207F2DCB02}.Release|Any CPU.Build.0 = Release|Any CPU
		{B1FC6D51-2A33-4EF8-BBAD-D8207F2DCB02}.Release|Mixed Platforms.ActiveCfg = Release|Any CPU
		{B1FC6D51-2A33-4EF8-BBAD-D8207F2DCB02}.Release|Mixed Platforms.Build.0 = Release|Any CPU
		{B1FC6D51-2A33-4EF8-BBAD-D8207F2DCB02}.Release|x64.ActiveCfg = Release|Any CPU
		{B1FC6D51-2A33-4EF8-BBAD-D8207F2DCB02}.Release|x64.Build.0 = Release|Any CPU
		{B1FC6D51-2A33-4EF8-BBAD-D8207F2DCB02}.Release|x86.ActiveCfg = Release|Any CPU
		{B1FC6D51-2A33-4EF8-BBAD-D8207F2DCB02}.Release|x86.Build.0 = Release|Any CPU
		{B1FC6D51-2A33-4EF8-BBAD-D8207F2DCB02}.Silverlight2|Any CPU.ActiveCfg = Release|Any CPU
		{B1FC6D51-2A33-4EF8-BBAD-D8207F2DCB02}.Silverlight2|Any CPU.Build.0 = Release|Any CPU
		{B1FC6D51-2A33-4EF8-BBAD-D8207F2DCB02}.Silverlight2|Mixed Platforms.ActiveCfg = Release|Any CPU
		{B1FC6D51-2A33-4EF8-BBAD-D8207F2DCB02}.Silverlight2|Mixed Platforms.Build.0 = Release|Any CPU
		{B1FC6D51-2A33-4EF8-BBAD-D8207F2DCB02}.Silverlight2|x64.ActiveCfg = Release|Any CPU
		{B1FC6D51-2A33-4EF8-BBAD-D8207F2DCB02}.Silverlight2|x64.Build.0 = Release|Any CPU
		{B1FC6D51-2A33-4EF8-BBAD-D8207F2DCB02}.Silverlight2|x86.ActiveCfg = Release|Any CPU
		{B1FC6D51-2A33-4EF8-BBAD-D8207F2DCB02}.Silverlight2|x86.Build.0 = Release|Any CPU
		{E98894F3-CE6F-4DAA-B3B2-F5B027623E0C}.Debug|Any CPU.ActiveCfg = Debug|Any CPU
		{E98894F3-CE6F-4DAA-B3B2-F5B027623E0C}.Debug|Any CPU.Build.0 = Debug|Any CPU
		{E98894F3-CE6F-4DAA-B3B2-F5B027623E0C}.Debug|Mixed Platforms.ActiveCfg = Debug|Any CPU
		{E98894F3-CE6F-4DAA-B3B2-F5B027623E0C}.Debug|Mixed Platforms.Build.0 = Debug|Any CPU
		{E98894F3-CE6F-4DAA-B3B2-F5B027623E0C}.Debug|x64.ActiveCfg = Debug|Any CPU
		{E98894F3-CE6F-4DAA-B3B2-F5B027623E0C}.Debug|x64.Build.0 = Debug|Any CPU
		{E98894F3-CE6F-4DAA-B3B2-F5B027623E0C}.Debug|x86.ActiveCfg = Debug|Any CPU
		{E98894F3-CE6F-4DAA-B3B2-F5B027623E0C}.Debug|x86.Build.0 = Debug|Any CPU
		{E98894F3-CE6F-4DAA-B3B2-F5B027623E0C}.Editor|Any CPU.ActiveCfg = Release|Any CPU
		{E98894F3-CE6F-4DAA-B3B2-F5B027623E0C}.Editor|Any CPU.Build.0 = Release|Any CPU
		{E98894F3-CE6F-4DAA-B3B2-F5B027623E0C}.Editor|Mixed Platforms.ActiveCfg = Release|Any CPU
		{E98894F3-CE6F-4DAA-B3B2-F5B027623E0C}.Editor|Mixed Platforms.Build.0 = Release|Any CPU
		{E98894F3-CE6F-4DAA-B3B2-F5B027623E0C}.Editor|x64.ActiveCfg = Release|Any CPU
		{E98894F3-CE6F-4DAA-B3B2-F5B027623E0C}.Editor|x64.Build.0 = Release|Any CPU
		{E98894F3-CE6F-4DAA-B3B2-F5B027623E0C}.Editor|x86.ActiveCfg = Release|Any CPU
		{E98894F3-CE6F-4DAA-B3B2-F5B027623E0C}.Editor|x86.Build.0 = Release|Any CPU
		{E98894F3-CE6F-4DAA-B3B2-F5B027623E0C}.iOS|Any CPU.ActiveCfg = Release|Any CPU
		{E98894F3-CE6F-4DAA-B3B2-F5B027623E0C}.iOS|Any CPU.Build.0 = Release|Any CPU
		{E98894F3-CE6F-4DAA-B3B2-F5B027623E0C}.iOS|Mixed Platforms.ActiveCfg = Release|Any CPU
		{E98894F3-CE6F-4DAA-B3B2-F5B027623E0C}.iOS|Mixed Platforms.Build.0 = Release|Any CPU
		{E98894F3-CE6F-4DAA-B3B2-F5B027623E0C}.iOS|x64.ActiveCfg = Release|Any CPU
		{E98894F3-CE6F-4DAA-B3B2-F5B027623E0C}.iOS|x64.Build.0 = Release|Any CPU
		{E98894F3-CE6F-4DAA-B3B2-F5B027623E0C}.iOS|x86.ActiveCfg = Release|Any CPU
		{E98894F3-CE6F-4DAA-B3B2-F5B027623E0C}.iOS|x86.Build.0 = Release|Any CPU
		{E98894F3-CE6F-4DAA-B3B2-F5B027623E0C}.Net20|Any CPU.ActiveCfg = Release|Any CPU
		{E98894F3-CE6F-4DAA-B3B2-F5B027623E0C}.Net20|Any CPU.Build.0 = Release|Any CPU
		{E98894F3-CE6F-4DAA-B3B2-F5B027623E0C}.Net20|Mixed Platforms.ActiveCfg = Release|Any CPU
		{E98894F3-CE6F-4DAA-B3B2-F5B027623E0C}.Net20|Mixed Platforms.Build.0 = Release|Any CPU
		{E98894F3-CE6F-4DAA-B3B2-F5B027623E0C}.Net20|x64.ActiveCfg = Release|Any CPU
		{E98894F3-CE6F-4DAA-B3B2-F5B027623E0C}.Net20|x64.Build.0 = Release|Any CPU
		{E98894F3-CE6F-4DAA-B3B2-F5B027623E0C}.Net20|x86.ActiveCfg = Release|Any CPU
		{E98894F3-CE6F-4DAA-B3B2-F5B027623E0C}.Net20|x86.Build.0 = Release|Any CPU
		{E98894F3-CE6F-4DAA-B3B2-F5B027623E0C}.Network|Any CPU.ActiveCfg = Release|Any CPU
		{E98894F3-CE6F-4DAA-B3B2-F5B027623E0C}.Network|Any CPU.Build.0 = Release|Any CPU
		{E98894F3-CE6F-4DAA-B3B2-F5B027623E0C}.Network|Mixed Platforms.ActiveCfg = Release|Any CPU
		{E98894F3-CE6F-4DAA-B3B2-F5B027623E0C}.Network|Mixed Platforms.Build.0 = Release|Any CPU
		{E98894F3-CE6F-4DAA-B3B2-F5B027623E0C}.Network|x64.ActiveCfg = Release|Any CPU
		{E98894F3-CE6F-4DAA-B3B2-F5B027623E0C}.Network|x64.Build.0 = Release|Any CPU
		{E98894F3-CE6F-4DAA-B3B2-F5B027623E0C}.Network|x86.ActiveCfg = Release|Any CPU
		{E98894F3-CE6F-4DAA-B3B2-F5B027623E0C}.Network|x86.Build.0 = Release|Any CPU
		{E98894F3-CE6F-4DAA-B3B2-F5B027623E0C}.Profile|Any CPU.ActiveCfg = Release|Any CPU
		{E98894F3-CE6F-4DAA-B3B2-F5B027623E0C}.Profile|Any CPU.Build.0 = Release|Any CPU
		{E98894F3-CE6F-4DAA-B3B2-F5B027623E0C}.Profile|Mixed Platforms.ActiveCfg = Release|Any CPU
		{E98894F3-CE6F-4DAA-B3B2-F5B027623E0C}.Profile|Mixed Platforms.Build.0 = Release|Any CPU
		{E98894F3-CE6F-4DAA-B3B2-F5B027623E0C}.Profile|x64.ActiveCfg = Release|Any CPU
		{E98894F3-CE6F-4DAA-B3B2-F5B027623E0C}.Profile|x64.Build.0 = Release|Any CPU
		{E98894F3-CE6F-4DAA-B3B2-F5B027623E0C}.Profile|x86.ActiveCfg = Release|Any CPU
		{E98894F3-CE6F-4DAA-B3B2-F5B027623E0C}.Profile|x86.Build.0 = Release|Any CPU
		{E98894F3-CE6F-4DAA-B3B2-F5B027623E0C}.Release|Any CPU.ActiveCfg = Release|Any CPU
		{E98894F3-CE6F-4DAA-B3B2-F5B027623E0C}.Release|Any CPU.Build.0 = Release|Any CPU
		{E98894F3-CE6F-4DAA-B3B2-F5B027623E0C}.Release|Mixed Platforms.ActiveCfg = Release|Any CPU
		{E98894F3-CE6F-4DAA-B3B2-F5B027623E0C}.Release|Mixed Platforms.Build.0 = Release|Any CPU
		{E98894F3-CE6F-4DAA-B3B2-F5B027623E0C}.Release|x64.ActiveCfg = Release|Any CPU
		{E98894F3-CE6F-4DAA-B3B2-F5B027623E0C}.Release|x64.Build.0 = Release|Any CPU
		{E98894F3-CE6F-4DAA-B3B2-F5B027623E0C}.Release|x86.ActiveCfg = Release|Any CPU
		{E98894F3-CE6F-4DAA-B3B2-F5B027623E0C}.Release|x86.Build.0 = Release|Any CPU
		{E98894F3-CE6F-4DAA-B3B2-F5B027623E0C}.Silverlight2|Any CPU.ActiveCfg = Release|Any CPU
		{E98894F3-CE6F-4DAA-B3B2-F5B027623E0C}.Silverlight2|Any CPU.Build.0 = Release|Any CPU
		{E98894F3-CE6F-4DAA-B3B2-F5B027623E0C}.Silverlight2|Mixed Platforms.ActiveCfg = Release|Any CPU
		{E98894F3-CE6F-4DAA-B3B2-F5B027623E0C}.Silverlight2|Mixed Platforms.Build.0 = Release|Any CPU
		{E98894F3-CE6F-4DAA-B3B2-F5B027623E0C}.Silverlight2|x64.ActiveCfg = Release|Any CPU
		{E98894F3-CE6F-4DAA-B3B2-F5B027623E0C}.Silverlight2|x64.Build.0 = Release|Any CPU
		{E98894F3-CE6F-4DAA-B3B2-F5B027623E0C}.Silverlight2|x86.ActiveCfg = Release|Any CPU
		{E98894F3-CE6F-4DAA-B3B2-F5B027623E0C}.Silverlight2|x86.Build.0 = Release|Any CPU
		{8B398427-3D4E-4CB8-B0F0-CFA35E2E66A4}.Debug|Any CPU.ActiveCfg = Debug|Any CPU
		{8B398427-3D4E-4CB8-B0F0-CFA35E2E66A4}.Debug|Any CPU.Build.0 = Debug|Any CPU
		{8B398427-3D4E-4CB8-B0F0-CFA35E2E66A4}.Debug|Mixed Platforms.ActiveCfg = Debug|Any CPU
		{8B398427-3D4E-4CB8-B0F0-CFA35E2E66A4}.Debug|Mixed Platforms.Build.0 = Debug|Any CPU
		{8B398427-3D4E-4CB8-B0F0-CFA35E2E66A4}.Debug|x64.ActiveCfg = Debug|Any CPU
		{8B398427-3D4E-4CB8-B0F0-CFA35E2E66A4}.Debug|x64.Build.0 = Debug|Any CPU
		{8B398427-3D4E-4CB8-B0F0-CFA35E2E66A4}.Debug|x86.ActiveCfg = Debug|Any CPU
		{8B398427-3D4E-4CB8-B0F0-CFA35E2E66A4}.Debug|x86.Build.0 = Debug|Any CPU
		{8B398427-3D4E-4CB8-B0F0-CFA35E2E66A4}.Editor|Any CPU.ActiveCfg = Release|Any CPU
		{8B398427-3D4E-4CB8-B0F0-CFA35E2E66A4}.Editor|Any CPU.Build.0 = Release|Any CPU
		{8B398427-3D4E-4CB8-B0F0-CFA35E2E66A4}.Editor|Mixed Platforms.ActiveCfg = Release|Any CPU
		{8B398427-3D4E-4CB8-B0F0-CFA35E2E66A4}.Editor|Mixed Platforms.Build.0 = Release|Any CPU
		{8B398427-3D4E-4CB8-B0F0-CFA35E2E66A4}.Editor|x64.ActiveCfg = Release|Any CPU
		{8B398427-3D4E-4CB8-B0F0-CFA35E2E66A4}.Editor|x64.Build.0 = Release|Any CPU
		{8B398427-3D4E-4CB8-B0F0-CFA35E2E66A4}.Editor|x86.ActiveCfg = Release|Any CPU
		{8B398427-3D4E-4CB8-B0F0-CFA35E2E66A4}.Editor|x86.Build.0 = Release|Any CPU
		{8B398427-3D4E-4CB8-B0F0-CFA35E2E66A4}.iOS|Any CPU.ActiveCfg = Release|Any CPU
		{8B398427-3D4E-4CB8-B0F0-CFA35E2E66A4}.iOS|Any CPU.Build.0 = Release|Any CPU
		{8B398427-3D4E-4CB8-B0F0-CFA35E2E66A4}.iOS|Mixed Platforms.ActiveCfg = Release|Any CPU
		{8B398427-3D4E-4CB8-B0F0-CFA35E2E66A4}.iOS|Mixed Platforms.Build.0 = Release|Any CPU
		{8B398427-3D4E-4CB8-B0F0-CFA35E2E66A4}.iOS|x64.ActiveCfg = Release|Any CPU
		{8B398427-3D4E-4CB8-B0F0-CFA35E2E66A4}.iOS|x64.Build.0 = Release|Any CPU
		{8B398427-3D4E-4CB8-B0F0-CFA35E2E66A4}.iOS|x86.ActiveCfg = Release|Any CPU
		{8B398427-3D4E-4CB8-B0F0-CFA35E2E66A4}.iOS|x86.Build.0 = Release|Any CPU
		{8B398427-3D4E-4CB8-B0F0-CFA35E2E66A4}.Net20|Any CPU.ActiveCfg = Release|Any CPU
		{8B398427-3D4E-4CB8-B0F0-CFA35E2E66A4}.Net20|Any CPU.Build.0 = Release|Any CPU
		{8B398427-3D4E-4CB8-B0F0-CFA35E2E66A4}.Net20|Mixed Platforms.ActiveCfg = Release|Any CPU
		{8B398427-3D4E-4CB8-B0F0-CFA35E2E66A4}.Net20|Mixed Platforms.Build.0 = Release|Any CPU
		{8B398427-3D4E-4CB8-B0F0-CFA35E2E66A4}.Net20|x64.ActiveCfg = Release|Any CPU
		{8B398427-3D4E-4CB8-B0F0-CFA35E2E66A4}.Net20|x64.Build.0 = Release|Any CPU
		{8B398427-3D4E-4CB8-B0F0-CFA35E2E66A4}.Net20|x86.ActiveCfg = Release|Any CPU
		{8B398427-3D4E-4CB8-B0F0-CFA35E2E66A4}.Net20|x86.Build.0 = Release|Any CPU
		{8B398427-3D4E-4CB8-B0F0-CFA35E2E66A4}.Network|Any CPU.ActiveCfg = Release|Any CPU
		{8B398427-3D4E-4CB8-B0F0-CFA35E2E66A4}.Network|Any CPU.Build.0 = Release|Any CPU
		{8B398427-3D4E-4CB8-B0F0-CFA35E2E66A4}.Network|Mixed Platforms.ActiveCfg = Release|Any CPU
		{8B398427-3D4E-4CB8-B0F0-CFA35E2E66A4}.Network|Mixed Platforms.Build.0 = Release|Any CPU
		{8B398427-3D4E-4CB8-B0F0-CFA35E2E66A4}.Network|x64.ActiveCfg = Release|Any CPU
		{8B398427-3D4E-4CB8-B0F0-CFA35E2E66A4}.Network|x64.Build.0 = Release|Any CPU
		{8B398427-3D4E-4CB8-B0F0-CFA35E2E66A4}.Network|x86.ActiveCfg = Release|Any CPU
		{8B398427-3D4E-4CB8-B0F0-CFA35E2E66A4}.Network|x86.Build.0 = Release|Any CPU
		{8B398427-3D4E-4CB8-B0F0-CFA35E2E66A4}.Profile|Any CPU.ActiveCfg = Release|Any CPU
		{8B398427-3D4E-4CB8-B0F0-CFA35E2E66A4}.Profile|Any CPU.Build.0 = Release|Any CPU
		{8B398427-3D4E-4CB8-B0F0-CFA35E2E66A4}.Profile|Mixed Platforms.ActiveCfg = Release|Any CPU
		{8B398427-3D4E-4CB8-B0F0-CFA35E2E66A4}.Profile|Mixed Platforms.Build.0 = Release|Any CPU
		{8B398427-3D4E-4CB8-B0F0-CFA35E2E66A4}.Profile|x64.ActiveCfg = Release|Any CPU
		{8B398427-3D4E-4CB8-B0F0-CFA35E2E66A4}.Profile|x64.Build.0 = Release|Any CPU
		{8B398427-3D4E-4CB8-B0F0-CFA35E2E66A4}.Profile|x86.ActiveCfg = Release|Any CPU
		{8B398427-3D4E-4CB8-B0F0-CFA35E2E66A4}.Profile|x86.Build.0 = Release|Any CPU
		{8B398427-3D4E-4CB8-B0F0-CFA35E2E66A4}.Release|Any CPU.ActiveCfg = Release|Any CPU
		{8B398427-3D4E-4CB8-B0F0-CFA35E2E66A4}.Release|Any CPU.Build.0 = Release|Any CPU
		{8B398427-3D4E-4CB8-B0F0-CFA35E2E66A4}.Release|Mixed Platforms.ActiveCfg = Release|Any CPU
		{8B398427-3D4E-4CB8-B0F0-CFA35E2E66A4}.Release|Mixed Platforms.Build.0 = Release|Any CPU
		{8B398427-3D4E-4CB8-B0F0-CFA35E2E66A4}.Release|x64.ActiveCfg = Release|Any CPU
		{8B398427-3D4E-4CB8-B0F0-CFA35E2E66A4}.Release|x64.Build.0 = Release|Any CPU
		{8B398427-3D4E-4CB8-B0F0-CFA35E2E66A4}.Release|x86.ActiveCfg = Release|Any CPU
		{8B398427-3D4E-4CB8-B0F0-CFA35E2E66A4}.Release|x86.Build.0 = Release|Any CPU
		{8B398427-3D4E-4CB8-B0F0-CFA35E2E66A4}.Silverlight2|Any CPU.ActiveCfg = Release|Any CPU
		{8B398427-3D4E-4CB8-B0F0-CFA35E2E66A4}.Silverlight2|Any CPU.Build.0 = Release|Any CPU
		{8B398427-3D4E-4CB8-B0F0-CFA35E2E66A4}.Silverlight2|Mixed Platforms.ActiveCfg = Release|Any CPU
		{8B398427-3D4E-4CB8-B0F0-CFA35E2E66A4}.Silverlight2|Mixed Platforms.Build.0 = Release|Any CPU
		{8B398427-3D4E-4CB8-B0F0-CFA35E2E66A4}.Silverlight2|x64.ActiveCfg = Release|Any CPU
		{8B398427-3D4E-4CB8-B0F0-CFA35E2E66A4}.Silverlight2|x64.Build.0 = Release|Any CPU
		{8B398427-3D4E-4CB8-B0F0-CFA35E2E66A4}.Silverlight2|x86.ActiveCfg = Release|Any CPU
		{8B398427-3D4E-4CB8-B0F0-CFA35E2E66A4}.Silverlight2|x86.Build.0 = Release|Any CPU
	EndGlobalSection
	GlobalSection(SolutionProperties) = preSolution
		HideSolutionNode = FALSE
	EndGlobalSection
	GlobalSection(NestedProjects) = preSolution
		{418F2CBD-5DB3-47D4-BEE1-2C69AA6D1914} = {5918AABB-A5DE-4195-83E0-7919263532DA}
		{0B2E9F70-7046-470A-8E5D-EBD47F030DDC} = {5918AABB-A5DE-4195-83E0-7919263532DA}
		{DC89987D-5817-4F1D-95CA-80C024C8D6BB} = {5918AABB-A5DE-4195-83E0-7919263532DA}
		{5778ED3F-48BA-46F3-AA71-801FB00865CC} = {5918AABB-A5DE-4195-83E0-7919263532DA}
		{D2FA8685-B964-498D-A34F-D191BE2CBA6B} = {5918AABB-A5DE-4195-83E0-7919263532DA}
		{73DA95FC-147C-40E6-9D23-8C13ACA4A737} = {5918AABB-A5DE-4195-83E0-7919263532DA}
		{A6C88306-63DC-4E60-95BB-112E3BC202F5} = {C7338702-1752-40EA-83C1-C4EB6002C43A}
		{D527CE3C-EECF-45EF-AE6E-E88DE37D3708} = {C7338702-1752-40EA-83C1-C4EB6002C43A}
		{960444F7-E932-4773-B798-DF92EA58A0C3} = {6246A47B-B83D-41C3-B156-8A4E29F60E84}
	EndGlobalSection
EndGlobal
