Microsoft Visual Studio Solution File, Format Version 12.00
# Visual Studio 15
VisualStudioVersion = 15.0.27130.2027
MinimumVisualStudioVersion = 10.0.40219.1
Project("{2150E333-8FDC-42A3-9474-1A3956D46DE8}") = "Solution Items", "Solution Items", "{88C39322-1174-4C9E-A198-2A64F43C84BB}"
	ProjectSection(SolutionItems) = preProject
		ATTRIBUTIONS.md = ATTRIBUTIONS.md
		LICENSE.md = LICENSE.md
		README.md = README.md
	EndProjectSection
EndProject
Project("{2150E333-8FDC-42A3-9474-1A3956D46DE8}") = "lib", "lib", "{8B9AE201-2519-479A-872B-9EC9CBFEC7FE}"
EndProject
Project("{9A19103F-16F7-4668-BE54-9A1E7A4F7556}") = "Shanism.Server", "src\Server\Shanism.Server.csproj", "{4746B339-5C00-4965-BEA9-43E9D79D4693}"
EndProject
Project("{9A19103F-16F7-4668-BE54-9A1E7A4F7556}") = "Shanism.Client", "src\Client\Shanism.Client.csproj", "{9D7BF384-9B4E-4EF2-87C8-CE3C987AA024}"
EndProject
Project("{9A19103F-16F7-4668-BE54-9A1E7A4F7556}") = "Shanism.Common", "src\Common\Shanism.Common.csproj", "{F1244C1D-C027-4542-9052-3470FE9B9B55}"
EndProject
Project("{9A19103F-16F7-4668-BE54-9A1E7A4F7556}") = "Shanism.Engine", "src\Engine\Shanism.Engine.csproj", "{F115EC25-DCC8-4575-842C-96F1D5A62AF3}"
EndProject
Project("{9A19103F-16F7-4668-BE54-9A1E7A4F7556}") = "Ix.Logging", "lib\Ix.Logging\Ix.Logging.csproj", "{DC1EE0E1-D44D-40D5-BB0D-99AD69D34E36}"
EndProject
Project("{9A19103F-16F7-4668-BE54-9A1E7A4F7556}") = "Shanism.Engine.Tests", "src\Engine.Tests\Shanism.Engine.Tests.csproj", "{720A3BD1-7112-4D7B-9467-A25D8BB17011}"
EndProject
Project("{9A19103F-16F7-4668-BE54-9A1E7A4F7556}") = "VelcroPhysics", "lib\VelcroPhysics\VelcroPhysics\VelcroPhysics.csproj", "{761F490F-7B36-49E9-986E-9EF181C29910}"
EndProject
Project("{2150E333-8FDC-42A3-9474-1A3956D46DE8}") = "Tools", "Tools", "{5452C6C4-573E-4005-BF99-F4F41FF161A5}"
EndProject
Project("{9A19103F-16F7-4668-BE54-9A1E7A4F7556}") = "Ix.Core", "lib\Ix.Core\src\Ix.Core.csproj", "{1831697A-AAFA-4310-9D56-4F9606262E59}"
EndProject
Project("{9A19103F-16F7-4668-BE54-9A1E7A4F7556}") = "Shanism.Client.Test", "src\Client.Test\Shanism.Client.Test.csproj", "{8722B781-E2B2-4C66-B7D0-D35D08636C53}"
EndProject
Project("{9A19103F-16F7-4668-BE54-9A1E7A4F7556}") = "Shanism.Editor", "src\Editor\Shanism.Editor.csproj", "{75A36F29-630D-4CE1-B648-B16CD41CF525}"
EndProject
Project("{9A19103F-16F7-4668-BE54-9A1E7A4F7556}") = "Shanism.Editor.Tests", "src\Editor.Tests\Shanism.Editor.Tests.csproj", "{3CFE982B-4D53-4B29-918A-BA485C039478}"
EndProject
Project("{9A19103F-16F7-4668-BE54-9A1E7A4F7556}") = "Shanism.Game", "src\Game\Shanism.Game.csproj", "{73A96BAD-4C4A-483B-9E3F-A51656347A97}"
EndProject
Project("{9A19103F-16F7-4668-BE54-9A1E7A4F7556}") = "ContentBuilder", "src\ContentBuilder\ContentBuilder.csproj", "{0F502A04-31AB-4268-949E-E46A2B4E1789}"
EndProject
Project("{9A19103F-16F7-4668-BE54-9A1E7A4F7556}") = "Shanism.Network", "src\Network\Shanism.Network.csproj", "{CB5F83D4-1C28-45AF-8E2F-12BD394367DF}"
EndProject
Project("{9A19103F-16F7-4668-BE54-9A1E7A4F7556}") = "Shanism.Network.Tests", "src\Network.Tests\Shanism.Network.Tests.csproj", "{40329165-B56D-45C1-8726-5389FF02DD06}"
EndProject
Project("{9A19103F-16F7-4668-BE54-9A1E7A4F7556}") = "Shanism.Scenario", "src\Scenario\Shanism.Scenario.csproj", "{C6AA5491-F324-4E7D-B511-49F1AE3F61BD}"
EndProject
Global
	GlobalSection(SolutionConfigurationPlatforms) = preSolution
		Content|Any CPU = Content|Any CPU
		Content|Mixed Platforms = Content|Mixed Platforms
		Content|x64 = Content|x64
		Content|x86 = Content|x86
		Debug|Any CPU = Debug|Any CPU
		Debug|Mixed Platforms = Debug|Mixed Platforms
		Debug|x64 = Debug|x64
		Debug|x86 = Debug|x86
		iOS|Any CPU = iOS|Any CPU
		iOS|Mixed Platforms = iOS|Mixed Platforms
		iOS|x64 = iOS|x64
		iOS|x86 = iOS|x86
		Net20|Any CPU = Net20|Any CPU
		Net20|Mixed Platforms = Net20|Mixed Platforms
		Net20|x64 = Net20|x64
		Net20|x86 = Net20|x86
		Release|Any CPU = Release|Any CPU
		Release|Mixed Platforms = Release|Mixed Platforms
		Release|x64 = Release|x64
		Release|x86 = Release|x86
	EndGlobalSection
	GlobalSection(ProjectConfigurationPlatforms) = postSolution
		{4746B339-5C00-4965-BEA9-43E9D79D4693}.Content|Any CPU.ActiveCfg = Release|Any CPU
		{4746B339-5C00-4965-BEA9-43E9D79D4693}.Content|Any CPU.Build.0 = Release|Any CPU
		{4746B339-5C00-4965-BEA9-43E9D79D4693}.Content|Mixed Platforms.ActiveCfg = Release|Any CPU
		{4746B339-5C00-4965-BEA9-43E9D79D4693}.Content|Mixed Platforms.Build.0 = Release|Any CPU
		{4746B339-5C00-4965-BEA9-43E9D79D4693}.Content|x64.ActiveCfg = Debug|Any CPU
		{4746B339-5C00-4965-BEA9-43E9D79D4693}.Content|x64.Build.0 = Debug|Any CPU
		{4746B339-5C00-4965-BEA9-43E9D79D4693}.Content|x86.ActiveCfg = Release|Any CPU
		{4746B339-5C00-4965-BEA9-43E9D79D4693}.Content|x86.Build.0 = Release|Any CPU
		{4746B339-5C00-4965-BEA9-43E9D79D4693}.Debug|Any CPU.ActiveCfg = Debug|Any CPU
		{4746B339-5C00-4965-BEA9-43E9D79D4693}.Debug|Any CPU.Build.0 = Debug|Any CPU
		{4746B339-5C00-4965-BEA9-43E9D79D4693}.Debug|Mixed Platforms.ActiveCfg = Debug|Any CPU
		{4746B339-5C00-4965-BEA9-43E9D79D4693}.Debug|Mixed Platforms.Build.0 = Debug|Any CPU
		{4746B339-5C00-4965-BEA9-43E9D79D4693}.Debug|x64.ActiveCfg = Debug|Any CPU
		{4746B339-5C00-4965-BEA9-43E9D79D4693}.Debug|x64.Build.0 = Debug|Any CPU
		{4746B339-5C00-4965-BEA9-43E9D79D4693}.Debug|x86.ActiveCfg = Debug|Any CPU
		{4746B339-5C00-4965-BEA9-43E9D79D4693}.Debug|x86.Build.0 = Debug|Any CPU
		{4746B339-5C00-4965-BEA9-43E9D79D4693}.iOS|Any CPU.ActiveCfg = Release|Any CPU
		{4746B339-5C00-4965-BEA9-43E9D79D4693}.iOS|Any CPU.Build.0 = Release|Any CPU
		{4746B339-5C00-4965-BEA9-43E9D79D4693}.iOS|Mixed Platforms.ActiveCfg = Release|Any CPU
		{4746B339-5C00-4965-BEA9-43E9D79D4693}.iOS|Mixed Platforms.Build.0 = Release|Any CPU
		{4746B339-5C00-4965-BEA9-43E9D79D4693}.iOS|x64.ActiveCfg = Debug|Any CPU
		{4746B339-5C00-4965-BEA9-43E9D79D4693}.iOS|x64.Build.0 = Debug|Any CPU
		{4746B339-5C00-4965-BEA9-43E9D79D4693}.iOS|x86.ActiveCfg = Release|Any CPU
		{4746B339-5C00-4965-BEA9-43E9D79D4693}.iOS|x86.Build.0 = Release|Any CPU
		{4746B339-5C00-4965-BEA9-43E9D79D4693}.Net20|Any CPU.ActiveCfg = Release|Any CPU
		{4746B339-5C00-4965-BEA9-43E9D79D4693}.Net20|Any CPU.Build.0 = Release|Any CPU
		{4746B339-5C00-4965-BEA9-43E9D79D4693}.Net20|Mixed Platforms.ActiveCfg = Release|Any CPU
		{4746B339-5C00-4965-BEA9-43E9D79D4693}.Net20|Mixed Platforms.Build.0 = Release|Any CPU
		{4746B339-5C00-4965-BEA9-43E9D79D4693}.Net20|x64.ActiveCfg = Debug|Any CPU
		{4746B339-5C00-4965-BEA9-43E9D79D4693}.Net20|x64.Build.0 = Debug|Any CPU
		{4746B339-5C00-4965-BEA9-43E9D79D4693}.Net20|x86.ActiveCfg = Release|Any CPU
		{4746B339-5C00-4965-BEA9-43E9D79D4693}.Net20|x86.Build.0 = Release|Any CPU
		{4746B339-5C00-4965-BEA9-43E9D79D4693}.Release|Any CPU.ActiveCfg = Release|Any CPU
		{4746B339-5C00-4965-BEA9-43E9D79D4693}.Release|Any CPU.Build.0 = Release|Any CPU
		{4746B339-5C00-4965-BEA9-43E9D79D4693}.Release|Mixed Platforms.ActiveCfg = Release|Any CPU
		{4746B339-5C00-4965-BEA9-43E9D79D4693}.Release|Mixed Platforms.Build.0 = Release|Any CPU
		{4746B339-5C00-4965-BEA9-43E9D79D4693}.Release|x64.ActiveCfg = Release|Any CPU
		{4746B339-5C00-4965-BEA9-43E9D79D4693}.Release|x64.Build.0 = Release|Any CPU
		{4746B339-5C00-4965-BEA9-43E9D79D4693}.Release|x86.ActiveCfg = Release|Any CPU
		{4746B339-5C00-4965-BEA9-43E9D79D4693}.Release|x86.Build.0 = Release|Any CPU
		{9D7BF384-9B4E-4EF2-87C8-CE3C987AA024}.Content|Any CPU.ActiveCfg = Release|Any CPU
		{9D7BF384-9B4E-4EF2-87C8-CE3C987AA024}.Content|Any CPU.Build.0 = Release|Any CPU
		{9D7BF384-9B4E-4EF2-87C8-CE3C987AA024}.Content|Mixed Platforms.ActiveCfg = Debug|Any CPU
		{9D7BF384-9B4E-4EF2-87C8-CE3C987AA024}.Content|Mixed Platforms.Build.0 = Debug|Any CPU
		{9D7BF384-9B4E-4EF2-87C8-CE3C987AA024}.Content|x64.ActiveCfg = Release|Any CPU
		{9D7BF384-9B4E-4EF2-87C8-CE3C987AA024}.Content|x64.Build.0 = Release|Any CPU
		{9D7BF384-9B4E-4EF2-87C8-CE3C987AA024}.Content|x86.ActiveCfg = Debug|Any CPU
		{9D7BF384-9B4E-4EF2-87C8-CE3C987AA024}.Content|x86.Build.0 = Debug|Any CPU
		{9D7BF384-9B4E-4EF2-87C8-CE3C987AA024}.Debug|Any CPU.ActiveCfg = Debug|Any CPU
		{9D7BF384-9B4E-4EF2-87C8-CE3C987AA024}.Debug|Any CPU.Build.0 = Debug|Any CPU
		{9D7BF384-9B4E-4EF2-87C8-CE3C987AA024}.Debug|Mixed Platforms.ActiveCfg = Debug|Any CPU
		{9D7BF384-9B4E-4EF2-87C8-CE3C987AA024}.Debug|Mixed Platforms.Build.0 = Debug|Any CPU
		{9D7BF384-9B4E-4EF2-87C8-CE3C987AA024}.Debug|x64.ActiveCfg = Debug|Any CPU
		{9D7BF384-9B4E-4EF2-87C8-CE3C987AA024}.Debug|x64.Build.0 = Debug|Any CPU
		{9D7BF384-9B4E-4EF2-87C8-CE3C987AA024}.Debug|x86.ActiveCfg = Debug|Any CPU
		{9D7BF384-9B4E-4EF2-87C8-CE3C987AA024}.Debug|x86.Build.0 = Debug|Any CPU
		{9D7BF384-9B4E-4EF2-87C8-CE3C987AA024}.iOS|Any CPU.ActiveCfg = Release|Any CPU
		{9D7BF384-9B4E-4EF2-87C8-CE3C987AA024}.iOS|Any CPU.Build.0 = Release|Any CPU
		{9D7BF384-9B4E-4EF2-87C8-CE3C987AA024}.iOS|Mixed Platforms.ActiveCfg = Debug|Any CPU
		{9D7BF384-9B4E-4EF2-87C8-CE3C987AA024}.iOS|Mixed Platforms.Build.0 = Debug|Any CPU
		{9D7BF384-9B4E-4EF2-87C8-CE3C987AA024}.iOS|x64.ActiveCfg = Release|Any CPU
		{9D7BF384-9B4E-4EF2-87C8-CE3C987AA024}.iOS|x64.Build.0 = Release|Any CPU
		{9D7BF384-9B4E-4EF2-87C8-CE3C987AA024}.iOS|x86.ActiveCfg = Debug|Any CPU
		{9D7BF384-9B4E-4EF2-87C8-CE3C987AA024}.iOS|x86.Build.0 = Debug|Any CPU
		{9D7BF384-9B4E-4EF2-87C8-CE3C987AA024}.Net20|Any CPU.ActiveCfg = Release|Any CPU
		{9D7BF384-9B4E-4EF2-87C8-CE3C987AA024}.Net20|Any CPU.Build.0 = Release|Any CPU
		{9D7BF384-9B4E-4EF2-87C8-CE3C987AA024}.Net20|Mixed Platforms.ActiveCfg = Debug|Any CPU
		{9D7BF384-9B4E-4EF2-87C8-CE3C987AA024}.Net20|Mixed Platforms.Build.0 = Debug|Any CPU
		{9D7BF384-9B4E-4EF2-87C8-CE3C987AA024}.Net20|x64.ActiveCfg = Release|Any CPU
		{9D7BF384-9B4E-4EF2-87C8-CE3C987AA024}.Net20|x64.Build.0 = Release|Any CPU
		{9D7BF384-9B4E-4EF2-87C8-CE3C987AA024}.Net20|x86.ActiveCfg = Debug|Any CPU
		{9D7BF384-9B4E-4EF2-87C8-CE3C987AA024}.Net20|x86.Build.0 = Debug|Any CPU
		{9D7BF384-9B4E-4EF2-87C8-CE3C987AA024}.Release|Any CPU.ActiveCfg = Release|Any CPU
		{9D7BF384-9B4E-4EF2-87C8-CE3C987AA024}.Release|Any CPU.Build.0 = Release|Any CPU
		{9D7BF384-9B4E-4EF2-87C8-CE3C987AA024}.Release|Mixed Platforms.ActiveCfg = Release|Any CPU
		{9D7BF384-9B4E-4EF2-87C8-CE3C987AA024}.Release|Mixed Platforms.Build.0 = Release|Any CPU
		{9D7BF384-9B4E-4EF2-87C8-CE3C987AA024}.Release|x64.ActiveCfg = Release|Any CPU
		{9D7BF384-9B4E-4EF2-87C8-CE3C987AA024}.Release|x64.Build.0 = Release|Any CPU
		{9D7BF384-9B4E-4EF2-87C8-CE3C987AA024}.Release|x86.ActiveCfg = Release|Any CPU
		{9D7BF384-9B4E-4EF2-87C8-CE3C987AA024}.Release|x86.Build.0 = Release|Any CPU
		{F1244C1D-C027-4542-9052-3470FE9B9B55}.Content|Any CPU.ActiveCfg = Debug|Any CPU
		{F1244C1D-C027-4542-9052-3470FE9B9B55}.Content|Any CPU.Build.0 = Debug|Any CPU
		{F1244C1D-C027-4542-9052-3470FE9B9B55}.Content|Mixed Platforms.ActiveCfg = Debug|Any CPU
		{F1244C1D-C027-4542-9052-3470FE9B9B55}.Content|Mixed Platforms.Build.0 = Debug|Any CPU
		{F1244C1D-C027-4542-9052-3470FE9B9B55}.Content|x64.ActiveCfg = Debug|Any CPU
		{F1244C1D-C027-4542-9052-3470FE9B9B55}.Content|x64.Build.0 = Debug|Any CPU
		{F1244C1D-C027-4542-9052-3470FE9B9B55}.Content|x86.ActiveCfg = Debug|Any CPU
		{F1244C1D-C027-4542-9052-3470FE9B9B55}.Content|x86.Build.0 = Debug|Any CPU
		{F1244C1D-C027-4542-9052-3470FE9B9B55}.Debug|Any CPU.ActiveCfg = Debug|Any CPU
		{F1244C1D-C027-4542-9052-3470FE9B9B55}.Debug|Any CPU.Build.0 = Debug|Any CPU
		{F1244C1D-C027-4542-9052-3470FE9B9B55}.Debug|Mixed Platforms.ActiveCfg = Debug|Any CPU
		{F1244C1D-C027-4542-9052-3470FE9B9B55}.Debug|Mixed Platforms.Build.0 = Debug|Any CPU
		{F1244C1D-C027-4542-9052-3470FE9B9B55}.Debug|x64.ActiveCfg = Debug|Any CPU
		{F1244C1D-C027-4542-9052-3470FE9B9B55}.Debug|x64.Build.0 = Debug|Any CPU
		{F1244C1D-C027-4542-9052-3470FE9B9B55}.Debug|x86.ActiveCfg = Debug|Any CPU
		{F1244C1D-C027-4542-9052-3470FE9B9B55}.Debug|x86.Build.0 = Debug|Any CPU
		{F1244C1D-C027-4542-9052-3470FE9B9B55}.iOS|Any CPU.ActiveCfg = Debug|Any CPU
		{F1244C1D-C027-4542-9052-3470FE9B9B55}.iOS|Any CPU.Build.0 = Debug|Any CPU
		{F1244C1D-C027-4542-9052-3470FE9B9B55}.iOS|Mixed Platforms.ActiveCfg = Debug|Any CPU
		{F1244C1D-C027-4542-9052-3470FE9B9B55}.iOS|Mixed Platforms.Build.0 = Debug|Any CPU
		{F1244C1D-C027-4542-9052-3470FE9B9B55}.iOS|x64.ActiveCfg = Debug|Any CPU
		{F1244C1D-C027-4542-9052-3470FE9B9B55}.iOS|x64.Build.0 = Debug|Any CPU
		{F1244C1D-C027-4542-9052-3470FE9B9B55}.iOS|x86.ActiveCfg = Debug|Any CPU
		{F1244C1D-C027-4542-9052-3470FE9B9B55}.iOS|x86.Build.0 = Debug|Any CPU
		{F1244C1D-C027-4542-9052-3470FE9B9B55}.Net20|Any CPU.ActiveCfg = Debug|Any CPU
		{F1244C1D-C027-4542-9052-3470FE9B9B55}.Net20|Any CPU.Build.0 = Debug|Any CPU
		{F1244C1D-C027-4542-9052-3470FE9B9B55}.Net20|Mixed Platforms.ActiveCfg = Debug|Any CPU
		{F1244C1D-C027-4542-9052-3470FE9B9B55}.Net20|Mixed Platforms.Build.0 = Debug|Any CPU
		{F1244C1D-C027-4542-9052-3470FE9B9B55}.Net20|x64.ActiveCfg = Debug|Any CPU
		{F1244C1D-C027-4542-9052-3470FE9B9B55}.Net20|x64.Build.0 = Debug|Any CPU
		{F1244C1D-C027-4542-9052-3470FE9B9B55}.Net20|x86.ActiveCfg = Debug|Any CPU
		{F1244C1D-C027-4542-9052-3470FE9B9B55}.Net20|x86.Build.0 = Debug|Any CPU
		{F1244C1D-C027-4542-9052-3470FE9B9B55}.Release|Any CPU.ActiveCfg = Release|Any CPU
		{F1244C1D-C027-4542-9052-3470FE9B9B55}.Release|Any CPU.Build.0 = Release|Any CPU
		{F1244C1D-C027-4542-9052-3470FE9B9B55}.Release|Mixed Platforms.ActiveCfg = Release|Any CPU
		{F1244C1D-C027-4542-9052-3470FE9B9B55}.Release|Mixed Platforms.Build.0 = Release|Any CPU
		{F1244C1D-C027-4542-9052-3470FE9B9B55}.Release|x64.ActiveCfg = Release|Any CPU
		{F1244C1D-C027-4542-9052-3470FE9B9B55}.Release|x64.Build.0 = Release|Any CPU
		{F1244C1D-C027-4542-9052-3470FE9B9B55}.Release|x86.ActiveCfg = Release|Any CPU
		{F1244C1D-C027-4542-9052-3470FE9B9B55}.Release|x86.Build.0 = Release|Any CPU
		{F115EC25-DCC8-4575-842C-96F1D5A62AF3}.Content|Any CPU.ActiveCfg = Debug|Any CPU
		{F115EC25-DCC8-4575-842C-96F1D5A62AF3}.Content|Any CPU.Build.0 = Debug|Any CPU
		{F115EC25-DCC8-4575-842C-96F1D5A62AF3}.Content|Mixed Platforms.ActiveCfg = Debug|Any CPU
		{F115EC25-DCC8-4575-842C-96F1D5A62AF3}.Content|Mixed Platforms.Build.0 = Debug|Any CPU
		{F115EC25-DCC8-4575-842C-96F1D5A62AF3}.Content|x64.ActiveCfg = Debug|Any CPU
		{F115EC25-DCC8-4575-842C-96F1D5A62AF3}.Content|x64.Build.0 = Debug|Any CPU
		{F115EC25-DCC8-4575-842C-96F1D5A62AF3}.Content|x86.ActiveCfg = Debug|Any CPU
		{F115EC25-DCC8-4575-842C-96F1D5A62AF3}.Content|x86.Build.0 = Debug|Any CPU
		{F115EC25-DCC8-4575-842C-96F1D5A62AF3}.Debug|Any CPU.ActiveCfg = Debug|Any CPU
		{F115EC25-DCC8-4575-842C-96F1D5A62AF3}.Debug|Any CPU.Build.0 = Debug|Any CPU
		{F115EC25-DCC8-4575-842C-96F1D5A62AF3}.Debug|Mixed Platforms.ActiveCfg = Debug|Any CPU
		{F115EC25-DCC8-4575-842C-96F1D5A62AF3}.Debug|Mixed Platforms.Build.0 = Debug|Any CPU
		{F115EC25-DCC8-4575-842C-96F1D5A62AF3}.Debug|x64.ActiveCfg = Debug|Any CPU
		{F115EC25-DCC8-4575-842C-96F1D5A62AF3}.Debug|x64.Build.0 = Debug|Any CPU
		{F115EC25-DCC8-4575-842C-96F1D5A62AF3}.Debug|x86.ActiveCfg = Debug|Any CPU
		{F115EC25-DCC8-4575-842C-96F1D5A62AF3}.Debug|x86.Build.0 = Debug|Any CPU
		{F115EC25-DCC8-4575-842C-96F1D5A62AF3}.iOS|Any CPU.ActiveCfg = Debug|Any CPU
		{F115EC25-DCC8-4575-842C-96F1D5A62AF3}.iOS|Any CPU.Build.0 = Debug|Any CPU
		{F115EC25-DCC8-4575-842C-96F1D5A62AF3}.iOS|Mixed Platforms.ActiveCfg = Debug|Any CPU
		{F115EC25-DCC8-4575-842C-96F1D5A62AF3}.iOS|Mixed Platforms.Build.0 = Debug|Any CPU
		{F115EC25-DCC8-4575-842C-96F1D5A62AF3}.iOS|x64.ActiveCfg = Debug|Any CPU
		{F115EC25-DCC8-4575-842C-96F1D5A62AF3}.iOS|x64.Build.0 = Debug|Any CPU
		{F115EC25-DCC8-4575-842C-96F1D5A62AF3}.iOS|x86.ActiveCfg = Debug|Any CPU
		{F115EC25-DCC8-4575-842C-96F1D5A62AF3}.iOS|x86.Build.0 = Debug|Any CPU
		{F115EC25-DCC8-4575-842C-96F1D5A62AF3}.Net20|Any CPU.ActiveCfg = Debug|Any CPU
		{F115EC25-DCC8-4575-842C-96F1D5A62AF3}.Net20|Any CPU.Build.0 = Debug|Any CPU
		{F115EC25-DCC8-4575-842C-96F1D5A62AF3}.Net20|Mixed Platforms.ActiveCfg = Debug|Any CPU
		{F115EC25-DCC8-4575-842C-96F1D5A62AF3}.Net20|Mixed Platforms.Build.0 = Debug|Any CPU
		{F115EC25-DCC8-4575-842C-96F1D5A62AF3}.Net20|x64.ActiveCfg = Debug|Any CPU
		{F115EC25-DCC8-4575-842C-96F1D5A62AF3}.Net20|x64.Build.0 = Debug|Any CPU
		{F115EC25-DCC8-4575-842C-96F1D5A62AF3}.Net20|x86.ActiveCfg = Debug|Any CPU
		{F115EC25-DCC8-4575-842C-96F1D5A62AF3}.Net20|x86.Build.0 = Debug|Any CPU
		{F115EC25-DCC8-4575-842C-96F1D5A62AF3}.Release|Any CPU.ActiveCfg = Release|Any CPU
		{F115EC25-DCC8-4575-842C-96F1D5A62AF3}.Release|Any CPU.Build.0 = Release|Any CPU
		{F115EC25-DCC8-4575-842C-96F1D5A62AF3}.Release|Mixed Platforms.ActiveCfg = Release|Any CPU
		{F115EC25-DCC8-4575-842C-96F1D5A62AF3}.Release|Mixed Platforms.Build.0 = Release|Any CPU
		{F115EC25-DCC8-4575-842C-96F1D5A62AF3}.Release|x64.ActiveCfg = Release|Any CPU
		{F115EC25-DCC8-4575-842C-96F1D5A62AF3}.Release|x64.Build.0 = Release|Any CPU
		{F115EC25-DCC8-4575-842C-96F1D5A62AF3}.Release|x86.ActiveCfg = Release|Any CPU
		{F115EC25-DCC8-4575-842C-96F1D5A62AF3}.Release|x86.Build.0 = Release|Any CPU
		{DC1EE0E1-D44D-40D5-BB0D-99AD69D34E36}.Content|Any CPU.ActiveCfg = Debug|Any CPU
		{DC1EE0E1-D44D-40D5-BB0D-99AD69D34E36}.Content|Any CPU.Build.0 = Debug|Any CPU
		{DC1EE0E1-D44D-40D5-BB0D-99AD69D34E36}.Content|Mixed Platforms.ActiveCfg = Debug|Any CPU
		{DC1EE0E1-D44D-40D5-BB0D-99AD69D34E36}.Content|Mixed Platforms.Build.0 = Debug|Any CPU
		{DC1EE0E1-D44D-40D5-BB0D-99AD69D34E36}.Content|x64.ActiveCfg = Debug|Any CPU
		{DC1EE0E1-D44D-40D5-BB0D-99AD69D34E36}.Content|x64.Build.0 = Debug|Any CPU
		{DC1EE0E1-D44D-40D5-BB0D-99AD69D34E36}.Content|x86.ActiveCfg = Debug|Any CPU
		{DC1EE0E1-D44D-40D5-BB0D-99AD69D34E36}.Content|x86.Build.0 = Debug|Any CPU
		{DC1EE0E1-D44D-40D5-BB0D-99AD69D34E36}.Debug|Any CPU.ActiveCfg = Debug|Any CPU
		{DC1EE0E1-D44D-40D5-BB0D-99AD69D34E36}.Debug|Any CPU.Build.0 = Debug|Any CPU
		{DC1EE0E1-D44D-40D5-BB0D-99AD69D34E36}.Debug|Mixed Platforms.ActiveCfg = Debug|Any CPU
		{DC1EE0E1-D44D-40D5-BB0D-99AD69D34E36}.Debug|Mixed Platforms.Build.0 = Debug|Any CPU
		{DC1EE0E1-D44D-40D5-BB0D-99AD69D34E36}.Debug|x64.ActiveCfg = Debug|Any CPU
		{DC1EE0E1-D44D-40D5-BB0D-99AD69D34E36}.Debug|x64.Build.0 = Debug|Any CPU
		{DC1EE0E1-D44D-40D5-BB0D-99AD69D34E36}.Debug|x86.ActiveCfg = Debug|Any CPU
		{DC1EE0E1-D44D-40D5-BB0D-99AD69D34E36}.Debug|x86.Build.0 = Debug|Any CPU
		{DC1EE0E1-D44D-40D5-BB0D-99AD69D34E36}.iOS|Any CPU.ActiveCfg = Debug|Any CPU
		{DC1EE0E1-D44D-40D5-BB0D-99AD69D34E36}.iOS|Any CPU.Build.0 = Debug|Any CPU
		{DC1EE0E1-D44D-40D5-BB0D-99AD69D34E36}.iOS|Mixed Platforms.ActiveCfg = Debug|Any CPU
		{DC1EE0E1-D44D-40D5-BB0D-99AD69D34E36}.iOS|Mixed Platforms.Build.0 = Debug|Any CPU
		{DC1EE0E1-D44D-40D5-BB0D-99AD69D34E36}.iOS|x64.ActiveCfg = Debug|Any CPU
		{DC1EE0E1-D44D-40D5-BB0D-99AD69D34E36}.iOS|x64.Build.0 = Debug|Any CPU
		{DC1EE0E1-D44D-40D5-BB0D-99AD69D34E36}.iOS|x86.ActiveCfg = Debug|Any CPU
		{DC1EE0E1-D44D-40D5-BB0D-99AD69D34E36}.iOS|x86.Build.0 = Debug|Any CPU
		{DC1EE0E1-D44D-40D5-BB0D-99AD69D34E36}.Net20|Any CPU.ActiveCfg = Debug|Any CPU
		{DC1EE0E1-D44D-40D5-BB0D-99AD69D34E36}.Net20|Any CPU.Build.0 = Debug|Any CPU
		{DC1EE0E1-D44D-40D5-BB0D-99AD69D34E36}.Net20|Mixed Platforms.ActiveCfg = Debug|Any CPU
		{DC1EE0E1-D44D-40D5-BB0D-99AD69D34E36}.Net20|Mixed Platforms.Build.0 = Debug|Any CPU
		{DC1EE0E1-D44D-40D5-BB0D-99AD69D34E36}.Net20|x64.ActiveCfg = Debug|Any CPU
		{DC1EE0E1-D44D-40D5-BB0D-99AD69D34E36}.Net20|x64.Build.0 = Debug|Any CPU
		{DC1EE0E1-D44D-40D5-BB0D-99AD69D34E36}.Net20|x86.ActiveCfg = Debug|Any CPU
		{DC1EE0E1-D44D-40D5-BB0D-99AD69D34E36}.Net20|x86.Build.0 = Debug|Any CPU
		{DC1EE0E1-D44D-40D5-BB0D-99AD69D34E36}.Release|Any CPU.ActiveCfg = Release|Any CPU
		{DC1EE0E1-D44D-40D5-BB0D-99AD69D34E36}.Release|Any CPU.Build.0 = Release|Any CPU
		{DC1EE0E1-D44D-40D5-BB0D-99AD69D34E36}.Release|Mixed Platforms.ActiveCfg = Release|Any CPU
		{DC1EE0E1-D44D-40D5-BB0D-99AD69D34E36}.Release|Mixed Platforms.Build.0 = Release|Any CPU
		{DC1EE0E1-D44D-40D5-BB0D-99AD69D34E36}.Release|x64.ActiveCfg = Release|Any CPU
		{DC1EE0E1-D44D-40D5-BB0D-99AD69D34E36}.Release|x64.Build.0 = Release|Any CPU
		{DC1EE0E1-D44D-40D5-BB0D-99AD69D34E36}.Release|x86.ActiveCfg = Release|Any CPU
		{DC1EE0E1-D44D-40D5-BB0D-99AD69D34E36}.Release|x86.Build.0 = Release|Any CPU
		{720A3BD1-7112-4D7B-9467-A25D8BB17011}.Content|Any CPU.ActiveCfg = Debug|Any CPU
		{720A3BD1-7112-4D7B-9467-A25D8BB17011}.Content|Any CPU.Build.0 = Debug|Any CPU
		{720A3BD1-7112-4D7B-9467-A25D8BB17011}.Content|Mixed Platforms.ActiveCfg = Debug|Any CPU
		{720A3BD1-7112-4D7B-9467-A25D8BB17011}.Content|Mixed Platforms.Build.0 = Debug|Any CPU
		{720A3BD1-7112-4D7B-9467-A25D8BB17011}.Content|x64.ActiveCfg = Debug|Any CPU
		{720A3BD1-7112-4D7B-9467-A25D8BB17011}.Content|x64.Build.0 = Debug|Any CPU
		{720A3BD1-7112-4D7B-9467-A25D8BB17011}.Content|x86.ActiveCfg = Debug|Any CPU
		{720A3BD1-7112-4D7B-9467-A25D8BB17011}.Content|x86.Build.0 = Debug|Any CPU
		{720A3BD1-7112-4D7B-9467-A25D8BB17011}.Debug|Any CPU.ActiveCfg = Debug|Any CPU
		{720A3BD1-7112-4D7B-9467-A25D8BB17011}.Debug|Any CPU.Build.0 = Debug|Any CPU
		{720A3BD1-7112-4D7B-9467-A25D8BB17011}.Debug|Mixed Platforms.ActiveCfg = Debug|Any CPU
		{720A3BD1-7112-4D7B-9467-A25D8BB17011}.Debug|Mixed Platforms.Build.0 = Debug|Any CPU
		{720A3BD1-7112-4D7B-9467-A25D8BB17011}.Debug|x64.ActiveCfg = Debug|Any CPU
		{720A3BD1-7112-4D7B-9467-A25D8BB17011}.Debug|x64.Build.0 = Debug|Any CPU
		{720A3BD1-7112-4D7B-9467-A25D8BB17011}.Debug|x86.ActiveCfg = Debug|Any CPU
		{720A3BD1-7112-4D7B-9467-A25D8BB17011}.Debug|x86.Build.0 = Debug|Any CPU
		{720A3BD1-7112-4D7B-9467-A25D8BB17011}.iOS|Any CPU.ActiveCfg = Debug|Any CPU
		{720A3BD1-7112-4D7B-9467-A25D8BB17011}.iOS|Any CPU.Build.0 = Debug|Any CPU
		{720A3BD1-7112-4D7B-9467-A25D8BB17011}.iOS|Mixed Platforms.ActiveCfg = Debug|Any CPU
		{720A3BD1-7112-4D7B-9467-A25D8BB17011}.iOS|Mixed Platforms.Build.0 = Debug|Any CPU
		{720A3BD1-7112-4D7B-9467-A25D8BB17011}.iOS|x64.ActiveCfg = Debug|Any CPU
		{720A3BD1-7112-4D7B-9467-A25D8BB17011}.iOS|x64.Build.0 = Debug|Any CPU
		{720A3BD1-7112-4D7B-9467-A25D8BB17011}.iOS|x86.ActiveCfg = Debug|Any CPU
		{720A3BD1-7112-4D7B-9467-A25D8BB17011}.iOS|x86.Build.0 = Debug|Any CPU
		{720A3BD1-7112-4D7B-9467-A25D8BB17011}.Net20|Any CPU.ActiveCfg = Debug|Any CPU
		{720A3BD1-7112-4D7B-9467-A25D8BB17011}.Net20|Any CPU.Build.0 = Debug|Any CPU
		{720A3BD1-7112-4D7B-9467-A25D8BB17011}.Net20|Mixed Platforms.ActiveCfg = Debug|Any CPU
		{720A3BD1-7112-4D7B-9467-A25D8BB17011}.Net20|Mixed Platforms.Build.0 = Debug|Any CPU
		{720A3BD1-7112-4D7B-9467-A25D8BB17011}.Net20|x64.ActiveCfg = Debug|Any CPU
		{720A3BD1-7112-4D7B-9467-A25D8BB17011}.Net20|x64.Build.0 = Debug|Any CPU
		{720A3BD1-7112-4D7B-9467-A25D8BB17011}.Net20|x86.ActiveCfg = Debug|Any CPU
		{720A3BD1-7112-4D7B-9467-A25D8BB17011}.Net20|x86.Build.0 = Debug|Any CPU
		{720A3BD1-7112-4D7B-9467-A25D8BB17011}.Release|Any CPU.ActiveCfg = Release|Any CPU
		{720A3BD1-7112-4D7B-9467-A25D8BB17011}.Release|Any CPU.Build.0 = Release|Any CPU
		{720A3BD1-7112-4D7B-9467-A25D8BB17011}.Release|Mixed Platforms.ActiveCfg = Release|Any CPU
		{720A3BD1-7112-4D7B-9467-A25D8BB17011}.Release|Mixed Platforms.Build.0 = Release|Any CPU
		{720A3BD1-7112-4D7B-9467-A25D8BB17011}.Release|x64.ActiveCfg = Release|Any CPU
		{720A3BD1-7112-4D7B-9467-A25D8BB17011}.Release|x64.Build.0 = Release|Any CPU
		{720A3BD1-7112-4D7B-9467-A25D8BB17011}.Release|x86.ActiveCfg = Release|Any CPU
		{720A3BD1-7112-4D7B-9467-A25D8BB17011}.Release|x86.Build.0 = Release|Any CPU
		{761F490F-7B36-49E9-986E-9EF181C29910}.Content|Any CPU.ActiveCfg = Debug|Any CPU
		{761F490F-7B36-49E9-986E-9EF181C29910}.Content|Any CPU.Build.0 = Debug|Any CPU
		{761F490F-7B36-49E9-986E-9EF181C29910}.Content|Mixed Platforms.ActiveCfg = Debug|Any CPU
		{761F490F-7B36-49E9-986E-9EF181C29910}.Content|Mixed Platforms.Build.0 = Debug|Any CPU
		{761F490F-7B36-49E9-986E-9EF181C29910}.Content|x64.ActiveCfg = Debug|Any CPU
		{761F490F-7B36-49E9-986E-9EF181C29910}.Content|x64.Build.0 = Debug|Any CPU
		{761F490F-7B36-49E9-986E-9EF181C29910}.Content|x86.ActiveCfg = Debug|Any CPU
		{761F490F-7B36-49E9-986E-9EF181C29910}.Content|x86.Build.0 = Debug|Any CPU
		{761F490F-7B36-49E9-986E-9EF181C29910}.Debug|Any CPU.ActiveCfg = Debug|Any CPU
		{761F490F-7B36-49E9-986E-9EF181C29910}.Debug|Any CPU.Build.0 = Debug|Any CPU
		{761F490F-7B36-49E9-986E-9EF181C29910}.Debug|Mixed Platforms.ActiveCfg = Debug|Any CPU
		{761F490F-7B36-49E9-986E-9EF181C29910}.Debug|Mixed Platforms.Build.0 = Debug|Any CPU
		{761F490F-7B36-49E9-986E-9EF181C29910}.Debug|x64.ActiveCfg = Debug|Any CPU
		{761F490F-7B36-49E9-986E-9EF181C29910}.Debug|x64.Build.0 = Debug|Any CPU
		{761F490F-7B36-49E9-986E-9EF181C29910}.Debug|x86.ActiveCfg = Debug|Any CPU
		{761F490F-7B36-49E9-986E-9EF181C29910}.Debug|x86.Build.0 = Debug|Any CPU
		{761F490F-7B36-49E9-986E-9EF181C29910}.iOS|Any CPU.ActiveCfg = Debug|Any CPU
		{761F490F-7B36-49E9-986E-9EF181C29910}.iOS|Any CPU.Build.0 = Debug|Any CPU
		{761F490F-7B36-49E9-986E-9EF181C29910}.iOS|Mixed Platforms.ActiveCfg = Debug|Any CPU
		{761F490F-7B36-49E9-986E-9EF181C29910}.iOS|Mixed Platforms.Build.0 = Debug|Any CPU
		{761F490F-7B36-49E9-986E-9EF181C29910}.iOS|x64.ActiveCfg = Debug|Any CPU
		{761F490F-7B36-49E9-986E-9EF181C29910}.iOS|x64.Build.0 = Debug|Any CPU
		{761F490F-7B36-49E9-986E-9EF181C29910}.iOS|x86.ActiveCfg = Debug|Any CPU
		{761F490F-7B36-49E9-986E-9EF181C29910}.iOS|x86.Build.0 = Debug|Any CPU
		{761F490F-7B36-49E9-986E-9EF181C29910}.Net20|Any CPU.ActiveCfg = Debug|Any CPU
		{761F490F-7B36-49E9-986E-9EF181C29910}.Net20|Any CPU.Build.0 = Debug|Any CPU
		{761F490F-7B36-49E9-986E-9EF181C29910}.Net20|Mixed Platforms.ActiveCfg = Debug|Any CPU
		{761F490F-7B36-49E9-986E-9EF181C29910}.Net20|Mixed Platforms.Build.0 = Debug|Any CPU
		{761F490F-7B36-49E9-986E-9EF181C29910}.Net20|x64.ActiveCfg = Debug|Any CPU
		{761F490F-7B36-49E9-986E-9EF181C29910}.Net20|x64.Build.0 = Debug|Any CPU
		{761F490F-7B36-49E9-986E-9EF181C29910}.Net20|x86.ActiveCfg = Debug|Any CPU
		{761F490F-7B36-49E9-986E-9EF181C29910}.Net20|x86.Build.0 = Debug|Any CPU
		{761F490F-7B36-49E9-986E-9EF181C29910}.Release|Any CPU.ActiveCfg = Release|Any CPU
		{761F490F-7B36-49E9-986E-9EF181C29910}.Release|Any CPU.Build.0 = Release|Any CPU
		{761F490F-7B36-49E9-986E-9EF181C29910}.Release|Mixed Platforms.ActiveCfg = Release|Any CPU
		{761F490F-7B36-49E9-986E-9EF181C29910}.Release|Mixed Platforms.Build.0 = Release|Any CPU
		{761F490F-7B36-49E9-986E-9EF181C29910}.Release|x64.ActiveCfg = Release|Any CPU
		{761F490F-7B36-49E9-986E-9EF181C29910}.Release|x64.Build.0 = Release|Any CPU
		{761F490F-7B36-49E9-986E-9EF181C29910}.Release|x86.ActiveCfg = Release|Any CPU
		{761F490F-7B36-49E9-986E-9EF181C29910}.Release|x86.Build.0 = Release|Any CPU
		{1831697A-AAFA-4310-9D56-4F9606262E59}.Content|Any CPU.ActiveCfg = Debug|Any CPU
		{1831697A-AAFA-4310-9D56-4F9606262E59}.Content|Any CPU.Build.0 = Debug|Any CPU
		{1831697A-AAFA-4310-9D56-4F9606262E59}.Content|Mixed Platforms.ActiveCfg = Debug|Any CPU
		{1831697A-AAFA-4310-9D56-4F9606262E59}.Content|Mixed Platforms.Build.0 = Debug|Any CPU
		{1831697A-AAFA-4310-9D56-4F9606262E59}.Content|x64.ActiveCfg = Debug|Any CPU
		{1831697A-AAFA-4310-9D56-4F9606262E59}.Content|x64.Build.0 = Debug|Any CPU
		{1831697A-AAFA-4310-9D56-4F9606262E59}.Content|x86.ActiveCfg = Debug|Any CPU
		{1831697A-AAFA-4310-9D56-4F9606262E59}.Content|x86.Build.0 = Debug|Any CPU
		{1831697A-AAFA-4310-9D56-4F9606262E59}.Debug|Any CPU.ActiveCfg = Debug|Any CPU
		{1831697A-AAFA-4310-9D56-4F9606262E59}.Debug|Any CPU.Build.0 = Debug|Any CPU
		{1831697A-AAFA-4310-9D56-4F9606262E59}.Debug|Mixed Platforms.ActiveCfg = Debug|Any CPU
		{1831697A-AAFA-4310-9D56-4F9606262E59}.Debug|Mixed Platforms.Build.0 = Debug|Any CPU
		{1831697A-AAFA-4310-9D56-4F9606262E59}.Debug|x64.ActiveCfg = Debug|Any CPU
		{1831697A-AAFA-4310-9D56-4F9606262E59}.Debug|x64.Build.0 = Debug|Any CPU
		{1831697A-AAFA-4310-9D56-4F9606262E59}.Debug|x86.ActiveCfg = Debug|Any CPU
		{1831697A-AAFA-4310-9D56-4F9606262E59}.Debug|x86.Build.0 = Debug|Any CPU
		{1831697A-AAFA-4310-9D56-4F9606262E59}.iOS|Any CPU.ActiveCfg = Debug|Any CPU
		{1831697A-AAFA-4310-9D56-4F9606262E59}.iOS|Any CPU.Build.0 = Debug|Any CPU
		{1831697A-AAFA-4310-9D56-4F9606262E59}.iOS|Mixed Platforms.ActiveCfg = Debug|Any CPU
		{1831697A-AAFA-4310-9D56-4F9606262E59}.iOS|Mixed Platforms.Build.0 = Debug|Any CPU
		{1831697A-AAFA-4310-9D56-4F9606262E59}.iOS|x64.ActiveCfg = Debug|Any CPU
		{1831697A-AAFA-4310-9D56-4F9606262E59}.iOS|x64.Build.0 = Debug|Any CPU
		{1831697A-AAFA-4310-9D56-4F9606262E59}.iOS|x86.ActiveCfg = Debug|Any CPU
		{1831697A-AAFA-4310-9D56-4F9606262E59}.iOS|x86.Build.0 = Debug|Any CPU
		{1831697A-AAFA-4310-9D56-4F9606262E59}.Net20|Any CPU.ActiveCfg = Debug|Any CPU
		{1831697A-AAFA-4310-9D56-4F9606262E59}.Net20|Any CPU.Build.0 = Debug|Any CPU
		{1831697A-AAFA-4310-9D56-4F9606262E59}.Net20|Mixed Platforms.ActiveCfg = Debug|Any CPU
		{1831697A-AAFA-4310-9D56-4F9606262E59}.Net20|Mixed Platforms.Build.0 = Debug|Any CPU
		{1831697A-AAFA-4310-9D56-4F9606262E59}.Net20|x64.ActiveCfg = Debug|Any CPU
		{1831697A-AAFA-4310-9D56-4F9606262E59}.Net20|x64.Build.0 = Debug|Any CPU
		{1831697A-AAFA-4310-9D56-4F9606262E59}.Net20|x86.ActiveCfg = Debug|Any CPU
		{1831697A-AAFA-4310-9D56-4F9606262E59}.Net20|x86.Build.0 = Debug|Any CPU
		{1831697A-AAFA-4310-9D56-4F9606262E59}.Release|Any CPU.ActiveCfg = Release|Any CPU
		{1831697A-AAFA-4310-9D56-4F9606262E59}.Release|Any CPU.Build.0 = Release|Any CPU
		{1831697A-AAFA-4310-9D56-4F9606262E59}.Release|Mixed Platforms.ActiveCfg = Release|Any CPU
		{1831697A-AAFA-4310-9D56-4F9606262E59}.Release|Mixed Platforms.Build.0 = Release|Any CPU
		{1831697A-AAFA-4310-9D56-4F9606262E59}.Release|x64.ActiveCfg = Release|Any CPU
		{1831697A-AAFA-4310-9D56-4F9606262E59}.Release|x64.Build.0 = Release|Any CPU
		{1831697A-AAFA-4310-9D56-4F9606262E59}.Release|x86.ActiveCfg = Release|Any CPU
		{1831697A-AAFA-4310-9D56-4F9606262E59}.Release|x86.Build.0 = Release|Any CPU
		{8722B781-E2B2-4C66-B7D0-D35D08636C53}.Content|Any CPU.ActiveCfg = Debug|Any CPU
		{8722B781-E2B2-4C66-B7D0-D35D08636C53}.Content|Any CPU.Build.0 = Debug|Any CPU
		{8722B781-E2B2-4C66-B7D0-D35D08636C53}.Content|Mixed Platforms.ActiveCfg = Debug|Any CPU
		{8722B781-E2B2-4C66-B7D0-D35D08636C53}.Content|Mixed Platforms.Build.0 = Debug|Any CPU
		{8722B781-E2B2-4C66-B7D0-D35D08636C53}.Content|x64.ActiveCfg = Debug|Any CPU
		{8722B781-E2B2-4C66-B7D0-D35D08636C53}.Content|x64.Build.0 = Debug|Any CPU
		{8722B781-E2B2-4C66-B7D0-D35D08636C53}.Content|x86.ActiveCfg = Debug|Any CPU
		{8722B781-E2B2-4C66-B7D0-D35D08636C53}.Content|x86.Build.0 = Debug|Any CPU
		{8722B781-E2B2-4C66-B7D0-D35D08636C53}.Debug|Any CPU.ActiveCfg = Debug|Any CPU
		{8722B781-E2B2-4C66-B7D0-D35D08636C53}.Debug|Any CPU.Build.0 = Debug|Any CPU
		{8722B781-E2B2-4C66-B7D0-D35D08636C53}.Debug|Mixed Platforms.ActiveCfg = Debug|Any CPU
		{8722B781-E2B2-4C66-B7D0-D35D08636C53}.Debug|Mixed Platforms.Build.0 = Debug|Any CPU
		{8722B781-E2B2-4C66-B7D0-D35D08636C53}.Debug|x64.ActiveCfg = Debug|Any CPU
		{8722B781-E2B2-4C66-B7D0-D35D08636C53}.Debug|x64.Build.0 = Debug|Any CPU
		{8722B781-E2B2-4C66-B7D0-D35D08636C53}.Debug|x86.ActiveCfg = Debug|Any CPU
		{8722B781-E2B2-4C66-B7D0-D35D08636C53}.Debug|x86.Build.0 = Debug|Any CPU
		{8722B781-E2B2-4C66-B7D0-D35D08636C53}.iOS|Any CPU.ActiveCfg = Debug|Any CPU
		{8722B781-E2B2-4C66-B7D0-D35D08636C53}.iOS|Any CPU.Build.0 = Debug|Any CPU
		{8722B781-E2B2-4C66-B7D0-D35D08636C53}.iOS|Mixed Platforms.ActiveCfg = Debug|Any CPU
		{8722B781-E2B2-4C66-B7D0-D35D08636C53}.iOS|Mixed Platforms.Build.0 = Debug|Any CPU
		{8722B781-E2B2-4C66-B7D0-D35D08636C53}.iOS|x64.ActiveCfg = Debug|Any CPU
		{8722B781-E2B2-4C66-B7D0-D35D08636C53}.iOS|x64.Build.0 = Debug|Any CPU
		{8722B781-E2B2-4C66-B7D0-D35D08636C53}.iOS|x86.ActiveCfg = Debug|Any CPU
		{8722B781-E2B2-4C66-B7D0-D35D08636C53}.iOS|x86.Build.0 = Debug|Any CPU
		{8722B781-E2B2-4C66-B7D0-D35D08636C53}.Net20|Any CPU.ActiveCfg = Debug|Any CPU
		{8722B781-E2B2-4C66-B7D0-D35D08636C53}.Net20|Any CPU.Build.0 = Debug|Any CPU
		{8722B781-E2B2-4C66-B7D0-D35D08636C53}.Net20|Mixed Platforms.ActiveCfg = Debug|Any CPU
		{8722B781-E2B2-4C66-B7D0-D35D08636C53}.Net20|Mixed Platforms.Build.0 = Debug|Any CPU
		{8722B781-E2B2-4C66-B7D0-D35D08636C53}.Net20|x64.ActiveCfg = Debug|Any CPU
		{8722B781-E2B2-4C66-B7D0-D35D08636C53}.Net20|x64.Build.0 = Debug|Any CPU
		{8722B781-E2B2-4C66-B7D0-D35D08636C53}.Net20|x86.ActiveCfg = Debug|Any CPU
		{8722B781-E2B2-4C66-B7D0-D35D08636C53}.Net20|x86.Build.0 = Debug|Any CPU
		{8722B781-E2B2-4C66-B7D0-D35D08636C53}.Release|Any CPU.ActiveCfg = Release|Any CPU
		{8722B781-E2B2-4C66-B7D0-D35D08636C53}.Release|Any CPU.Build.0 = Release|Any CPU
		{8722B781-E2B2-4C66-B7D0-D35D08636C53}.Release|Mixed Platforms.ActiveCfg = Release|Any CPU
		{8722B781-E2B2-4C66-B7D0-D35D08636C53}.Release|Mixed Platforms.Build.0 = Release|Any CPU
		{8722B781-E2B2-4C66-B7D0-D35D08636C53}.Release|x64.ActiveCfg = Release|Any CPU
		{8722B781-E2B2-4C66-B7D0-D35D08636C53}.Release|x64.Build.0 = Release|Any CPU
		{8722B781-E2B2-4C66-B7D0-D35D08636C53}.Release|x86.ActiveCfg = Release|Any CPU
		{8722B781-E2B2-4C66-B7D0-D35D08636C53}.Release|x86.Build.0 = Release|Any CPU
		{75A36F29-630D-4CE1-B648-B16CD41CF525}.Content|Any CPU.ActiveCfg = Debug|Any CPU
		{75A36F29-630D-4CE1-B648-B16CD41CF525}.Content|Any CPU.Build.0 = Debug|Any CPU
		{75A36F29-630D-4CE1-B648-B16CD41CF525}.Content|Mixed Platforms.ActiveCfg = Debug|Any CPU
		{75A36F29-630D-4CE1-B648-B16CD41CF525}.Content|Mixed Platforms.Build.0 = Debug|Any CPU
		{75A36F29-630D-4CE1-B648-B16CD41CF525}.Content|x64.ActiveCfg = Debug|Any CPU
		{75A36F29-630D-4CE1-B648-B16CD41CF525}.Content|x64.Build.0 = Debug|Any CPU
		{75A36F29-630D-4CE1-B648-B16CD41CF525}.Content|x86.ActiveCfg = Debug|Any CPU
		{75A36F29-630D-4CE1-B648-B16CD41CF525}.Content|x86.Build.0 = Debug|Any CPU
		{75A36F29-630D-4CE1-B648-B16CD41CF525}.Debug|Any CPU.ActiveCfg = Debug|Any CPU
		{75A36F29-630D-4CE1-B648-B16CD41CF525}.Debug|Any CPU.Build.0 = Debug|Any CPU
		{75A36F29-630D-4CE1-B648-B16CD41CF525}.Debug|Mixed Platforms.ActiveCfg = Debug|Any CPU
		{75A36F29-630D-4CE1-B648-B16CD41CF525}.Debug|Mixed Platforms.Build.0 = Debug|Any CPU
		{75A36F29-630D-4CE1-B648-B16CD41CF525}.Debug|x64.ActiveCfg = Debug|Any CPU
		{75A36F29-630D-4CE1-B648-B16CD41CF525}.Debug|x64.Build.0 = Debug|Any CPU
		{75A36F29-630D-4CE1-B648-B16CD41CF525}.Debug|x86.ActiveCfg = Debug|Any CPU
		{75A36F29-630D-4CE1-B648-B16CD41CF525}.Debug|x86.Build.0 = Debug|Any CPU
		{75A36F29-630D-4CE1-B648-B16CD41CF525}.iOS|Any CPU.ActiveCfg = Debug|Any CPU
		{75A36F29-630D-4CE1-B648-B16CD41CF525}.iOS|Any CPU.Build.0 = Debug|Any CPU
		{75A36F29-630D-4CE1-B648-B16CD41CF525}.iOS|Mixed Platforms.ActiveCfg = Debug|Any CPU
		{75A36F29-630D-4CE1-B648-B16CD41CF525}.iOS|Mixed Platforms.Build.0 = Debug|Any CPU
		{75A36F29-630D-4CE1-B648-B16CD41CF525}.iOS|x64.ActiveCfg = Debug|Any CPU
		{75A36F29-630D-4CE1-B648-B16CD41CF525}.iOS|x64.Build.0 = Debug|Any CPU
		{75A36F29-630D-4CE1-B648-B16CD41CF525}.iOS|x86.ActiveCfg = Debug|Any CPU
		{75A36F29-630D-4CE1-B648-B16CD41CF525}.iOS|x86.Build.0 = Debug|Any CPU
		{75A36F29-630D-4CE1-B648-B16CD41CF525}.Net20|Any CPU.ActiveCfg = Debug|Any CPU
		{75A36F29-630D-4CE1-B648-B16CD41CF525}.Net20|Any CPU.Build.0 = Debug|Any CPU
		{75A36F29-630D-4CE1-B648-B16CD41CF525}.Net20|Mixed Platforms.ActiveCfg = Debug|Any CPU
		{75A36F29-630D-4CE1-B648-B16CD41CF525}.Net20|Mixed Platforms.Build.0 = Debug|Any CPU
		{75A36F29-630D-4CE1-B648-B16CD41CF525}.Net20|x64.ActiveCfg = Debug|Any CPU
		{75A36F29-630D-4CE1-B648-B16CD41CF525}.Net20|x64.Build.0 = Debug|Any CPU
		{75A36F29-630D-4CE1-B648-B16CD41CF525}.Net20|x86.ActiveCfg = Debug|Any CPU
		{75A36F29-630D-4CE1-B648-B16CD41CF525}.Net20|x86.Build.0 = Debug|Any CPU
		{75A36F29-630D-4CE1-B648-B16CD41CF525}.Release|Any CPU.ActiveCfg = Release|Any CPU
		{75A36F29-630D-4CE1-B648-B16CD41CF525}.Release|Any CPU.Build.0 = Release|Any CPU
		{75A36F29-630D-4CE1-B648-B16CD41CF525}.Release|Mixed Platforms.ActiveCfg = Release|Any CPU
		{75A36F29-630D-4CE1-B648-B16CD41CF525}.Release|Mixed Platforms.Build.0 = Release|Any CPU
		{75A36F29-630D-4CE1-B648-B16CD41CF525}.Release|x64.ActiveCfg = Release|Any CPU
		{75A36F29-630D-4CE1-B648-B16CD41CF525}.Release|x64.Build.0 = Release|Any CPU
		{75A36F29-630D-4CE1-B648-B16CD41CF525}.Release|x86.ActiveCfg = Release|Any CPU
		{75A36F29-630D-4CE1-B648-B16CD41CF525}.Release|x86.Build.0 = Release|Any CPU
		{3CFE982B-4D53-4B29-918A-BA485C039478}.Content|Any CPU.ActiveCfg = Debug|Any CPU
		{3CFE982B-4D53-4B29-918A-BA485C039478}.Content|Any CPU.Build.0 = Debug|Any CPU
		{3CFE982B-4D53-4B29-918A-BA485C039478}.Content|Mixed Platforms.ActiveCfg = Debug|Any CPU
		{3CFE982B-4D53-4B29-918A-BA485C039478}.Content|Mixed Platforms.Build.0 = Debug|Any CPU
		{3CFE982B-4D53-4B29-918A-BA485C039478}.Content|x64.ActiveCfg = Debug|Any CPU
		{3CFE982B-4D53-4B29-918A-BA485C039478}.Content|x64.Build.0 = Debug|Any CPU
		{3CFE982B-4D53-4B29-918A-BA485C039478}.Content|x86.ActiveCfg = Debug|Any CPU
		{3CFE982B-4D53-4B29-918A-BA485C039478}.Content|x86.Build.0 = Debug|Any CPU
		{3CFE982B-4D53-4B29-918A-BA485C039478}.Debug|Any CPU.ActiveCfg = Debug|Any CPU
		{3CFE982B-4D53-4B29-918A-BA485C039478}.Debug|Any CPU.Build.0 = Debug|Any CPU
		{3CFE982B-4D53-4B29-918A-BA485C039478}.Debug|Mixed Platforms.ActiveCfg = Debug|Any CPU
		{3CFE982B-4D53-4B29-918A-BA485C039478}.Debug|Mixed Platforms.Build.0 = Debug|Any CPU
		{3CFE982B-4D53-4B29-918A-BA485C039478}.Debug|x64.ActiveCfg = Debug|Any CPU
		{3CFE982B-4D53-4B29-918A-BA485C039478}.Debug|x64.Build.0 = Debug|Any CPU
		{3CFE982B-4D53-4B29-918A-BA485C039478}.Debug|x86.ActiveCfg = Debug|Any CPU
		{3CFE982B-4D53-4B29-918A-BA485C039478}.Debug|x86.Build.0 = Debug|Any CPU
		{3CFE982B-4D53-4B29-918A-BA485C039478}.iOS|Any CPU.ActiveCfg = Debug|Any CPU
		{3CFE982B-4D53-4B29-918A-BA485C039478}.iOS|Any CPU.Build.0 = Debug|Any CPU
		{3CFE982B-4D53-4B29-918A-BA485C039478}.iOS|Mixed Platforms.ActiveCfg = Debug|Any CPU
		{3CFE982B-4D53-4B29-918A-BA485C039478}.iOS|Mixed Platforms.Build.0 = Debug|Any CPU
		{3CFE982B-4D53-4B29-918A-BA485C039478}.iOS|x64.ActiveCfg = Debug|Any CPU
		{3CFE982B-4D53-4B29-918A-BA485C039478}.iOS|x64.Build.0 = Debug|Any CPU
		{3CFE982B-4D53-4B29-918A-BA485C039478}.iOS|x86.ActiveCfg = Debug|Any CPU
		{3CFE982B-4D53-4B29-918A-BA485C039478}.iOS|x86.Build.0 = Debug|Any CPU
		{3CFE982B-4D53-4B29-918A-BA485C039478}.Net20|Any CPU.ActiveCfg = Debug|Any CPU
		{3CFE982B-4D53-4B29-918A-BA485C039478}.Net20|Any CPU.Build.0 = Debug|Any CPU
		{3CFE982B-4D53-4B29-918A-BA485C039478}.Net20|Mixed Platforms.ActiveCfg = Debug|Any CPU
		{3CFE982B-4D53-4B29-918A-BA485C039478}.Net20|Mixed Platforms.Build.0 = Debug|Any CPU
		{3CFE982B-4D53-4B29-918A-BA485C039478}.Net20|x64.ActiveCfg = Debug|Any CPU
		{3CFE982B-4D53-4B29-918A-BA485C039478}.Net20|x64.Build.0 = Debug|Any CPU
		{3CFE982B-4D53-4B29-918A-BA485C039478}.Net20|x86.ActiveCfg = Debug|Any CPU
		{3CFE982B-4D53-4B29-918A-BA485C039478}.Net20|x86.Build.0 = Debug|Any CPU
		{3CFE982B-4D53-4B29-918A-BA485C039478}.Release|Any CPU.ActiveCfg = Release|Any CPU
		{3CFE982B-4D53-4B29-918A-BA485C039478}.Release|Any CPU.Build.0 = Release|Any CPU
		{3CFE982B-4D53-4B29-918A-BA485C039478}.Release|Mixed Platforms.ActiveCfg = Release|Any CPU
		{3CFE982B-4D53-4B29-918A-BA485C039478}.Release|Mixed Platforms.Build.0 = Release|Any CPU
		{3CFE982B-4D53-4B29-918A-BA485C039478}.Release|x64.ActiveCfg = Release|Any CPU
		{3CFE982B-4D53-4B29-918A-BA485C039478}.Release|x64.Build.0 = Release|Any CPU
		{3CFE982B-4D53-4B29-918A-BA485C039478}.Release|x86.ActiveCfg = Release|Any CPU
		{3CFE982B-4D53-4B29-918A-BA485C039478}.Release|x86.Build.0 = Release|Any CPU
		{73A96BAD-4C4A-483B-9E3F-A51656347A97}.Content|Any CPU.ActiveCfg = Debug|Any CPU
		{73A96BAD-4C4A-483B-9E3F-A51656347A97}.Content|Any CPU.Build.0 = Debug|Any CPU
		{73A96BAD-4C4A-483B-9E3F-A51656347A97}.Content|Mixed Platforms.ActiveCfg = Debug|Any CPU
		{73A96BAD-4C4A-483B-9E3F-A51656347A97}.Content|Mixed Platforms.Build.0 = Debug|Any CPU
		{73A96BAD-4C4A-483B-9E3F-A51656347A97}.Content|x64.ActiveCfg = Debug|Any CPU
		{73A96BAD-4C4A-483B-9E3F-A51656347A97}.Content|x64.Build.0 = Debug|Any CPU
		{73A96BAD-4C4A-483B-9E3F-A51656347A97}.Content|x86.ActiveCfg = Debug|Any CPU
		{73A96BAD-4C4A-483B-9E3F-A51656347A97}.Content|x86.Build.0 = Debug|Any CPU
		{73A96BAD-4C4A-483B-9E3F-A51656347A97}.Debug|Any CPU.ActiveCfg = Debug|Any CPU
		{73A96BAD-4C4A-483B-9E3F-A51656347A97}.Debug|Any CPU.Build.0 = Debug|Any CPU
		{73A96BAD-4C4A-483B-9E3F-A51656347A97}.Debug|Mixed Platforms.ActiveCfg = Debug|Any CPU
		{73A96BAD-4C4A-483B-9E3F-A51656347A97}.Debug|Mixed Platforms.Build.0 = Debug|Any CPU
		{73A96BAD-4C4A-483B-9E3F-A51656347A97}.Debug|x64.ActiveCfg = Debug|Any CPU
		{73A96BAD-4C4A-483B-9E3F-A51656347A97}.Debug|x64.Build.0 = Debug|Any CPU
		{73A96BAD-4C4A-483B-9E3F-A51656347A97}.Debug|x86.ActiveCfg = Debug|Any CPU
		{73A96BAD-4C4A-483B-9E3F-A51656347A97}.Debug|x86.Build.0 = Debug|Any CPU
		{73A96BAD-4C4A-483B-9E3F-A51656347A97}.iOS|Any CPU.ActiveCfg = Debug|Any CPU
		{73A96BAD-4C4A-483B-9E3F-A51656347A97}.iOS|Any CPU.Build.0 = Debug|Any CPU
		{73A96BAD-4C4A-483B-9E3F-A51656347A97}.iOS|Mixed Platforms.ActiveCfg = Debug|Any CPU
		{73A96BAD-4C4A-483B-9E3F-A51656347A97}.iOS|Mixed Platforms.Build.0 = Debug|Any CPU
		{73A96BAD-4C4A-483B-9E3F-A51656347A97}.iOS|x64.ActiveCfg = Debug|Any CPU
		{73A96BAD-4C4A-483B-9E3F-A51656347A97}.iOS|x64.Build.0 = Debug|Any CPU
		{73A96BAD-4C4A-483B-9E3F-A51656347A97}.iOS|x86.ActiveCfg = Debug|Any CPU
		{73A96BAD-4C4A-483B-9E3F-A51656347A97}.iOS|x86.Build.0 = Debug|Any CPU
		{73A96BAD-4C4A-483B-9E3F-A51656347A97}.Net20|Any CPU.ActiveCfg = Debug|Any CPU
		{73A96BAD-4C4A-483B-9E3F-A51656347A97}.Net20|Any CPU.Build.0 = Debug|Any CPU
		{73A96BAD-4C4A-483B-9E3F-A51656347A97}.Net20|Mixed Platforms.ActiveCfg = Debug|Any CPU
		{73A96BAD-4C4A-483B-9E3F-A51656347A97}.Net20|Mixed Platforms.Build.0 = Debug|Any CPU
		{73A96BAD-4C4A-483B-9E3F-A51656347A97}.Net20|x64.ActiveCfg = Debug|Any CPU
		{73A96BAD-4C4A-483B-9E3F-A51656347A97}.Net20|x64.Build.0 = Debug|Any CPU
		{73A96BAD-4C4A-483B-9E3F-A51656347A97}.Net20|x86.ActiveCfg = Debug|Any CPU
		{73A96BAD-4C4A-483B-9E3F-A51656347A97}.Net20|x86.Build.0 = Debug|Any CPU
		{73A96BAD-4C4A-483B-9E3F-A51656347A97}.Release|Any CPU.ActiveCfg = Release|Any CPU
		{73A96BAD-4C4A-483B-9E3F-A51656347A97}.Release|Any CPU.Build.0 = Release|Any CPU
		{73A96BAD-4C4A-483B-9E3F-A51656347A97}.Release|Mixed Platforms.ActiveCfg = Release|Any CPU
		{73A96BAD-4C4A-483B-9E3F-A51656347A97}.Release|Mixed Platforms.Build.0 = Release|Any CPU
		{73A96BAD-4C4A-483B-9E3F-A51656347A97}.Release|x64.ActiveCfg = Release|Any CPU
		{73A96BAD-4C4A-483B-9E3F-A51656347A97}.Release|x64.Build.0 = Release|Any CPU
		{73A96BAD-4C4A-483B-9E3F-A51656347A97}.Release|x86.ActiveCfg = Release|Any CPU
		{73A96BAD-4C4A-483B-9E3F-A51656347A97}.Release|x86.Build.0 = Release|Any CPU
		{0F502A04-31AB-4268-949E-E46A2B4E1789}.Content|Any CPU.ActiveCfg = Debug|Any CPU
		{0F502A04-31AB-4268-949E-E46A2B4E1789}.Content|Any CPU.Build.0 = Debug|Any CPU
		{0F502A04-31AB-4268-949E-E46A2B4E1789}.Content|Mixed Platforms.ActiveCfg = Debug|Any CPU
		{0F502A04-31AB-4268-949E-E46A2B4E1789}.Content|Mixed Platforms.Build.0 = Debug|Any CPU
		{0F502A04-31AB-4268-949E-E46A2B4E1789}.Content|x64.ActiveCfg = Release|x64
		{0F502A04-31AB-4268-949E-E46A2B4E1789}.Content|x64.Build.0 = Release|x64
		{0F502A04-31AB-4268-949E-E46A2B4E1789}.Content|x86.ActiveCfg = Debug|Any CPU
		{0F502A04-31AB-4268-949E-E46A2B4E1789}.Content|x86.Build.0 = Debug|Any CPU
		{0F502A04-31AB-4268-949E-E46A2B4E1789}.Debug|Any CPU.ActiveCfg = Debug|Any CPU
		{0F502A04-31AB-4268-949E-E46A2B4E1789}.Debug|Any CPU.Build.0 = Debug|Any CPU
		{0F502A04-31AB-4268-949E-E46A2B4E1789}.Debug|Mixed Platforms.ActiveCfg = Debug|Any CPU
		{0F502A04-31AB-4268-949E-E46A2B4E1789}.Debug|Mixed Platforms.Build.0 = Debug|Any CPU
		{0F502A04-31AB-4268-949E-E46A2B4E1789}.Debug|x64.ActiveCfg = Debug|x64
		{0F502A04-31AB-4268-949E-E46A2B4E1789}.Debug|x64.Build.0 = Debug|x64
		{0F502A04-31AB-4268-949E-E46A2B4E1789}.Debug|x86.ActiveCfg = Debug|Any CPU
		{0F502A04-31AB-4268-949E-E46A2B4E1789}.Debug|x86.Build.0 = Debug|Any CPU
		{0F502A04-31AB-4268-949E-E46A2B4E1789}.iOS|Any CPU.ActiveCfg = Debug|Any CPU
		{0F502A04-31AB-4268-949E-E46A2B4E1789}.iOS|Any CPU.Build.0 = Debug|Any CPU
		{0F502A04-31AB-4268-949E-E46A2B4E1789}.iOS|Mixed Platforms.ActiveCfg = Debug|Any CPU
		{0F502A04-31AB-4268-949E-E46A2B4E1789}.iOS|Mixed Platforms.Build.0 = Debug|Any CPU
		{0F502A04-31AB-4268-949E-E46A2B4E1789}.iOS|x64.ActiveCfg = Release|x64
		{0F502A04-31AB-4268-949E-E46A2B4E1789}.iOS|x64.Build.0 = Release|x64
		{0F502A04-31AB-4268-949E-E46A2B4E1789}.iOS|x86.ActiveCfg = Debug|Any CPU
		{0F502A04-31AB-4268-949E-E46A2B4E1789}.iOS|x86.Build.0 = Debug|Any CPU
		{0F502A04-31AB-4268-949E-E46A2B4E1789}.Net20|Any CPU.ActiveCfg = Debug|Any CPU
		{0F502A04-31AB-4268-949E-E46A2B4E1789}.Net20|Any CPU.Build.0 = Debug|Any CPU
		{0F502A04-31AB-4268-949E-E46A2B4E1789}.Net20|Mixed Platforms.ActiveCfg = Debug|Any CPU
		{0F502A04-31AB-4268-949E-E46A2B4E1789}.Net20|Mixed Platforms.Build.0 = Debug|Any CPU
		{0F502A04-31AB-4268-949E-E46A2B4E1789}.Net20|x64.ActiveCfg = Release|x64
		{0F502A04-31AB-4268-949E-E46A2B4E1789}.Net20|x64.Build.0 = Release|x64
		{0F502A04-31AB-4268-949E-E46A2B4E1789}.Net20|x86.ActiveCfg = Debug|Any CPU
		{0F502A04-31AB-4268-949E-E46A2B4E1789}.Net20|x86.Build.0 = Debug|Any CPU
		{0F502A04-31AB-4268-949E-E46A2B4E1789}.Release|Any CPU.ActiveCfg = Release|Any CPU
		{0F502A04-31AB-4268-949E-E46A2B4E1789}.Release|Any CPU.Build.0 = Release|Any CPU
		{0F502A04-31AB-4268-949E-E46A2B4E1789}.Release|Mixed Platforms.ActiveCfg = Release|Any CPU
		{0F502A04-31AB-4268-949E-E46A2B4E1789}.Release|Mixed Platforms.Build.0 = Release|Any CPU
		{0F502A04-31AB-4268-949E-E46A2B4E1789}.Release|x64.ActiveCfg = Release|x64
		{0F502A04-31AB-4268-949E-E46A2B4E1789}.Release|x64.Build.0 = Release|x64
		{0F502A04-31AB-4268-949E-E46A2B4E1789}.Release|x86.ActiveCfg = Release|Any CPU
		{0F502A04-31AB-4268-949E-E46A2B4E1789}.Release|x86.Build.0 = Release|Any CPU
		{CB5F83D4-1C28-45AF-8E2F-12BD394367DF}.Content|Any CPU.ActiveCfg = Debug|Any CPU
		{CB5F83D4-1C28-45AF-8E2F-12BD394367DF}.Content|Any CPU.Build.0 = Debug|Any CPU
		{CB5F83D4-1C28-45AF-8E2F-12BD394367DF}.Content|Mixed Platforms.ActiveCfg = Debug|Any CPU
		{CB5F83D4-1C28-45AF-8E2F-12BD394367DF}.Content|Mixed Platforms.Build.0 = Debug|Any CPU
		{CB5F83D4-1C28-45AF-8E2F-12BD394367DF}.Content|x64.ActiveCfg = Debug|Any CPU
		{CB5F83D4-1C28-45AF-8E2F-12BD394367DF}.Content|x64.Build.0 = Debug|Any CPU
		{CB5F83D4-1C28-45AF-8E2F-12BD394367DF}.Content|x86.ActiveCfg = Debug|Any CPU
		{CB5F83D4-1C28-45AF-8E2F-12BD394367DF}.Content|x86.Build.0 = Debug|Any CPU
		{CB5F83D4-1C28-45AF-8E2F-12BD394367DF}.Debug|Any CPU.ActiveCfg = Debug|Any CPU
		{CB5F83D4-1C28-45AF-8E2F-12BD394367DF}.Debug|Any CPU.Build.0 = Debug|Any CPU
		{CB5F83D4-1C28-45AF-8E2F-12BD394367DF}.Debug|Mixed Platforms.ActiveCfg = Debug|Any CPU
		{CB5F83D4-1C28-45AF-8E2F-12BD394367DF}.Debug|Mixed Platforms.Build.0 = Debug|Any CPU
		{CB5F83D4-1C28-45AF-8E2F-12BD394367DF}.Debug|x64.ActiveCfg = Debug|Any CPU
		{CB5F83D4-1C28-45AF-8E2F-12BD394367DF}.Debug|x64.Build.0 = Debug|Any CPU
		{CB5F83D4-1C28-45AF-8E2F-12BD394367DF}.Debug|x86.ActiveCfg = Debug|Any CPU
		{CB5F83D4-1C28-45AF-8E2F-12BD394367DF}.Debug|x86.Build.0 = Debug|Any CPU
		{CB5F83D4-1C28-45AF-8E2F-12BD394367DF}.iOS|Any CPU.ActiveCfg = Debug|Any CPU
		{CB5F83D4-1C28-45AF-8E2F-12BD394367DF}.iOS|Any CPU.Build.0 = Debug|Any CPU
		{CB5F83D4-1C28-45AF-8E2F-12BD394367DF}.iOS|Mixed Platforms.ActiveCfg = Debug|Any CPU
		{CB5F83D4-1C28-45AF-8E2F-12BD394367DF}.iOS|Mixed Platforms.Build.0 = Debug|Any CPU
		{CB5F83D4-1C28-45AF-8E2F-12BD394367DF}.iOS|x64.ActiveCfg = Debug|Any CPU
		{CB5F83D4-1C28-45AF-8E2F-12BD394367DF}.iOS|x64.Build.0 = Debug|Any CPU
		{CB5F83D4-1C28-45AF-8E2F-12BD394367DF}.iOS|x86.ActiveCfg = Debug|Any CPU
		{CB5F83D4-1C28-45AF-8E2F-12BD394367DF}.iOS|x86.Build.0 = Debug|Any CPU
		{CB5F83D4-1C28-45AF-8E2F-12BD394367DF}.Net20|Any CPU.ActiveCfg = Debug|Any CPU
		{CB5F83D4-1C28-45AF-8E2F-12BD394367DF}.Net20|Any CPU.Build.0 = Debug|Any CPU
		{CB5F83D4-1C28-45AF-8E2F-12BD394367DF}.Net20|Mixed Platforms.ActiveCfg = Debug|Any CPU
		{CB5F83D4-1C28-45AF-8E2F-12BD394367DF}.Net20|Mixed Platforms.Build.0 = Debug|Any CPU
		{CB5F83D4-1C28-45AF-8E2F-12BD394367DF}.Net20|x64.ActiveCfg = Debug|Any CPU
		{CB5F83D4-1C28-45AF-8E2F-12BD394367DF}.Net20|x64.Build.0 = Debug|Any CPU
		{CB5F83D4-1C28-45AF-8E2F-12BD394367DF}.Net20|x86.ActiveCfg = Debug|Any CPU
		{CB5F83D4-1C28-45AF-8E2F-12BD394367DF}.Net20|x86.Build.0 = Debug|Any CPU
		{CB5F83D4-1C28-45AF-8E2F-12BD394367DF}.Release|Any CPU.ActiveCfg = Release|Any CPU
		{CB5F83D4-1C28-45AF-8E2F-12BD394367DF}.Release|Any CPU.Build.0 = Release|Any CPU
		{CB5F83D4-1C28-45AF-8E2F-12BD394367DF}.Release|Mixed Platforms.ActiveCfg = Release|Any CPU
		{CB5F83D4-1C28-45AF-8E2F-12BD394367DF}.Release|Mixed Platforms.Build.0 = Release|Any CPU
		{CB5F83D4-1C28-45AF-8E2F-12BD394367DF}.Release|x64.ActiveCfg = Release|Any CPU
		{CB5F83D4-1C28-45AF-8E2F-12BD394367DF}.Release|x64.Build.0 = Release|Any CPU
		{CB5F83D4-1C28-45AF-8E2F-12BD394367DF}.Release|x86.ActiveCfg = Release|Any CPU
		{CB5F83D4-1C28-45AF-8E2F-12BD394367DF}.Release|x86.Build.0 = Release|Any CPU
		{40329165-B56D-45C1-8726-5389FF02DD06}.Content|Any CPU.ActiveCfg = Debug|Any CPU
		{40329165-B56D-45C1-8726-5389FF02DD06}.Content|Any CPU.Build.0 = Debug|Any CPU
		{40329165-B56D-45C1-8726-5389FF02DD06}.Content|Mixed Platforms.ActiveCfg = Debug|Any CPU
		{40329165-B56D-45C1-8726-5389FF02DD06}.Content|Mixed Platforms.Build.0 = Debug|Any CPU
		{40329165-B56D-45C1-8726-5389FF02DD06}.Content|x64.ActiveCfg = Debug|Any CPU
		{40329165-B56D-45C1-8726-5389FF02DD06}.Content|x64.Build.0 = Debug|Any CPU
		{40329165-B56D-45C1-8726-5389FF02DD06}.Content|x86.ActiveCfg = Debug|Any CPU
		{40329165-B56D-45C1-8726-5389FF02DD06}.Content|x86.Build.0 = Debug|Any CPU
		{40329165-B56D-45C1-8726-5389FF02DD06}.Debug|Any CPU.ActiveCfg = Debug|Any CPU
		{40329165-B56D-45C1-8726-5389FF02DD06}.Debug|Any CPU.Build.0 = Debug|Any CPU
		{40329165-B56D-45C1-8726-5389FF02DD06}.Debug|Mixed Platforms.ActiveCfg = Debug|Any CPU
		{40329165-B56D-45C1-8726-5389FF02DD06}.Debug|Mixed Platforms.Build.0 = Debug|Any CPU
		{40329165-B56D-45C1-8726-5389FF02DD06}.Debug|x64.ActiveCfg = Debug|Any CPU
		{40329165-B56D-45C1-8726-5389FF02DD06}.Debug|x64.Build.0 = Debug|Any CPU
		{40329165-B56D-45C1-8726-5389FF02DD06}.Debug|x86.ActiveCfg = Debug|Any CPU
		{40329165-B56D-45C1-8726-5389FF02DD06}.Debug|x86.Build.0 = Debug|Any CPU
		{40329165-B56D-45C1-8726-5389FF02DD06}.iOS|Any CPU.ActiveCfg = Debug|Any CPU
		{40329165-B56D-45C1-8726-5389FF02DD06}.iOS|Any CPU.Build.0 = Debug|Any CPU
		{40329165-B56D-45C1-8726-5389FF02DD06}.iOS|Mixed Platforms.ActiveCfg = Debug|Any CPU
		{40329165-B56D-45C1-8726-5389FF02DD06}.iOS|Mixed Platforms.Build.0 = Debug|Any CPU
		{40329165-B56D-45C1-8726-5389FF02DD06}.iOS|x64.ActiveCfg = Debug|Any CPU
		{40329165-B56D-45C1-8726-5389FF02DD06}.iOS|x64.Build.0 = Debug|Any CPU
		{40329165-B56D-45C1-8726-5389FF02DD06}.iOS|x86.ActiveCfg = Debug|Any CPU
		{40329165-B56D-45C1-8726-5389FF02DD06}.iOS|x86.Build.0 = Debug|Any CPU
		{40329165-B56D-45C1-8726-5389FF02DD06}.Net20|Any CPU.ActiveCfg = Debug|Any CPU
		{40329165-B56D-45C1-8726-5389FF02DD06}.Net20|Any CPU.Build.0 = Debug|Any CPU
		{40329165-B56D-45C1-8726-5389FF02DD06}.Net20|Mixed Platforms.ActiveCfg = Debug|Any CPU
		{40329165-B56D-45C1-8726-5389FF02DD06}.Net20|Mixed Platforms.Build.0 = Debug|Any CPU
		{40329165-B56D-45C1-8726-5389FF02DD06}.Net20|x64.ActiveCfg = Debug|Any CPU
		{40329165-B56D-45C1-8726-5389FF02DD06}.Net20|x64.Build.0 = Debug|Any CPU
		{40329165-B56D-45C1-8726-5389FF02DD06}.Net20|x86.ActiveCfg = Debug|Any CPU
		{40329165-B56D-45C1-8726-5389FF02DD06}.Net20|x86.Build.0 = Debug|Any CPU
		{40329165-B56D-45C1-8726-5389FF02DD06}.Release|Any CPU.ActiveCfg = Release|Any CPU
		{40329165-B56D-45C1-8726-5389FF02DD06}.Release|Any CPU.Build.0 = Release|Any CPU
		{40329165-B56D-45C1-8726-5389FF02DD06}.Release|Mixed Platforms.ActiveCfg = Release|Any CPU
		{40329165-B56D-45C1-8726-5389FF02DD06}.Release|Mixed Platforms.Build.0 = Release|Any CPU
		{40329165-B56D-45C1-8726-5389FF02DD06}.Release|x64.ActiveCfg = Release|Any CPU
		{40329165-B56D-45C1-8726-5389FF02DD06}.Release|x64.Build.0 = Release|Any CPU
		{40329165-B56D-45C1-8726-5389FF02DD06}.Release|x86.ActiveCfg = Release|Any CPU
		{40329165-B56D-45C1-8726-5389FF02DD06}.Release|x86.Build.0 = Release|Any CPU
		{C6AA5491-F324-4E7D-B511-49F1AE3F61BD}.Content|Any CPU.ActiveCfg = Debug|Any CPU
		{C6AA5491-F324-4E7D-B511-49F1AE3F61BD}.Content|Any CPU.Build.0 = Debug|Any CPU
		{C6AA5491-F324-4E7D-B511-49F1AE3F61BD}.Content|Mixed Platforms.ActiveCfg = Debug|Any CPU
		{C6AA5491-F324-4E7D-B511-49F1AE3F61BD}.Content|Mixed Platforms.Build.0 = Debug|Any CPU
		{C6AA5491-F324-4E7D-B511-49F1AE3F61BD}.Content|x64.ActiveCfg = Debug|Any CPU
		{C6AA5491-F324-4E7D-B511-49F1AE3F61BD}.Content|x64.Build.0 = Debug|Any CPU
		{C6AA5491-F324-4E7D-B511-49F1AE3F61BD}.Content|x86.ActiveCfg = Debug|Any CPU
		{C6AA5491-F324-4E7D-B511-49F1AE3F61BD}.Content|x86.Build.0 = Debug|Any CPU
		{C6AA5491-F324-4E7D-B511-49F1AE3F61BD}.Debug|Any CPU.ActiveCfg = Debug|Any CPU
		{C6AA5491-F324-4E7D-B511-49F1AE3F61BD}.Debug|Any CPU.Build.0 = Debug|Any CPU
		{C6AA5491-F324-4E7D-B511-49F1AE3F61BD}.Debug|Mixed Platforms.ActiveCfg = Debug|Any CPU
		{C6AA5491-F324-4E7D-B511-49F1AE3F61BD}.Debug|Mixed Platforms.Build.0 = Debug|Any CPU
		{C6AA5491-F324-4E7D-B511-49F1AE3F61BD}.Debug|x64.ActiveCfg = Debug|Any CPU
		{C6AA5491-F324-4E7D-B511-49F1AE3F61BD}.Debug|x64.Build.0 = Debug|Any CPU
		{C6AA5491-F324-4E7D-B511-49F1AE3F61BD}.Debug|x86.ActiveCfg = Debug|Any CPU
		{C6AA5491-F324-4E7D-B511-49F1AE3F61BD}.Debug|x86.Build.0 = Debug|Any CPU
		{C6AA5491-F324-4E7D-B511-49F1AE3F61BD}.iOS|Any CPU.ActiveCfg = Debug|Any CPU
		{C6AA5491-F324-4E7D-B511-49F1AE3F61BD}.iOS|Any CPU.Build.0 = Debug|Any CPU
		{C6AA5491-F324-4E7D-B511-49F1AE3F61BD}.iOS|Mixed Platforms.ActiveCfg = Debug|Any CPU
		{C6AA5491-F324-4E7D-B511-49F1AE3F61BD}.iOS|Mixed Platforms.Build.0 = Debug|Any CPU
		{C6AA5491-F324-4E7D-B511-49F1AE3F61BD}.iOS|x64.ActiveCfg = Debug|Any CPU
		{C6AA5491-F324-4E7D-B511-49F1AE3F61BD}.iOS|x64.Build.0 = Debug|Any CPU
		{C6AA5491-F324-4E7D-B511-49F1AE3F61BD}.iOS|x86.ActiveCfg = Debug|Any CPU
		{C6AA5491-F324-4E7D-B511-49F1AE3F61BD}.iOS|x86.Build.0 = Debug|Any CPU
		{C6AA5491-F324-4E7D-B511-49F1AE3F61BD}.Net20|Any CPU.ActiveCfg = Debug|Any CPU
		{C6AA5491-F324-4E7D-B511-49F1AE3F61BD}.Net20|Any CPU.Build.0 = Debug|Any CPU
		{C6AA5491-F324-4E7D-B511-49F1AE3F61BD}.Net20|Mixed Platforms.ActiveCfg = Debug|Any CPU
		{C6AA5491-F324-4E7D-B511-49F1AE3F61BD}.Net20|Mixed Platforms.Build.0 = Debug|Any CPU
		{C6AA5491-F324-4E7D-B511-49F1AE3F61BD}.Net20|x64.ActiveCfg = Debug|Any CPU
		{C6AA5491-F324-4E7D-B511-49F1AE3F61BD}.Net20|x64.Build.0 = Debug|Any CPU
		{C6AA5491-F324-4E7D-B511-49F1AE3F61BD}.Net20|x86.ActiveCfg = Debug|Any CPU
		{C6AA5491-F324-4E7D-B511-49F1AE3F61BD}.Net20|x86.Build.0 = Debug|Any CPU
		{C6AA5491-F324-4E7D-B511-49F1AE3F61BD}.Release|Any CPU.ActiveCfg = Release|Any CPU
		{C6AA5491-F324-4E7D-B511-49F1AE3F61BD}.Release|Any CPU.Build.0 = Release|Any CPU
		{C6AA5491-F324-4E7D-B511-49F1AE3F61BD}.Release|Mixed Platforms.ActiveCfg = Release|Any CPU
		{C6AA5491-F324-4E7D-B511-49F1AE3F61BD}.Release|Mixed Platforms.Build.0 = Release|Any CPU
		{C6AA5491-F324-4E7D-B511-49F1AE3F61BD}.Release|x64.ActiveCfg = Release|Any CPU
		{C6AA5491-F324-4E7D-B511-49F1AE3F61BD}.Release|x64.Build.0 = Release|Any CPU
		{C6AA5491-F324-4E7D-B511-49F1AE3F61BD}.Release|x86.ActiveCfg = Release|Any CPU
		{C6AA5491-F324-4E7D-B511-49F1AE3F61BD}.Release|x86.Build.0 = Release|Any CPU
	EndGlobalSection
	GlobalSection(SolutionProperties) = preSolution
		HideSolutionNode = FALSE
	EndGlobalSection
	GlobalSection(NestedProjects) = preSolution
		{DC1EE0E1-D44D-40D5-BB0D-99AD69D34E36} = {8B9AE201-2519-479A-872B-9EC9CBFEC7FE}
		{761F490F-7B36-49E9-986E-9EF181C29910} = {8B9AE201-2519-479A-872B-9EC9CBFEC7FE}
		{1831697A-AAFA-4310-9D56-4F9606262E59} = {8B9AE201-2519-479A-872B-9EC9CBFEC7FE}
		{0F502A04-31AB-4268-949E-E46A2B4E1789} = {5452C6C4-573E-4005-BF99-F4F41FF161A5}
	EndGlobalSection
	GlobalSection(ExtensibilityGlobals) = postSolution
		SolutionGuid = {2ED109BA-9131-4E0E-84EB-07A5499AF414}
	EndGlobalSection
	GlobalSection(Performance) = preSolution
		HasPerformanceSessions = true
	EndGlobalSection
	GlobalSection(Performance) = preSolution
		HasPerformanceSessions = true
	EndGlobalSection
	GlobalSection(Performance) = preSolution
		HasPerformanceSessions = true
	EndGlobalSection
EndGlobal
