Microsoft Visual Studio Solution File, Format Version 12.00
# Visual Studio 14
VisualStudioVersion = 14.0.25420.1
MinimumVisualStudioVersion = 10.0.40219.1
Project("{2150E333-8FDC-42A3-9474-1A3956D46DE8}") = "Solution Items", "Solution Items", "{88C39322-1174-4C9E-A198-2A64F43C84BB}"
	ProjectSection(SolutionItems) = preProject
		ATTRIBUTIONS.md = ATTRIBUTIONS.md
		README.md = README.md
		Shanism.ruleset = Shanism.ruleset
	EndProjectSection
EndProject
Project("{FAE04EC0-301F-11D3-BF4B-00C04F79EFBC}") = "ScenarioTemplate", "ScenarioTemplate\ScenarioTemplate.csproj", "{73DA95FC-147C-40E6-9D23-8C13ACA4A737}"
EndProject
Project("{2150E333-8FDC-42A3-9474-1A3956D46DE8}") = "Tests", "Tests", "{C7338702-1752-40EA-83C1-C4EB6002C43A}"
EndProject
Project("{2150E333-8FDC-42A3-9474-1A3956D46DE8}") = "Scenarios", "Scenarios", "{6246A47B-B83D-41C3-B156-8A4E29F60E84}"
EndProject
Project("{2150E333-8FDC-42A3-9474-1A3956D46DE8}") = "lib", "lib", "{8B9AE201-2519-479A-872B-9EC9CBFEC7FE}"
EndProject
Project("{FAE04EC0-301F-11D3-BF4B-00C04F79EFBC}") = "MGWinFormsControls", "lib\MGWinFormsControls\MGWinFormsControls.csproj", "{85BD604A-C94D-4058-94BE-6977C97A1291}"
EndProject
Project("{FAE04EC0-301F-11D3-BF4B-00C04F79EFBC}") = "MechanicsTests", "..\Scenarios\MechanicsTests\MechanicsTests.csproj", "{960444F7-E932-4773-B798-DF92EA58A0C3}"
EndProject
Project("{FAE04EC0-301F-11D3-BF4B-00C04F79EFBC}") = "Ix.Graphics", "lib\Ix.Graphics\Ix.Graphics.csproj", "{81825A42-212E-4C4D-BD15-A42DE826B039}"
EndProject
Project("{FAE04EC0-301F-11D3-BF4B-00C04F79EFBC}") = "Client", "src\Client\Client.csproj", "{293E1B32-27B1-4214-A4D0-F428147A428A}"
EndProject
Project("{FAE04EC0-301F-11D3-BF4B-00C04F79EFBC}") = "Common", "src\Common\Common.csproj", "{3D93587B-1C50-449E-A751-6B2B765CFA55}"
EndProject
Project("{FAE04EC0-301F-11D3-BF4B-00C04F79EFBC}") = "Editor", "src\Editor\Editor.csproj", "{17492892-96BF-446B-9A93-2D7B3687179B}"
EndProject
Project("{FAE04EC0-301F-11D3-BF4B-00C04F79EFBC}") = "Network", "src\Network\Network.csproj", "{2ECE8E51-8972-435A-B2B5-B70B9B251A55}"
EndProject
Project("{FAE04EC0-301F-11D3-BF4B-00C04F79EFBC}") = "Engine", "src\Engine\Engine.csproj", "{B7027F9E-BFEA-4DF1-9F3E-FFF1967F91A8}"
EndProject
Project("{FAE04EC0-301F-11D3-BF4B-00C04F79EFBC}") = "ScenarioLib", "src\ScenarioLib\ScenarioLib.csproj", "{D3100986-F258-4B73-9326-7907E3041F66}"
EndProject
Project("{FAE04EC0-301F-11D3-BF4B-00C04F79EFBC}") = "Server", "src\Server\Server.csproj", "{4746B339-5C00-4965-BEA9-43E9D79D4693}"
EndProject
Project("{FAE04EC0-301F-11D3-BF4B-00C04F79EFBC}") = "Network.Tests", "src\Tests\NetworkTests\Network.Tests.csproj", "{D527CE3C-EECF-45EF-AE6E-E88DE37D3708}"
EndProject
Project("{FAE04EC0-301F-11D3-BF4B-00C04F79EFBC}") = "ScenarioLib.Tests", "src\Tests\ScenarioLib.Tests\ScenarioLib.Tests.csproj", "{8B398427-3D4E-4CB8-B0F0-CFA35E2E66A4}"
EndProject
Project("{FAE04EC0-301F-11D3-BF4B-00C04F79EFBC}") = "UnitTests", "src\Tests\UnitTests\UnitTests.csproj", "{A6C88306-63DC-4E60-95BB-112E3BC202F5}"
EndProject
Project("{FAE04EC0-301F-11D3-BF4B-00C04F79EFBC}") = "Ix.Logging", "lib\Ix.Logging\Ix.Logging.csproj", "{B1FC6D51-2A33-4EF8-BBAD-D8207F2DCB02}"
EndProject
Project("{FAE04EC0-301F-11D3-BF4B-00C04F79EFBC}") = "Client.Content", "src\Client.Content\Client.Content.csproj", "{C2BFF9B0-62B2-4D2F-A52F-89A7DFBCBE2C}"
EndProject
Project("{FAE04EC0-301F-11D3-BF4B-00C04F79EFBC}") = "Client.UI", "src\Client.UI\Client.UI.csproj", "{9D7BF384-9B4E-4EF2-87C8-CE3C987AA024}"
EndProject
Project("{FAE04EC0-301F-11D3-BF4B-00C04F79EFBC}") = "Editor2", "src\Editor2\Editor2.csproj", "{DD96EB3A-BC3A-4C16-BA52-287AF980F1AC}"
EndProject
Global
	GlobalSection(SolutionConfigurationPlatforms) = preSolution
		Content|Any CPU = Content|Any CPU
		Content|Mixed Platforms = Content|Mixed Platforms
		Content|x64 = Content|x64
		Content|x86 = Content|x86
		Debug|Any CPU = Debug|Any CPU
		Debug|Mixed Platforms = Debug|Mixed Platforms
		Debug|x64 = Debug|x64
		Debug|x86 = Debug|x86
		iOS|Any CPU = iOS|Any CPU
		iOS|Mixed Platforms = iOS|Mixed Platforms
		iOS|x64 = iOS|x64
		iOS|x86 = iOS|x86
		Net20|Any CPU = Net20|Any CPU
		Net20|Mixed Platforms = Net20|Mixed Platforms
		Net20|x64 = Net20|x64
		Net20|x86 = Net20|x86
		Release|Any CPU = Release|Any CPU
		Release|Mixed Platforms = Release|Mixed Platforms
		Release|x64 = Release|x64
		Release|x86 = Release|x86
	EndGlobalSection
	GlobalSection(ProjectConfigurationPlatforms) = postSolution
		{73DA95FC-147C-40E6-9D23-8C13ACA4A737}.Content|Any CPU.ActiveCfg = Release|Any CPU
		{73DA95FC-147C-40E6-9D23-8C13ACA4A737}.Content|Any CPU.Build.0 = Release|Any CPU
		{73DA95FC-147C-40E6-9D23-8C13ACA4A737}.Content|Mixed Platforms.ActiveCfg = Release|Any CPU
		{73DA95FC-147C-40E6-9D23-8C13ACA4A737}.Content|Mixed Platforms.Build.0 = Release|Any CPU
		{73DA95FC-147C-40E6-9D23-8C13ACA4A737}.Content|x64.ActiveCfg = Release|Any CPU
		{73DA95FC-147C-40E6-9D23-8C13ACA4A737}.Content|x64.Build.0 = Release|Any CPU
		{73DA95FC-147C-40E6-9D23-8C13ACA4A737}.Content|x86.ActiveCfg = Release|Any CPU
		{73DA95FC-147C-40E6-9D23-8C13ACA4A737}.Content|x86.Build.0 = Release|Any CPU
		{73DA95FC-147C-40E6-9D23-8C13ACA4A737}.Debug|Any CPU.ActiveCfg = Debug|Any CPU
		{73DA95FC-147C-40E6-9D23-8C13ACA4A737}.Debug|Any CPU.Build.0 = Debug|Any CPU
		{73DA95FC-147C-40E6-9D23-8C13ACA4A737}.Debug|Mixed Platforms.ActiveCfg = Debug|Any CPU
		{73DA95FC-147C-40E6-9D23-8C13ACA4A737}.Debug|Mixed Platforms.Build.0 = Debug|Any CPU
		{73DA95FC-147C-40E6-9D23-8C13ACA4A737}.Debug|x64.ActiveCfg = Debug|Any CPU
		{73DA95FC-147C-40E6-9D23-8C13ACA4A737}.Debug|x86.ActiveCfg = Debug|Any CPU
		{73DA95FC-147C-40E6-9D23-8C13ACA4A737}.iOS|Any CPU.ActiveCfg = Release|Any CPU
		{73DA95FC-147C-40E6-9D23-8C13ACA4A737}.iOS|Any CPU.Build.0 = Release|Any CPU
		{73DA95FC-147C-40E6-9D23-8C13ACA4A737}.iOS|Mixed Platforms.ActiveCfg = Release|Any CPU
		{73DA95FC-147C-40E6-9D23-8C13ACA4A737}.iOS|Mixed Platforms.Build.0 = Release|Any CPU
		{73DA95FC-147C-40E6-9D23-8C13ACA4A737}.iOS|x64.ActiveCfg = Release|Any CPU
		{73DA95FC-147C-40E6-9D23-8C13ACA4A737}.iOS|x86.ActiveCfg = Release|Any CPU
		{73DA95FC-147C-40E6-9D23-8C13ACA4A737}.Net20|Any CPU.ActiveCfg = Release|Any CPU
		{73DA95FC-147C-40E6-9D23-8C13ACA4A737}.Net20|Any CPU.Build.0 = Release|Any CPU
		{73DA95FC-147C-40E6-9D23-8C13ACA4A737}.Net20|Mixed Platforms.ActiveCfg = Release|Any CPU
		{73DA95FC-147C-40E6-9D23-8C13ACA4A737}.Net20|Mixed Platforms.Build.0 = Release|Any CPU
		{73DA95FC-147C-40E6-9D23-8C13ACA4A737}.Net20|x64.ActiveCfg = Release|Any CPU
		{73DA95FC-147C-40E6-9D23-8C13ACA4A737}.Net20|x86.ActiveCfg = Release|Any CPU
		{73DA95FC-147C-40E6-9D23-8C13ACA4A737}.Release|Any CPU.ActiveCfg = Release|Any CPU
		{73DA95FC-147C-40E6-9D23-8C13ACA4A737}.Release|Mixed Platforms.ActiveCfg = Release|Any CPU
		{73DA95FC-147C-40E6-9D23-8C13ACA4A737}.Release|Mixed Platforms.Build.0 = Release|Any CPU
		{73DA95FC-147C-40E6-9D23-8C13ACA4A737}.Release|x64.ActiveCfg = Release|Any CPU
		{73DA95FC-147C-40E6-9D23-8C13ACA4A737}.Release|x86.ActiveCfg = Release|Any CPU
		{85BD604A-C94D-4058-94BE-6977C97A1291}.Content|Any CPU.ActiveCfg = Release|x86
		{85BD604A-C94D-4058-94BE-6977C97A1291}.Content|Any CPU.Build.0 = Release|x86
		{85BD604A-C94D-4058-94BE-6977C97A1291}.Content|Mixed Platforms.ActiveCfg = Release|x86
		{85BD604A-C94D-4058-94BE-6977C97A1291}.Content|Mixed Platforms.Build.0 = Release|x86
		{85BD604A-C94D-4058-94BE-6977C97A1291}.Content|x64.ActiveCfg = Release|x86
		{85BD604A-C94D-4058-94BE-6977C97A1291}.Content|x64.Build.0 = Release|x86
		{85BD604A-C94D-4058-94BE-6977C97A1291}.Content|x86.ActiveCfg = Release|x86
		{85BD604A-C94D-4058-94BE-6977C97A1291}.Content|x86.Build.0 = Release|x86
		{85BD604A-C94D-4058-94BE-6977C97A1291}.Debug|Any CPU.ActiveCfg = Debug|x86
		{85BD604A-C94D-4058-94BE-6977C97A1291}.Debug|Any CPU.Build.0 = Debug|x86
		{85BD604A-C94D-4058-94BE-6977C97A1291}.Debug|Mixed Platforms.ActiveCfg = Debug|x86
		{85BD604A-C94D-4058-94BE-6977C97A1291}.Debug|Mixed Platforms.Build.0 = Debug|x86
		{85BD604A-C94D-4058-94BE-6977C97A1291}.Debug|x64.ActiveCfg = Debug|x86
		{85BD604A-C94D-4058-94BE-6977C97A1291}.Debug|x86.ActiveCfg = Debug|x86
		{85BD604A-C94D-4058-94BE-6977C97A1291}.Debug|x86.Build.0 = Debug|x86
		{85BD604A-C94D-4058-94BE-6977C97A1291}.iOS|Any CPU.ActiveCfg = Release|x86
		{85BD604A-C94D-4058-94BE-6977C97A1291}.iOS|Any CPU.Build.0 = Release|x86
		{85BD604A-C94D-4058-94BE-6977C97A1291}.iOS|Mixed Platforms.ActiveCfg = Release|x86
		{85BD604A-C94D-4058-94BE-6977C97A1291}.iOS|Mixed Platforms.Build.0 = Release|x86
		{85BD604A-C94D-4058-94BE-6977C97A1291}.iOS|x64.ActiveCfg = Release|x86
		{85BD604A-C94D-4058-94BE-6977C97A1291}.iOS|x64.Build.0 = Release|x86
		{85BD604A-C94D-4058-94BE-6977C97A1291}.iOS|x86.ActiveCfg = Release|x86
		{85BD604A-C94D-4058-94BE-6977C97A1291}.iOS|x86.Build.0 = Release|x86
		{85BD604A-C94D-4058-94BE-6977C97A1291}.Net20|Any CPU.ActiveCfg = Release|x86
		{85BD604A-C94D-4058-94BE-6977C97A1291}.Net20|Any CPU.Build.0 = Release|x86
		{85BD604A-C94D-4058-94BE-6977C97A1291}.Net20|Mixed Platforms.ActiveCfg = Release|x86
		{85BD604A-C94D-4058-94BE-6977C97A1291}.Net20|Mixed Platforms.Build.0 = Release|x86
		{85BD604A-C94D-4058-94BE-6977C97A1291}.Net20|x64.ActiveCfg = Release|x86
		{85BD604A-C94D-4058-94BE-6977C97A1291}.Net20|x64.Build.0 = Release|x86
		{85BD604A-C94D-4058-94BE-6977C97A1291}.Net20|x86.ActiveCfg = Release|x86
		{85BD604A-C94D-4058-94BE-6977C97A1291}.Net20|x86.Build.0 = Release|x86
		{85BD604A-C94D-4058-94BE-6977C97A1291}.Release|Any CPU.ActiveCfg = Release|x86
		{85BD604A-C94D-4058-94BE-6977C97A1291}.Release|Any CPU.Build.0 = Release|x86
		{85BD604A-C94D-4058-94BE-6977C97A1291}.Release|Mixed Platforms.ActiveCfg = Release|x86
		{85BD604A-C94D-4058-94BE-6977C97A1291}.Release|Mixed Platforms.Build.0 = Release|x86
		{85BD604A-C94D-4058-94BE-6977C97A1291}.Release|x64.ActiveCfg = Release|x86
		{85BD604A-C94D-4058-94BE-6977C97A1291}.Release|x86.ActiveCfg = Release|x86
		{85BD604A-C94D-4058-94BE-6977C97A1291}.Release|x86.Build.0 = Release|x86
		{960444F7-E932-4773-B798-DF92EA58A0C3}.Content|Any CPU.ActiveCfg = Release|Any CPU
		{960444F7-E932-4773-B798-DF92EA58A0C3}.Content|Any CPU.Build.0 = Release|Any CPU
		{960444F7-E932-4773-B798-DF92EA58A0C3}.Content|Mixed Platforms.ActiveCfg = Release|Any CPU
		{960444F7-E932-4773-B798-DF92EA58A0C3}.Content|Mixed Platforms.Build.0 = Release|Any CPU
		{960444F7-E932-4773-B798-DF92EA58A0C3}.Content|x64.ActiveCfg = Release|Any CPU
		{960444F7-E932-4773-B798-DF92EA58A0C3}.Content|x64.Build.0 = Release|Any CPU
		{960444F7-E932-4773-B798-DF92EA58A0C3}.Content|x86.ActiveCfg = Release|Any CPU
		{960444F7-E932-4773-B798-DF92EA58A0C3}.Content|x86.Build.0 = Release|Any CPU
		{960444F7-E932-4773-B798-DF92EA58A0C3}.Debug|Any CPU.ActiveCfg = Debug|Any CPU
		{960444F7-E932-4773-B798-DF92EA58A0C3}.Debug|Any CPU.Build.0 = Debug|Any CPU
		{960444F7-E932-4773-B798-DF92EA58A0C3}.Debug|Mixed Platforms.ActiveCfg = Debug|Any CPU
		{960444F7-E932-4773-B798-DF92EA58A0C3}.Debug|Mixed Platforms.Build.0 = Debug|Any CPU
		{960444F7-E932-4773-B798-DF92EA58A0C3}.Debug|x64.ActiveCfg = Debug|Any CPU
		{960444F7-E932-4773-B798-DF92EA58A0C3}.Debug|x64.Build.0 = Debug|Any CPU
		{960444F7-E932-4773-B798-DF92EA58A0C3}.Debug|x86.ActiveCfg = Debug|Any CPU
		{960444F7-E932-4773-B798-DF92EA58A0C3}.Debug|x86.Build.0 = Debug|Any CPU
		{960444F7-E932-4773-B798-DF92EA58A0C3}.iOS|Any CPU.ActiveCfg = Release|Any CPU
		{960444F7-E932-4773-B798-DF92EA58A0C3}.iOS|Any CPU.Build.0 = Release|Any CPU
		{960444F7-E932-4773-B798-DF92EA58A0C3}.iOS|Mixed Platforms.ActiveCfg = Release|Any CPU
		{960444F7-E932-4773-B798-DF92EA58A0C3}.iOS|Mixed Platforms.Build.0 = Release|Any CPU
		{960444F7-E932-4773-B798-DF92EA58A0C3}.iOS|x64.ActiveCfg = Release|Any CPU
		{960444F7-E932-4773-B798-DF92EA58A0C3}.iOS|x64.Build.0 = Release|Any CPU
		{960444F7-E932-4773-B798-DF92EA58A0C3}.iOS|x86.ActiveCfg = Release|Any CPU
		{960444F7-E932-4773-B798-DF92EA58A0C3}.iOS|x86.Build.0 = Release|Any CPU
		{960444F7-E932-4773-B798-DF92EA58A0C3}.Net20|Any CPU.ActiveCfg = Release|Any CPU
		{960444F7-E932-4773-B798-DF92EA58A0C3}.Net20|Any CPU.Build.0 = Release|Any CPU
		{960444F7-E932-4773-B798-DF92EA58A0C3}.Net20|Mixed Platforms.ActiveCfg = Release|Any CPU
		{960444F7-E932-4773-B798-DF92EA58A0C3}.Net20|Mixed Platforms.Build.0 = Release|Any CPU
		{960444F7-E932-4773-B798-DF92EA58A0C3}.Net20|x64.ActiveCfg = Release|Any CPU
		{960444F7-E932-4773-B798-DF92EA58A0C3}.Net20|x64.Build.0 = Release|Any CPU
		{960444F7-E932-4773-B798-DF92EA58A0C3}.Net20|x86.ActiveCfg = Release|Any CPU
		{960444F7-E932-4773-B798-DF92EA58A0C3}.Net20|x86.Build.0 = Release|Any CPU
		{960444F7-E932-4773-B798-DF92EA58A0C3}.Release|Any CPU.ActiveCfg = Release|Any CPU
		{960444F7-E932-4773-B798-DF92EA58A0C3}.Release|Mixed Platforms.ActiveCfg = Release|Any CPU
		{960444F7-E932-4773-B798-DF92EA58A0C3}.Release|Mixed Platforms.Build.0 = Release|Any CPU
		{960444F7-E932-4773-B798-DF92EA58A0C3}.Release|x64.ActiveCfg = Release|Any CPU
		{960444F7-E932-4773-B798-DF92EA58A0C3}.Release|x64.Build.0 = Release|Any CPU
		{960444F7-E932-4773-B798-DF92EA58A0C3}.Release|x86.ActiveCfg = Release|Any CPU
		{960444F7-E932-4773-B798-DF92EA58A0C3}.Release|x86.Build.0 = Release|Any CPU
		{81825A42-212E-4C4D-BD15-A42DE826B039}.Content|Any CPU.ActiveCfg = Release|x64
		{81825A42-212E-4C4D-BD15-A42DE826B039}.Content|Any CPU.Build.0 = Release|x64
		{81825A42-212E-4C4D-BD15-A42DE826B039}.Content|Mixed Platforms.ActiveCfg = Release|x64
		{81825A42-212E-4C4D-BD15-A42DE826B039}.Content|Mixed Platforms.Build.0 = Release|x64
		{81825A42-212E-4C4D-BD15-A42DE826B039}.Content|x64.ActiveCfg = Release|x64
		{81825A42-212E-4C4D-BD15-A42DE826B039}.Content|x64.Build.0 = Release|x64
		{81825A42-212E-4C4D-BD15-A42DE826B039}.Content|x86.ActiveCfg = Release|x64
		{81825A42-212E-4C4D-BD15-A42DE826B039}.Content|x86.Build.0 = Release|x64
		{81825A42-212E-4C4D-BD15-A42DE826B039}.Debug|Any CPU.ActiveCfg = Debug|x64
		{81825A42-212E-4C4D-BD15-A42DE826B039}.Debug|Any CPU.Build.0 = Debug|x64
		{81825A42-212E-4C4D-BD15-A42DE826B039}.Debug|Mixed Platforms.ActiveCfg = Debug|x64
		{81825A42-212E-4C4D-BD15-A42DE826B039}.Debug|Mixed Platforms.Build.0 = Debug|x64
		{81825A42-212E-4C4D-BD15-A42DE826B039}.Debug|x64.ActiveCfg = Debug|x64
		{81825A42-212E-4C4D-BD15-A42DE826B039}.Debug|x64.Build.0 = Debug|x64
		{81825A42-212E-4C4D-BD15-A42DE826B039}.Debug|x86.ActiveCfg = Debug|x64
		{81825A42-212E-4C4D-BD15-A42DE826B039}.iOS|Any CPU.ActiveCfg = Release|x64
		{81825A42-212E-4C4D-BD15-A42DE826B039}.iOS|Any CPU.Build.0 = Release|x64
		{81825A42-212E-4C4D-BD15-A42DE826B039}.iOS|Mixed Platforms.ActiveCfg = Release|x64
		{81825A42-212E-4C4D-BD15-A42DE826B039}.iOS|Mixed Platforms.Build.0 = Release|x64
		{81825A42-212E-4C4D-BD15-A42DE826B039}.iOS|x64.ActiveCfg = Release|x64
		{81825A42-212E-4C4D-BD15-A42DE826B039}.iOS|x64.Build.0 = Release|x64
		{81825A42-212E-4C4D-BD15-A42DE826B039}.iOS|x86.ActiveCfg = Release|x64
		{81825A42-212E-4C4D-BD15-A42DE826B039}.iOS|x86.Build.0 = Release|x64
		{81825A42-212E-4C4D-BD15-A42DE826B039}.Net20|Any CPU.ActiveCfg = Release|x64
		{81825A42-212E-4C4D-BD15-A42DE826B039}.Net20|Any CPU.Build.0 = Release|x64
		{81825A42-212E-4C4D-BD15-A42DE826B039}.Net20|Mixed Platforms.ActiveCfg = Release|x64
		{81825A42-212E-4C4D-BD15-A42DE826B039}.Net20|Mixed Platforms.Build.0 = Release|x64
		{81825A42-212E-4C4D-BD15-A42DE826B039}.Net20|x64.ActiveCfg = Release|x64
		{81825A42-212E-4C4D-BD15-A42DE826B039}.Net20|x64.Build.0 = Release|x64
		{81825A42-212E-4C4D-BD15-A42DE826B039}.Net20|x86.ActiveCfg = Release|x64
		{81825A42-212E-4C4D-BD15-A42DE826B039}.Net20|x86.Build.0 = Release|x64
		{81825A42-212E-4C4D-BD15-A42DE826B039}.Release|Any CPU.ActiveCfg = Release|x64
		{81825A42-212E-4C4D-BD15-A42DE826B039}.Release|Any CPU.Build.0 = Release|x64
		{81825A42-212E-4C4D-BD15-A42DE826B039}.Release|Mixed Platforms.ActiveCfg = Release|x64
		{81825A42-212E-4C4D-BD15-A42DE826B039}.Release|Mixed Platforms.Build.0 = Release|x64
		{81825A42-212E-4C4D-BD15-A42DE826B039}.Release|x64.ActiveCfg = Release|x64
		{81825A42-212E-4C4D-BD15-A42DE826B039}.Release|x64.Build.0 = Release|x64
		{81825A42-212E-4C4D-BD15-A42DE826B039}.Release|x86.ActiveCfg = Release|x64
		{293E1B32-27B1-4214-A4D0-F428147A428A}.Content|Any CPU.ActiveCfg = Release|Any CPU
		{293E1B32-27B1-4214-A4D0-F428147A428A}.Content|Any CPU.Build.0 = Release|Any CPU
		{293E1B32-27B1-4214-A4D0-F428147A428A}.Content|Mixed Platforms.ActiveCfg = Release|x86
		{293E1B32-27B1-4214-A4D0-F428147A428A}.Content|Mixed Platforms.Build.0 = Release|x86
		{293E1B32-27B1-4214-A4D0-F428147A428A}.Content|x64.ActiveCfg = Release|x64
		{293E1B32-27B1-4214-A4D0-F428147A428A}.Content|x64.Build.0 = Release|x64
		{293E1B32-27B1-4214-A4D0-F428147A428A}.Content|x86.ActiveCfg = Release|x86
		{293E1B32-27B1-4214-A4D0-F428147A428A}.Content|x86.Build.0 = Release|x86
		{293E1B32-27B1-4214-A4D0-F428147A428A}.Debug|Any CPU.ActiveCfg = Debug|Any CPU
		{293E1B32-27B1-4214-A4D0-F428147A428A}.Debug|Any CPU.Build.0 = Debug|Any CPU
		{293E1B32-27B1-4214-A4D0-F428147A428A}.Debug|Mixed Platforms.ActiveCfg = Debug|x86
		{293E1B32-27B1-4214-A4D0-F428147A428A}.Debug|Mixed Platforms.Build.0 = Debug|x86
		{293E1B32-27B1-4214-A4D0-F428147A428A}.Debug|x64.ActiveCfg = Debug|x64
		{293E1B32-27B1-4214-A4D0-F428147A428A}.Debug|x64.Build.0 = Debug|x64
		{293E1B32-27B1-4214-A4D0-F428147A428A}.Debug|x86.ActiveCfg = Debug|x86
		{293E1B32-27B1-4214-A4D0-F428147A428A}.Debug|x86.Build.0 = Debug|x86
		{293E1B32-27B1-4214-A4D0-F428147A428A}.iOS|Any CPU.ActiveCfg = Release|Any CPU
		{293E1B32-27B1-4214-A4D0-F428147A428A}.iOS|Any CPU.Build.0 = Release|Any CPU
		{293E1B32-27B1-4214-A4D0-F428147A428A}.iOS|Mixed Platforms.ActiveCfg = Release|x86
		{293E1B32-27B1-4214-A4D0-F428147A428A}.iOS|Mixed Platforms.Build.0 = Release|x86
		{293E1B32-27B1-4214-A4D0-F428147A428A}.iOS|x64.ActiveCfg = Release|x64
		{293E1B32-27B1-4214-A4D0-F428147A428A}.iOS|x64.Build.0 = Release|x64
		{293E1B32-27B1-4214-A4D0-F428147A428A}.iOS|x86.ActiveCfg = Release|x86
		{293E1B32-27B1-4214-A4D0-F428147A428A}.iOS|x86.Build.0 = Release|x86
		{293E1B32-27B1-4214-A4D0-F428147A428A}.Net20|Any CPU.ActiveCfg = Release|Any CPU
		{293E1B32-27B1-4214-A4D0-F428147A428A}.Net20|Any CPU.Build.0 = Release|Any CPU
		{293E1B32-27B1-4214-A4D0-F428147A428A}.Net20|Mixed Platforms.ActiveCfg = Release|x86
		{293E1B32-27B1-4214-A4D0-F428147A428A}.Net20|Mixed Platforms.Build.0 = Release|x86
		{293E1B32-27B1-4214-A4D0-F428147A428A}.Net20|x64.ActiveCfg = Release|x64
		{293E1B32-27B1-4214-A4D0-F428147A428A}.Net20|x64.Build.0 = Release|x64
		{293E1B32-27B1-4214-A4D0-F428147A428A}.Net20|x86.ActiveCfg = Release|x86
		{293E1B32-27B1-4214-A4D0-F428147A428A}.Net20|x86.Build.0 = Release|x86
		{293E1B32-27B1-4214-A4D0-F428147A428A}.Release|Any CPU.ActiveCfg = Release|Any CPU
		{293E1B32-27B1-4214-A4D0-F428147A428A}.Release|Any CPU.Build.0 = Release|Any CPU
		{293E1B32-27B1-4214-A4D0-F428147A428A}.Release|Mixed Platforms.ActiveCfg = Release|x86
		{293E1B32-27B1-4214-A4D0-F428147A428A}.Release|Mixed Platforms.Build.0 = Release|x86
		{293E1B32-27B1-4214-A4D0-F428147A428A}.Release|x64.ActiveCfg = Release|x64
		{293E1B32-27B1-4214-A4D0-F428147A428A}.Release|x64.Build.0 = Release|x64
		{293E1B32-27B1-4214-A4D0-F428147A428A}.Release|x86.ActiveCfg = Release|x86
		{293E1B32-27B1-4214-A4D0-F428147A428A}.Release|x86.Build.0 = Release|x86
		{3D93587B-1C50-449E-A751-6B2B765CFA55}.Content|Any CPU.ActiveCfg = Release|Any CPU
		{3D93587B-1C50-449E-A751-6B2B765CFA55}.Content|Any CPU.Build.0 = Release|Any CPU
		{3D93587B-1C50-449E-A751-6B2B765CFA55}.Content|Mixed Platforms.ActiveCfg = Release|Any CPU
		{3D93587B-1C50-449E-A751-6B2B765CFA55}.Content|Mixed Platforms.Build.0 = Release|Any CPU
		{3D93587B-1C50-449E-A751-6B2B765CFA55}.Content|x64.ActiveCfg = Release|x64
		{3D93587B-1C50-449E-A751-6B2B765CFA55}.Content|x64.Build.0 = Release|x64
		{3D93587B-1C50-449E-A751-6B2B765CFA55}.Content|x86.ActiveCfg = Release|Any CPU
		{3D93587B-1C50-449E-A751-6B2B765CFA55}.Content|x86.Build.0 = Release|Any CPU
		{3D93587B-1C50-449E-A751-6B2B765CFA55}.Debug|Any CPU.ActiveCfg = Debug|Any CPU
		{3D93587B-1C50-449E-A751-6B2B765CFA55}.Debug|Any CPU.Build.0 = Debug|Any CPU
		{3D93587B-1C50-449E-A751-6B2B765CFA55}.Debug|Mixed Platforms.ActiveCfg = Debug|Any CPU
		{3D93587B-1C50-449E-A751-6B2B765CFA55}.Debug|Mixed Platforms.Build.0 = Debug|Any CPU
		{3D93587B-1C50-449E-A751-6B2B765CFA55}.Debug|x64.ActiveCfg = Debug|x64
		{3D93587B-1C50-449E-A751-6B2B765CFA55}.Debug|x64.Build.0 = Debug|x64
		{3D93587B-1C50-449E-A751-6B2B765CFA55}.Debug|x86.ActiveCfg = Debug|Any CPU
		{3D93587B-1C50-449E-A751-6B2B765CFA55}.Debug|x86.Build.0 = Debug|Any CPU
		{3D93587B-1C50-449E-A751-6B2B765CFA55}.iOS|Any CPU.ActiveCfg = Release|Any CPU
		{3D93587B-1C50-449E-A751-6B2B765CFA55}.iOS|Any CPU.Build.0 = Release|Any CPU
		{3D93587B-1C50-449E-A751-6B2B765CFA55}.iOS|Mixed Platforms.ActiveCfg = Release|Any CPU
		{3D93587B-1C50-449E-A751-6B2B765CFA55}.iOS|Mixed Platforms.Build.0 = Release|Any CPU
		{3D93587B-1C50-449E-A751-6B2B765CFA55}.iOS|x64.ActiveCfg = Release|x64
		{3D93587B-1C50-449E-A751-6B2B765CFA55}.iOS|x64.Build.0 = Release|x64
		{3D93587B-1C50-449E-A751-6B2B765CFA55}.iOS|x86.ActiveCfg = Release|Any CPU
		{3D93587B-1C50-449E-A751-6B2B765CFA55}.iOS|x86.Build.0 = Release|Any CPU
		{3D93587B-1C50-449E-A751-6B2B765CFA55}.Net20|Any CPU.ActiveCfg = Release|Any CPU
		{3D93587B-1C50-449E-A751-6B2B765CFA55}.Net20|Any CPU.Build.0 = Release|Any CPU
		{3D93587B-1C50-449E-A751-6B2B765CFA55}.Net20|Mixed Platforms.ActiveCfg = Release|Any CPU
		{3D93587B-1C50-449E-A751-6B2B765CFA55}.Net20|Mixed Platforms.Build.0 = Release|Any CPU
		{3D93587B-1C50-449E-A751-6B2B765CFA55}.Net20|x64.ActiveCfg = Release|x64
		{3D93587B-1C50-449E-A751-6B2B765CFA55}.Net20|x64.Build.0 = Release|x64
		{3D93587B-1C50-449E-A751-6B2B765CFA55}.Net20|x86.ActiveCfg = Release|Any CPU
		{3D93587B-1C50-449E-A751-6B2B765CFA55}.Net20|x86.Build.0 = Release|Any CPU
		{3D93587B-1C50-449E-A751-6B2B765CFA55}.Release|Any CPU.ActiveCfg = Release|Any CPU
		{3D93587B-1C50-449E-A751-6B2B765CFA55}.Release|Any CPU.Build.0 = Release|Any CPU
		{3D93587B-1C50-449E-A751-6B2B765CFA55}.Release|Mixed Platforms.ActiveCfg = Release|Any CPU
		{3D93587B-1C50-449E-A751-6B2B765CFA55}.Release|Mixed Platforms.Build.0 = Release|Any CPU
		{3D93587B-1C50-449E-A751-6B2B765CFA55}.Release|x64.ActiveCfg = Release|x64
		{3D93587B-1C50-449E-A751-6B2B765CFA55}.Release|x64.Build.0 = Release|x64
		{3D93587B-1C50-449E-A751-6B2B765CFA55}.Release|x86.ActiveCfg = Release|Any CPU
		{3D93587B-1C50-449E-A751-6B2B765CFA55}.Release|x86.Build.0 = Release|Any CPU
		{17492892-96BF-446B-9A93-2D7B3687179B}.Content|Any CPU.ActiveCfg = Release|x86
		{17492892-96BF-446B-9A93-2D7B3687179B}.Content|Any CPU.Build.0 = Release|x86
		{17492892-96BF-446B-9A93-2D7B3687179B}.Content|Mixed Platforms.ActiveCfg = Release|x86
		{17492892-96BF-446B-9A93-2D7B3687179B}.Content|Mixed Platforms.Build.0 = Release|x86
		{17492892-96BF-446B-9A93-2D7B3687179B}.Content|x64.ActiveCfg = Release|x86
		{17492892-96BF-446B-9A93-2D7B3687179B}.Content|x64.Build.0 = Release|x86
		{17492892-96BF-446B-9A93-2D7B3687179B}.Content|x86.ActiveCfg = Release|x86
		{17492892-96BF-446B-9A93-2D7B3687179B}.Content|x86.Build.0 = Release|x86
		{17492892-96BF-446B-9A93-2D7B3687179B}.Debug|Any CPU.ActiveCfg = Debug|x86
		{17492892-96BF-446B-9A93-2D7B3687179B}.Debug|Any CPU.Build.0 = Debug|x86
		{17492892-96BF-446B-9A93-2D7B3687179B}.Debug|Mixed Platforms.ActiveCfg = Debug|x86
		{17492892-96BF-446B-9A93-2D7B3687179B}.Debug|Mixed Platforms.Build.0 = Debug|x86
		{17492892-96BF-446B-9A93-2D7B3687179B}.Debug|x64.ActiveCfg = Debug|x86
		{17492892-96BF-446B-9A93-2D7B3687179B}.Debug|x86.ActiveCfg = Debug|x86
		{17492892-96BF-446B-9A93-2D7B3687179B}.Debug|x86.Build.0 = Debug|x86
		{17492892-96BF-446B-9A93-2D7B3687179B}.iOS|Any CPU.ActiveCfg = Release|x86
		{17492892-96BF-446B-9A93-2D7B3687179B}.iOS|Any CPU.Build.0 = Release|x86
		{17492892-96BF-446B-9A93-2D7B3687179B}.iOS|Mixed Platforms.ActiveCfg = Release|x86
		{17492892-96BF-446B-9A93-2D7B3687179B}.iOS|Mixed Platforms.Build.0 = Release|x86
		{17492892-96BF-446B-9A93-2D7B3687179B}.iOS|x64.ActiveCfg = Release|x86
		{17492892-96BF-446B-9A93-2D7B3687179B}.iOS|x64.Build.0 = Release|x86
		{17492892-96BF-446B-9A93-2D7B3687179B}.iOS|x86.ActiveCfg = Release|x86
		{17492892-96BF-446B-9A93-2D7B3687179B}.iOS|x86.Build.0 = Release|x86
		{17492892-96BF-446B-9A93-2D7B3687179B}.Net20|Any CPU.ActiveCfg = Release|x86
		{17492892-96BF-446B-9A93-2D7B3687179B}.Net20|Any CPU.Build.0 = Release|x86
		{17492892-96BF-446B-9A93-2D7B3687179B}.Net20|Mixed Platforms.ActiveCfg = Release|x86
		{17492892-96BF-446B-9A93-2D7B3687179B}.Net20|Mixed Platforms.Build.0 = Release|x86
		{17492892-96BF-446B-9A93-2D7B3687179B}.Net20|x64.ActiveCfg = Release|x86
		{17492892-96BF-446B-9A93-2D7B3687179B}.Net20|x64.Build.0 = Release|x86
		{17492892-96BF-446B-9A93-2D7B3687179B}.Net20|x86.ActiveCfg = Release|x86
		{17492892-96BF-446B-9A93-2D7B3687179B}.Net20|x86.Build.0 = Release|x86
		{17492892-96BF-446B-9A93-2D7B3687179B}.Release|Any CPU.ActiveCfg = Release|x86
		{17492892-96BF-446B-9A93-2D7B3687179B}.Release|Mixed Platforms.ActiveCfg = Release|x86
		{17492892-96BF-446B-9A93-2D7B3687179B}.Release|Mixed Platforms.Build.0 = Release|x86
		{17492892-96BF-446B-9A93-2D7B3687179B}.Release|x64.ActiveCfg = Release|x86
		{17492892-96BF-446B-9A93-2D7B3687179B}.Release|x86.ActiveCfg = Release|x86
		{17492892-96BF-446B-9A93-2D7B3687179B}.Release|x86.Build.0 = Release|x86
		{2ECE8E51-8972-435A-B2B5-B70B9B251A55}.Content|Any CPU.ActiveCfg = Release|Any CPU
		{2ECE8E51-8972-435A-B2B5-B70B9B251A55}.Content|Any CPU.Build.0 = Release|Any CPU
		{2ECE8E51-8972-435A-B2B5-B70B9B251A55}.Content|Mixed Platforms.ActiveCfg = Release|Any CPU
		{2ECE8E51-8972-435A-B2B5-B70B9B251A55}.Content|Mixed Platforms.Build.0 = Release|Any CPU
		{2ECE8E51-8972-435A-B2B5-B70B9B251A55}.Content|x64.ActiveCfg = Release|x64
		{2ECE8E51-8972-435A-B2B5-B70B9B251A55}.Content|x64.Build.0 = Release|x64
		{2ECE8E51-8972-435A-B2B5-B70B9B251A55}.Content|x86.ActiveCfg = Release|Any CPU
		{2ECE8E51-8972-435A-B2B5-B70B9B251A55}.Content|x86.Build.0 = Release|Any CPU
		{2ECE8E51-8972-435A-B2B5-B70B9B251A55}.Debug|Any CPU.ActiveCfg = Debug|Any CPU
		{2ECE8E51-8972-435A-B2B5-B70B9B251A55}.Debug|Any CPU.Build.0 = Debug|Any CPU
		{2ECE8E51-8972-435A-B2B5-B70B9B251A55}.Debug|Mixed Platforms.ActiveCfg = Debug|Any CPU
		{2ECE8E51-8972-435A-B2B5-B70B9B251A55}.Debug|Mixed Platforms.Build.0 = Debug|Any CPU
		{2ECE8E51-8972-435A-B2B5-B70B9B251A55}.Debug|x64.ActiveCfg = Debug|x64
		{2ECE8E51-8972-435A-B2B5-B70B9B251A55}.Debug|x64.Build.0 = Debug|x64
		{2ECE8E51-8972-435A-B2B5-B70B9B251A55}.Debug|x86.ActiveCfg = Debug|Any CPU
		{2ECE8E51-8972-435A-B2B5-B70B9B251A55}.Debug|x86.Build.0 = Debug|Any CPU
		{2ECE8E51-8972-435A-B2B5-B70B9B251A55}.iOS|Any CPU.ActiveCfg = Release|Any CPU
		{2ECE8E51-8972-435A-B2B5-B70B9B251A55}.iOS|Any CPU.Build.0 = Release|Any CPU
		{2ECE8E51-8972-435A-B2B5-B70B9B251A55}.iOS|Mixed Platforms.ActiveCfg = Release|Any CPU
		{2ECE8E51-8972-435A-B2B5-B70B9B251A55}.iOS|Mixed Platforms.Build.0 = Release|Any CPU
		{2ECE8E51-8972-435A-B2B5-B70B9B251A55}.iOS|x64.ActiveCfg = Release|x64
		{2ECE8E51-8972-435A-B2B5-B70B9B251A55}.iOS|x64.Build.0 = Release|x64
		{2ECE8E51-8972-435A-B2B5-B70B9B251A55}.iOS|x86.ActiveCfg = Release|Any CPU
		{2ECE8E51-8972-435A-B2B5-B70B9B251A55}.iOS|x86.Build.0 = Release|Any CPU
		{2ECE8E51-8972-435A-B2B5-B70B9B251A55}.Net20|Any CPU.ActiveCfg = Release|Any CPU
		{2ECE8E51-8972-435A-B2B5-B70B9B251A55}.Net20|Any CPU.Build.0 = Release|Any CPU
		{2ECE8E51-8972-435A-B2B5-B70B9B251A55}.Net20|Mixed Platforms.ActiveCfg = Release|Any CPU
		{2ECE8E51-8972-435A-B2B5-B70B9B251A55}.Net20|Mixed Platforms.Build.0 = Release|Any CPU
		{2ECE8E51-8972-435A-B2B5-B70B9B251A55}.Net20|x64.ActiveCfg = Release|x64
		{2ECE8E51-8972-435A-B2B5-B70B9B251A55}.Net20|x64.Build.0 = Release|x64
		{2ECE8E51-8972-435A-B2B5-B70B9B251A55}.Net20|x86.ActiveCfg = Release|Any CPU
		{2ECE8E51-8972-435A-B2B5-B70B9B251A55}.Net20|x86.Build.0 = Release|Any CPU
		{2ECE8E51-8972-435A-B2B5-B70B9B251A55}.Release|Any CPU.ActiveCfg = Release|Any CPU
		{2ECE8E51-8972-435A-B2B5-B70B9B251A55}.Release|Any CPU.Build.0 = Release|Any CPU
		{2ECE8E51-8972-435A-B2B5-B70B9B251A55}.Release|Mixed Platforms.ActiveCfg = Release|Any CPU
		{2ECE8E51-8972-435A-B2B5-B70B9B251A55}.Release|Mixed Platforms.Build.0 = Release|Any CPU
		{2ECE8E51-8972-435A-B2B5-B70B9B251A55}.Release|x64.ActiveCfg = Release|x64
		{2ECE8E51-8972-435A-B2B5-B70B9B251A55}.Release|x64.Build.0 = Release|x64
		{2ECE8E51-8972-435A-B2B5-B70B9B251A55}.Release|x86.ActiveCfg = Release|Any CPU
		{2ECE8E51-8972-435A-B2B5-B70B9B251A55}.Release|x86.Build.0 = Release|Any CPU
		{B7027F9E-BFEA-4DF1-9F3E-FFF1967F91A8}.Content|Any CPU.ActiveCfg = Release|Any CPU
		{B7027F9E-BFEA-4DF1-9F3E-FFF1967F91A8}.Content|Any CPU.Build.0 = Release|Any CPU
		{B7027F9E-BFEA-4DF1-9F3E-FFF1967F91A8}.Content|Mixed Platforms.ActiveCfg = Release|Any CPU
		{B7027F9E-BFEA-4DF1-9F3E-FFF1967F91A8}.Content|Mixed Platforms.Build.0 = Release|Any CPU
		{B7027F9E-BFEA-4DF1-9F3E-FFF1967F91A8}.Content|x64.ActiveCfg = Release|x64
		{B7027F9E-BFEA-4DF1-9F3E-FFF1967F91A8}.Content|x64.Build.0 = Release|x64
		{B7027F9E-BFEA-4DF1-9F3E-FFF1967F91A8}.Content|x86.ActiveCfg = Release|Any CPU
		{B7027F9E-BFEA-4DF1-9F3E-FFF1967F91A8}.Content|x86.Build.0 = Release|Any CPU
		{B7027F9E-BFEA-4DF1-9F3E-FFF1967F91A8}.Debug|Any CPU.ActiveCfg = Debug|Any CPU
		{B7027F9E-BFEA-4DF1-9F3E-FFF1967F91A8}.Debug|Any CPU.Build.0 = Debug|Any CPU
		{B7027F9E-BFEA-4DF1-9F3E-FFF1967F91A8}.Debug|Mixed Platforms.ActiveCfg = Debug|Any CPU
		{B7027F9E-BFEA-4DF1-9F3E-FFF1967F91A8}.Debug|Mixed Platforms.Build.0 = Debug|Any CPU
		{B7027F9E-BFEA-4DF1-9F3E-FFF1967F91A8}.Debug|x64.ActiveCfg = Debug|x64
		{B7027F9E-BFEA-4DF1-9F3E-FFF1967F91A8}.Debug|x64.Build.0 = Debug|x64
		{B7027F9E-BFEA-4DF1-9F3E-FFF1967F91A8}.Debug|x86.ActiveCfg = Debug|Any CPU
		{B7027F9E-BFEA-4DF1-9F3E-FFF1967F91A8}.Debug|x86.Build.0 = Debug|Any CPU
		{B7027F9E-BFEA-4DF1-9F3E-FFF1967F91A8}.iOS|Any CPU.ActiveCfg = Release|Any CPU
		{B7027F9E-BFEA-4DF1-9F3E-FFF1967F91A8}.iOS|Any CPU.Build.0 = Release|Any CPU
		{B7027F9E-BFEA-4DF1-9F3E-FFF1967F91A8}.iOS|Mixed Platforms.ActiveCfg = Release|Any CPU
		{B7027F9E-BFEA-4DF1-9F3E-FFF1967F91A8}.iOS|Mixed Platforms.Build.0 = Release|Any CPU
		{B7027F9E-BFEA-4DF1-9F3E-FFF1967F91A8}.iOS|x64.ActiveCfg = Release|x64
		{B7027F9E-BFEA-4DF1-9F3E-FFF1967F91A8}.iOS|x64.Build.0 = Release|x64
		{B7027F9E-BFEA-4DF1-9F3E-FFF1967F91A8}.iOS|x86.ActiveCfg = Release|Any CPU
		{B7027F9E-BFEA-4DF1-9F3E-FFF1967F91A8}.iOS|x86.Build.0 = Release|Any CPU
		{B7027F9E-BFEA-4DF1-9F3E-FFF1967F91A8}.Net20|Any CPU.ActiveCfg = Release|Any CPU
		{B7027F9E-BFEA-4DF1-9F3E-FFF1967F91A8}.Net20|Any CPU.Build.0 = Release|Any CPU
		{B7027F9E-BFEA-4DF1-9F3E-FFF1967F91A8}.Net20|Mixed Platforms.ActiveCfg = Release|Any CPU
		{B7027F9E-BFEA-4DF1-9F3E-FFF1967F91A8}.Net20|Mixed Platforms.Build.0 = Release|Any CPU
		{B7027F9E-BFEA-4DF1-9F3E-FFF1967F91A8}.Net20|x64.ActiveCfg = Release|x64
		{B7027F9E-BFEA-4DF1-9F3E-FFF1967F91A8}.Net20|x64.Build.0 = Release|x64
		{B7027F9E-BFEA-4DF1-9F3E-FFF1967F91A8}.Net20|x86.ActiveCfg = Release|Any CPU
		{B7027F9E-BFEA-4DF1-9F3E-FFF1967F91A8}.Net20|x86.Build.0 = Release|Any CPU
		{B7027F9E-BFEA-4DF1-9F3E-FFF1967F91A8}.Release|Any CPU.ActiveCfg = Release|Any CPU
		{B7027F9E-BFEA-4DF1-9F3E-FFF1967F91A8}.Release|Any CPU.Build.0 = Release|Any CPU
		{B7027F9E-BFEA-4DF1-9F3E-FFF1967F91A8}.Release|Mixed Platforms.ActiveCfg = Release|Any CPU
		{B7027F9E-BFEA-4DF1-9F3E-FFF1967F91A8}.Release|Mixed Platforms.Build.0 = Release|Any CPU
		{B7027F9E-BFEA-4DF1-9F3E-FFF1967F91A8}.Release|x64.ActiveCfg = Release|x64
		{B7027F9E-BFEA-4DF1-9F3E-FFF1967F91A8}.Release|x64.Build.0 = Release|x64
		{B7027F9E-BFEA-4DF1-9F3E-FFF1967F91A8}.Release|x86.ActiveCfg = Release|Any CPU
		{B7027F9E-BFEA-4DF1-9F3E-FFF1967F91A8}.Release|x86.Build.0 = Release|Any CPU
		{D3100986-F258-4B73-9326-7907E3041F66}.Content|Any CPU.ActiveCfg = Release|Any CPU
		{D3100986-F258-4B73-9326-7907E3041F66}.Content|Any CPU.Build.0 = Release|Any CPU
		{D3100986-F258-4B73-9326-7907E3041F66}.Content|Mixed Platforms.ActiveCfg = Release|Any CPU
		{D3100986-F258-4B73-9326-7907E3041F66}.Content|Mixed Platforms.Build.0 = Release|Any CPU
		{D3100986-F258-4B73-9326-7907E3041F66}.Content|x64.ActiveCfg = Release|x64
		{D3100986-F258-4B73-9326-7907E3041F66}.Content|x64.Build.0 = Release|x64
		{D3100986-F258-4B73-9326-7907E3041F66}.Content|x86.ActiveCfg = Release|Any CPU
		{D3100986-F258-4B73-9326-7907E3041F66}.Content|x86.Build.0 = Release|Any CPU
		{D3100986-F258-4B73-9326-7907E3041F66}.Debug|Any CPU.ActiveCfg = Debug|Any CPU
		{D3100986-F258-4B73-9326-7907E3041F66}.Debug|Any CPU.Build.0 = Debug|Any CPU
		{D3100986-F258-4B73-9326-7907E3041F66}.Debug|Mixed Platforms.ActiveCfg = Debug|Any CPU
		{D3100986-F258-4B73-9326-7907E3041F66}.Debug|Mixed Platforms.Build.0 = Debug|Any CPU
		{D3100986-F258-4B73-9326-7907E3041F66}.Debug|x64.ActiveCfg = Debug|x64
		{D3100986-F258-4B73-9326-7907E3041F66}.Debug|x64.Build.0 = Debug|x64
		{D3100986-F258-4B73-9326-7907E3041F66}.Debug|x86.ActiveCfg = Debug|Any CPU
		{D3100986-F258-4B73-9326-7907E3041F66}.Debug|x86.Build.0 = Debug|Any CPU
		{D3100986-F258-4B73-9326-7907E3041F66}.iOS|Any CPU.ActiveCfg = Release|Any CPU
		{D3100986-F258-4B73-9326-7907E3041F66}.iOS|Any CPU.Build.0 = Release|Any CPU
		{D3100986-F258-4B73-9326-7907E3041F66}.iOS|Mixed Platforms.ActiveCfg = Release|Any CPU
		{D3100986-F258-4B73-9326-7907E3041F66}.iOS|Mixed Platforms.Build.0 = Release|Any CPU
		{D3100986-F258-4B73-9326-7907E3041F66}.iOS|x64.ActiveCfg = Release|x64
		{D3100986-F258-4B73-9326-7907E3041F66}.iOS|x64.Build.0 = Release|x64
		{D3100986-F258-4B73-9326-7907E3041F66}.iOS|x86.ActiveCfg = Release|Any CPU
		{D3100986-F258-4B73-9326-7907E3041F66}.iOS|x86.Build.0 = Release|Any CPU
		{D3100986-F258-4B73-9326-7907E3041F66}.Net20|Any CPU.ActiveCfg = Release|Any CPU
		{D3100986-F258-4B73-9326-7907E3041F66}.Net20|Any CPU.Build.0 = Release|Any CPU
		{D3100986-F258-4B73-9326-7907E3041F66}.Net20|Mixed Platforms.ActiveCfg = Release|Any CPU
		{D3100986-F258-4B73-9326-7907E3041F66}.Net20|Mixed Platforms.Build.0 = Release|Any CPU
		{D3100986-F258-4B73-9326-7907E3041F66}.Net20|x64.ActiveCfg = Release|x64
		{D3100986-F258-4B73-9326-7907E3041F66}.Net20|x64.Build.0 = Release|x64
		{D3100986-F258-4B73-9326-7907E3041F66}.Net20|x86.ActiveCfg = Release|Any CPU
		{D3100986-F258-4B73-9326-7907E3041F66}.Net20|x86.Build.0 = Release|Any CPU
		{D3100986-F258-4B73-9326-7907E3041F66}.Release|Any CPU.ActiveCfg = Release|Any CPU
		{D3100986-F258-4B73-9326-7907E3041F66}.Release|Any CPU.Build.0 = Release|Any CPU
		{D3100986-F258-4B73-9326-7907E3041F66}.Release|Mixed Platforms.ActiveCfg = Release|Any CPU
		{D3100986-F258-4B73-9326-7907E3041F66}.Release|Mixed Platforms.Build.0 = Release|Any CPU
		{D3100986-F258-4B73-9326-7907E3041F66}.Release|x64.ActiveCfg = Release|x64
		{D3100986-F258-4B73-9326-7907E3041F66}.Release|x64.Build.0 = Release|x64
		{D3100986-F258-4B73-9326-7907E3041F66}.Release|x86.ActiveCfg = Release|Any CPU
		{D3100986-F258-4B73-9326-7907E3041F66}.Release|x86.Build.0 = Release|Any CPU
		{4746B339-5C00-4965-BEA9-43E9D79D4693}.Content|Any CPU.ActiveCfg = Release|Any CPU
		{4746B339-5C00-4965-BEA9-43E9D79D4693}.Content|Any CPU.Build.0 = Release|Any CPU
		{4746B339-5C00-4965-BEA9-43E9D79D4693}.Content|Mixed Platforms.ActiveCfg = Release|Any CPU
		{4746B339-5C00-4965-BEA9-43E9D79D4693}.Content|Mixed Platforms.Build.0 = Release|Any CPU
		{4746B339-5C00-4965-BEA9-43E9D79D4693}.Content|x64.ActiveCfg = Release|x64
		{4746B339-5C00-4965-BEA9-43E9D79D4693}.Content|x64.Build.0 = Release|x64
		{4746B339-5C00-4965-BEA9-43E9D79D4693}.Content|x86.ActiveCfg = Release|Any CPU
		{4746B339-5C00-4965-BEA9-43E9D79D4693}.Content|x86.Build.0 = Release|Any CPU
		{4746B339-5C00-4965-BEA9-43E9D79D4693}.Debug|Any CPU.ActiveCfg = Debug|Any CPU
		{4746B339-5C00-4965-BEA9-43E9D79D4693}.Debug|Any CPU.Build.0 = Debug|Any CPU
		{4746B339-5C00-4965-BEA9-43E9D79D4693}.Debug|Mixed Platforms.ActiveCfg = Debug|Any CPU
		{4746B339-5C00-4965-BEA9-43E9D79D4693}.Debug|Mixed Platforms.Build.0 = Debug|Any CPU
		{4746B339-5C00-4965-BEA9-43E9D79D4693}.Debug|x64.ActiveCfg = Debug|x64
		{4746B339-5C00-4965-BEA9-43E9D79D4693}.Debug|x64.Build.0 = Debug|x64
		{4746B339-5C00-4965-BEA9-43E9D79D4693}.Debug|x86.ActiveCfg = Debug|Any CPU
		{4746B339-5C00-4965-BEA9-43E9D79D4693}.Debug|x86.Build.0 = Debug|Any CPU
		{4746B339-5C00-4965-BEA9-43E9D79D4693}.iOS|Any CPU.ActiveCfg = Release|Any CPU
		{4746B339-5C00-4965-BEA9-43E9D79D4693}.iOS|Any CPU.Build.0 = Release|Any CPU
		{4746B339-5C00-4965-BEA9-43E9D79D4693}.iOS|Mixed Platforms.ActiveCfg = Release|Any CPU
		{4746B339-5C00-4965-BEA9-43E9D79D4693}.iOS|Mixed Platforms.Build.0 = Release|Any CPU
		{4746B339-5C00-4965-BEA9-43E9D79D4693}.iOS|x64.ActiveCfg = Release|x64
		{4746B339-5C00-4965-BEA9-43E9D79D4693}.iOS|x64.Build.0 = Release|x64
		{4746B339-5C00-4965-BEA9-43E9D79D4693}.iOS|x86.ActiveCfg = Release|Any CPU
		{4746B339-5C00-4965-BEA9-43E9D79D4693}.iOS|x86.Build.0 = Release|Any CPU
		{4746B339-5C00-4965-BEA9-43E9D79D4693}.Net20|Any CPU.ActiveCfg = Release|Any CPU
		{4746B339-5C00-4965-BEA9-43E9D79D4693}.Net20|Any CPU.Build.0 = Release|Any CPU
		{4746B339-5C00-4965-BEA9-43E9D79D4693}.Net20|Mixed Platforms.ActiveCfg = Release|Any CPU
		{4746B339-5C00-4965-BEA9-43E9D79D4693}.Net20|Mixed Platforms.Build.0 = Release|Any CPU
		{4746B339-5C00-4965-BEA9-43E9D79D4693}.Net20|x64.ActiveCfg = Release|x64
		{4746B339-5C00-4965-BEA9-43E9D79D4693}.Net20|x64.Build.0 = Release|x64
		{4746B339-5C00-4965-BEA9-43E9D79D4693}.Net20|x86.ActiveCfg = Release|Any CPU
		{4746B339-5C00-4965-BEA9-43E9D79D4693}.Net20|x86.Build.0 = Release|Any CPU
		{4746B339-5C00-4965-BEA9-43E9D79D4693}.Release|Any CPU.ActiveCfg = Release|Any CPU
		{4746B339-5C00-4965-BEA9-43E9D79D4693}.Release|Any CPU.Build.0 = Release|Any CPU
		{4746B339-5C00-4965-BEA9-43E9D79D4693}.Release|Mixed Platforms.ActiveCfg = Release|Any CPU
		{4746B339-5C00-4965-BEA9-43E9D79D4693}.Release|Mixed Platforms.Build.0 = Release|Any CPU
		{4746B339-5C00-4965-BEA9-43E9D79D4693}.Release|x64.ActiveCfg = Release|x64
		{4746B339-5C00-4965-BEA9-43E9D79D4693}.Release|x64.Build.0 = Release|x64
		{4746B339-5C00-4965-BEA9-43E9D79D4693}.Release|x86.ActiveCfg = Release|Any CPU
		{4746B339-5C00-4965-BEA9-43E9D79D4693}.Release|x86.Build.0 = Release|Any CPU
		{D527CE3C-EECF-45EF-AE6E-E88DE37D3708}.Content|Any CPU.ActiveCfg = Release|Any CPU
		{D527CE3C-EECF-45EF-AE6E-E88DE37D3708}.Content|Any CPU.Build.0 = Release|Any CPU
		{D527CE3C-EECF-45EF-AE6E-E88DE37D3708}.Content|Mixed Platforms.ActiveCfg = Release|Any CPU
		{D527CE3C-EECF-45EF-AE6E-E88DE37D3708}.Content|Mixed Platforms.Build.0 = Release|Any CPU
		{D527CE3C-EECF-45EF-AE6E-E88DE37D3708}.Content|x64.ActiveCfg = Release|Any CPU
		{D527CE3C-EECF-45EF-AE6E-E88DE37D3708}.Content|x64.Build.0 = Release|Any CPU
		{D527CE3C-EECF-45EF-AE6E-E88DE37D3708}.Content|x86.ActiveCfg = Release|Any CPU
		{D527CE3C-EECF-45EF-AE6E-E88DE37D3708}.Content|x86.Build.0 = Release|Any CPU
		{D527CE3C-EECF-45EF-AE6E-E88DE37D3708}.Debug|Any CPU.ActiveCfg = Debug|Any CPU
		{D527CE3C-EECF-45EF-AE6E-E88DE37D3708}.Debug|Any CPU.Build.0 = Debug|Any CPU
		{D527CE3C-EECF-45EF-AE6E-E88DE37D3708}.Debug|Mixed Platforms.ActiveCfg = Debug|Any CPU
		{D527CE3C-EECF-45EF-AE6E-E88DE37D3708}.Debug|Mixed Platforms.Build.0 = Debug|Any CPU
		{D527CE3C-EECF-45EF-AE6E-E88DE37D3708}.Debug|x64.ActiveCfg = Debug|Any CPU
		{D527CE3C-EECF-45EF-AE6E-E88DE37D3708}.Debug|x64.Build.0 = Debug|Any CPU
		{D527CE3C-EECF-45EF-AE6E-E88DE37D3708}.Debug|x86.ActiveCfg = Debug|Any CPU
		{D527CE3C-EECF-45EF-AE6E-E88DE37D3708}.Debug|x86.Build.0 = Debug|Any CPU
		{D527CE3C-EECF-45EF-AE6E-E88DE37D3708}.iOS|Any CPU.ActiveCfg = Release|Any CPU
		{D527CE3C-EECF-45EF-AE6E-E88DE37D3708}.iOS|Any CPU.Build.0 = Release|Any CPU
		{D527CE3C-EECF-45EF-AE6E-E88DE37D3708}.iOS|Mixed Platforms.ActiveCfg = Release|Any CPU
		{D527CE3C-EECF-45EF-AE6E-E88DE37D3708}.iOS|Mixed Platforms.Build.0 = Release|Any CPU
		{D527CE3C-EECF-45EF-AE6E-E88DE37D3708}.iOS|x64.ActiveCfg = Release|Any CPU
		{D527CE3C-EECF-45EF-AE6E-E88DE37D3708}.iOS|x64.Build.0 = Release|Any CPU
		{D527CE3C-EECF-45EF-AE6E-E88DE37D3708}.iOS|x86.ActiveCfg = Release|Any CPU
		{D527CE3C-EECF-45EF-AE6E-E88DE37D3708}.iOS|x86.Build.0 = Release|Any CPU
		{D527CE3C-EECF-45EF-AE6E-E88DE37D3708}.Net20|Any CPU.ActiveCfg = Release|Any CPU
		{D527CE3C-EECF-45EF-AE6E-E88DE37D3708}.Net20|Any CPU.Build.0 = Release|Any CPU
		{D527CE3C-EECF-45EF-AE6E-E88DE37D3708}.Net20|Mixed Platforms.ActiveCfg = Release|Any CPU
		{D527CE3C-EECF-45EF-AE6E-E88DE37D3708}.Net20|Mixed Platforms.Build.0 = Release|Any CPU
		{D527CE3C-EECF-45EF-AE6E-E88DE37D3708}.Net20|x64.ActiveCfg = Release|Any CPU
		{D527CE3C-EECF-45EF-AE6E-E88DE37D3708}.Net20|x64.Build.0 = Release|Any CPU
		{D527CE3C-EECF-45EF-AE6E-E88DE37D3708}.Net20|x86.ActiveCfg = Release|Any CPU
		{D527CE3C-EECF-45EF-AE6E-E88DE37D3708}.Net20|x86.Build.0 = Release|Any CPU
		{D527CE3C-EECF-45EF-AE6E-E88DE37D3708}.Release|Any CPU.ActiveCfg = Release|Any CPU
		{D527CE3C-EECF-45EF-AE6E-E88DE37D3708}.Release|Any CPU.Build.0 = Release|Any CPU
		{D527CE3C-EECF-45EF-AE6E-E88DE37D3708}.Release|Mixed Platforms.ActiveCfg = Release|Any CPU
		{D527CE3C-EECF-45EF-AE6E-E88DE37D3708}.Release|Mixed Platforms.Build.0 = Release|Any CPU
		{D527CE3C-EECF-45EF-AE6E-E88DE37D3708}.Release|x64.ActiveCfg = Release|Any CPU
		{D527CE3C-EECF-45EF-AE6E-E88DE37D3708}.Release|x64.Build.0 = Release|Any CPU
		{D527CE3C-EECF-45EF-AE6E-E88DE37D3708}.Release|x86.ActiveCfg = Release|Any CPU
		{D527CE3C-EECF-45EF-AE6E-E88DE37D3708}.Release|x86.Build.0 = Release|Any CPU
		{8B398427-3D4E-4CB8-B0F0-CFA35E2E66A4}.Content|Any CPU.ActiveCfg = Release|Any CPU
		{8B398427-3D4E-4CB8-B0F0-CFA35E2E66A4}.Content|Any CPU.Build.0 = Release|Any CPU
		{8B398427-3D4E-4CB8-B0F0-CFA35E2E66A4}.Content|Mixed Platforms.ActiveCfg = Release|Any CPU
		{8B398427-3D4E-4CB8-B0F0-CFA35E2E66A4}.Content|Mixed Platforms.Build.0 = Release|Any CPU
		{8B398427-3D4E-4CB8-B0F0-CFA35E2E66A4}.Content|x64.ActiveCfg = Release|Any CPU
		{8B398427-3D4E-4CB8-B0F0-CFA35E2E66A4}.Content|x64.Build.0 = Release|Any CPU
		{8B398427-3D4E-4CB8-B0F0-CFA35E2E66A4}.Content|x86.ActiveCfg = Release|Any CPU
		{8B398427-3D4E-4CB8-B0F0-CFA35E2E66A4}.Content|x86.Build.0 = Release|Any CPU
		{8B398427-3D4E-4CB8-B0F0-CFA35E2E66A4}.Debug|Any CPU.ActiveCfg = Debug|Any CPU
		{8B398427-3D4E-4CB8-B0F0-CFA35E2E66A4}.Debug|Any CPU.Build.0 = Debug|Any CPU
		{8B398427-3D4E-4CB8-B0F0-CFA35E2E66A4}.Debug|Mixed Platforms.ActiveCfg = Debug|Any CPU
		{8B398427-3D4E-4CB8-B0F0-CFA35E2E66A4}.Debug|Mixed Platforms.Build.0 = Debug|Any CPU
		{8B398427-3D4E-4CB8-B0F0-CFA35E2E66A4}.Debug|x64.ActiveCfg = Debug|Any CPU
		{8B398427-3D4E-4CB8-B0F0-CFA35E2E66A4}.Debug|x64.Build.0 = Debug|Any CPU
		{8B398427-3D4E-4CB8-B0F0-CFA35E2E66A4}.Debug|x86.ActiveCfg = Debug|Any CPU
		{8B398427-3D4E-4CB8-B0F0-CFA35E2E66A4}.Debug|x86.Build.0 = Debug|Any CPU
		{8B398427-3D4E-4CB8-B0F0-CFA35E2E66A4}.iOS|Any CPU.ActiveCfg = Release|Any CPU
		{8B398427-3D4E-4CB8-B0F0-CFA35E2E66A4}.iOS|Any CPU.Build.0 = Release|Any CPU
		{8B398427-3D4E-4CB8-B0F0-CFA35E2E66A4}.iOS|Mixed Platforms.ActiveCfg = Release|Any CPU
		{8B398427-3D4E-4CB8-B0F0-CFA35E2E66A4}.iOS|Mixed Platforms.Build.0 = Release|Any CPU
		{8B398427-3D4E-4CB8-B0F0-CFA35E2E66A4}.iOS|x64.ActiveCfg = Release|Any CPU
		{8B398427-3D4E-4CB8-B0F0-CFA35E2E66A4}.iOS|x64.Build.0 = Release|Any CPU
		{8B398427-3D4E-4CB8-B0F0-CFA35E2E66A4}.iOS|x86.ActiveCfg = Release|Any CPU
		{8B398427-3D4E-4CB8-B0F0-CFA35E2E66A4}.iOS|x86.Build.0 = Release|Any CPU
		{8B398427-3D4E-4CB8-B0F0-CFA35E2E66A4}.Net20|Any CPU.ActiveCfg = Release|Any CPU
		{8B398427-3D4E-4CB8-B0F0-CFA35E2E66A4}.Net20|Any CPU.Build.0 = Release|Any CPU
		{8B398427-3D4E-4CB8-B0F0-CFA35E2E66A4}.Net20|Mixed Platforms.ActiveCfg = Release|Any CPU
		{8B398427-3D4E-4CB8-B0F0-CFA35E2E66A4}.Net20|Mixed Platforms.Build.0 = Release|Any CPU
		{8B398427-3D4E-4CB8-B0F0-CFA35E2E66A4}.Net20|x64.ActiveCfg = Release|Any CPU
		{8B398427-3D4E-4CB8-B0F0-CFA35E2E66A4}.Net20|x64.Build.0 = Release|Any CPU
		{8B398427-3D4E-4CB8-B0F0-CFA35E2E66A4}.Net20|x86.ActiveCfg = Release|Any CPU
		{8B398427-3D4E-4CB8-B0F0-CFA35E2E66A4}.Net20|x86.Build.0 = Release|Any CPU
		{8B398427-3D4E-4CB8-B0F0-CFA35E2E66A4}.Release|Any CPU.ActiveCfg = Release|Any CPU
		{8B398427-3D4E-4CB8-B0F0-CFA35E2E66A4}.Release|Any CPU.Build.0 = Release|Any CPU
		{8B398427-3D4E-4CB8-B0F0-CFA35E2E66A4}.Release|Mixed Platforms.ActiveCfg = Release|Any CPU
		{8B398427-3D4E-4CB8-B0F0-CFA35E2E66A4}.Release|Mixed Platforms.Build.0 = Release|Any CPU
		{8B398427-3D4E-4CB8-B0F0-CFA35E2E66A4}.Release|x64.ActiveCfg = Release|Any CPU
		{8B398427-3D4E-4CB8-B0F0-CFA35E2E66A4}.Release|x64.Build.0 = Release|Any CPU
		{8B398427-3D4E-4CB8-B0F0-CFA35E2E66A4}.Release|x86.ActiveCfg = Release|Any CPU
		{8B398427-3D4E-4CB8-B0F0-CFA35E2E66A4}.Release|x86.Build.0 = Release|Any CPU
		{A6C88306-63DC-4E60-95BB-112E3BC202F5}.Content|Any CPU.ActiveCfg = Release|Any CPU
		{A6C88306-63DC-4E60-95BB-112E3BC202F5}.Content|Any CPU.Build.0 = Release|Any CPU
		{A6C88306-63DC-4E60-95BB-112E3BC202F5}.Content|Mixed Platforms.ActiveCfg = Release|Any CPU
		{A6C88306-63DC-4E60-95BB-112E3BC202F5}.Content|Mixed Platforms.Build.0 = Release|Any CPU
		{A6C88306-63DC-4E60-95BB-112E3BC202F5}.Content|x64.ActiveCfg = Release|Any CPU
		{A6C88306-63DC-4E60-95BB-112E3BC202F5}.Content|x64.Build.0 = Release|Any CPU
		{A6C88306-63DC-4E60-95BB-112E3BC202F5}.Content|x86.ActiveCfg = Release|Any CPU
		{A6C88306-63DC-4E60-95BB-112E3BC202F5}.Content|x86.Build.0 = Release|Any CPU
		{A6C88306-63DC-4E60-95BB-112E3BC202F5}.Debug|Any CPU.ActiveCfg = Debug|Any CPU
		{A6C88306-63DC-4E60-95BB-112E3BC202F5}.Debug|Any CPU.Build.0 = Debug|Any CPU
		{A6C88306-63DC-4E60-95BB-112E3BC202F5}.Debug|Mixed Platforms.ActiveCfg = Debug|Any CPU
		{A6C88306-63DC-4E60-95BB-112E3BC202F5}.Debug|Mixed Platforms.Build.0 = Debug|Any CPU
		{A6C88306-63DC-4E60-95BB-112E3BC202F5}.Debug|x64.ActiveCfg = Debug|Any CPU
		{A6C88306-63DC-4E60-95BB-112E3BC202F5}.Debug|x64.Build.0 = Debug|Any CPU
		{A6C88306-63DC-4E60-95BB-112E3BC202F5}.Debug|x86.ActiveCfg = Debug|Any CPU
		{A6C88306-63DC-4E60-95BB-112E3BC202F5}.Debug|x86.Build.0 = Debug|Any CPU
		{A6C88306-63DC-4E60-95BB-112E3BC202F5}.iOS|Any CPU.ActiveCfg = Release|Any CPU
		{A6C88306-63DC-4E60-95BB-112E3BC202F5}.iOS|Any CPU.Build.0 = Release|Any CPU
		{A6C88306-63DC-4E60-95BB-112E3BC202F5}.iOS|Mixed Platforms.ActiveCfg = Release|Any CPU
		{A6C88306-63DC-4E60-95BB-112E3BC202F5}.iOS|Mixed Platforms.Build.0 = Release|Any CPU
		{A6C88306-63DC-4E60-95BB-112E3BC202F5}.iOS|x64.ActiveCfg = Release|Any CPU
		{A6C88306-63DC-4E60-95BB-112E3BC202F5}.iOS|x64.Build.0 = Release|Any CPU
		{A6C88306-63DC-4E60-95BB-112E3BC202F5}.iOS|x86.ActiveCfg = Release|Any CPU
		{A6C88306-63DC-4E60-95BB-112E3BC202F5}.iOS|x86.Build.0 = Release|Any CPU
		{A6C88306-63DC-4E60-95BB-112E3BC202F5}.Net20|Any CPU.ActiveCfg = Release|Any CPU
		{A6C88306-63DC-4E60-95BB-112E3BC202F5}.Net20|Any CPU.Build.0 = Release|Any CPU
		{A6C88306-63DC-4E60-95BB-112E3BC202F5}.Net20|Mixed Platforms.ActiveCfg = Release|Any CPU
		{A6C88306-63DC-4E60-95BB-112E3BC202F5}.Net20|Mixed Platforms.Build.0 = Release|Any CPU
		{A6C88306-63DC-4E60-95BB-112E3BC202F5}.Net20|x64.ActiveCfg = Release|Any CPU
		{A6C88306-63DC-4E60-95BB-112E3BC202F5}.Net20|x64.Build.0 = Release|Any CPU
		{A6C88306-63DC-4E60-95BB-112E3BC202F5}.Net20|x86.ActiveCfg = Release|Any CPU
		{A6C88306-63DC-4E60-95BB-112E3BC202F5}.Net20|x86.Build.0 = Release|Any CPU
		{A6C88306-63DC-4E60-95BB-112E3BC202F5}.Release|Any CPU.ActiveCfg = Release|Any CPU
		{A6C88306-63DC-4E60-95BB-112E3BC202F5}.Release|Any CPU.Build.0 = Release|Any CPU
		{A6C88306-63DC-4E60-95BB-112E3BC202F5}.Release|Mixed Platforms.ActiveCfg = Release|Any CPU
		{A6C88306-63DC-4E60-95BB-112E3BC202F5}.Release|Mixed Platforms.Build.0 = Release|Any CPU
		{A6C88306-63DC-4E60-95BB-112E3BC202F5}.Release|x64.ActiveCfg = Release|Any CPU
		{A6C88306-63DC-4E60-95BB-112E3BC202F5}.Release|x64.Build.0 = Release|Any CPU
		{A6C88306-63DC-4E60-95BB-112E3BC202F5}.Release|x86.ActiveCfg = Release|Any CPU
		{A6C88306-63DC-4E60-95BB-112E3BC202F5}.Release|x86.Build.0 = Release|Any CPU
		{B1FC6D51-2A33-4EF8-BBAD-D8207F2DCB02}.Content|Any CPU.ActiveCfg = Release|Any CPU
		{B1FC6D51-2A33-4EF8-BBAD-D8207F2DCB02}.Content|Any CPU.Build.0 = Release|Any CPU
		{B1FC6D51-2A33-4EF8-BBAD-D8207F2DCB02}.Content|Mixed Platforms.ActiveCfg = Release|Any CPU
		{B1FC6D51-2A33-4EF8-BBAD-D8207F2DCB02}.Content|Mixed Platforms.Build.0 = Release|Any CPU
		{B1FC6D51-2A33-4EF8-BBAD-D8207F2DCB02}.Content|x64.ActiveCfg = Release|Any CPU
		{B1FC6D51-2A33-4EF8-BBAD-D8207F2DCB02}.Content|x64.Build.0 = Release|Any CPU
		{B1FC6D51-2A33-4EF8-BBAD-D8207F2DCB02}.Content|x86.ActiveCfg = Release|Any CPU
		{B1FC6D51-2A33-4EF8-BBAD-D8207F2DCB02}.Content|x86.Build.0 = Release|Any CPU
		{B1FC6D51-2A33-4EF8-BBAD-D8207F2DCB02}.Debug|Any CPU.ActiveCfg = Debug|Any CPU
		{B1FC6D51-2A33-4EF8-BBAD-D8207F2DCB02}.Debug|Any CPU.Build.0 = Debug|Any CPU
		{B1FC6D51-2A33-4EF8-BBAD-D8207F2DCB02}.Debug|Mixed Platforms.ActiveCfg = Debug|Any CPU
		{B1FC6D51-2A33-4EF8-BBAD-D8207F2DCB02}.Debug|Mixed Platforms.Build.0 = Debug|Any CPU
		{B1FC6D51-2A33-4EF8-BBAD-D8207F2DCB02}.Debug|x64.ActiveCfg = Debug|Any CPU
		{B1FC6D51-2A33-4EF8-BBAD-D8207F2DCB02}.Debug|x64.Build.0 = Debug|Any CPU
		{B1FC6D51-2A33-4EF8-BBAD-D8207F2DCB02}.Debug|x86.ActiveCfg = Debug|Any CPU
		{B1FC6D51-2A33-4EF8-BBAD-D8207F2DCB02}.Debug|x86.Build.0 = Debug|Any CPU
		{B1FC6D51-2A33-4EF8-BBAD-D8207F2DCB02}.iOS|Any CPU.ActiveCfg = Release|Any CPU
		{B1FC6D51-2A33-4EF8-BBAD-D8207F2DCB02}.iOS|Any CPU.Build.0 = Release|Any CPU
		{B1FC6D51-2A33-4EF8-BBAD-D8207F2DCB02}.iOS|Mixed Platforms.ActiveCfg = Release|Any CPU
		{B1FC6D51-2A33-4EF8-BBAD-D8207F2DCB02}.iOS|Mixed Platforms.Build.0 = Release|Any CPU
		{B1FC6D51-2A33-4EF8-BBAD-D8207F2DCB02}.iOS|x64.ActiveCfg = Release|Any CPU
		{B1FC6D51-2A33-4EF8-BBAD-D8207F2DCB02}.iOS|x64.Build.0 = Release|Any CPU
		{B1FC6D51-2A33-4EF8-BBAD-D8207F2DCB02}.iOS|x86.ActiveCfg = Release|Any CPU
		{B1FC6D51-2A33-4EF8-BBAD-D8207F2DCB02}.iOS|x86.Build.0 = Release|Any CPU
		{B1FC6D51-2A33-4EF8-BBAD-D8207F2DCB02}.Net20|Any CPU.ActiveCfg = Release|Any CPU
		{B1FC6D51-2A33-4EF8-BBAD-D8207F2DCB02}.Net20|Any CPU.Build.0 = Release|Any CPU
		{B1FC6D51-2A33-4EF8-BBAD-D8207F2DCB02}.Net20|Mixed Platforms.ActiveCfg = Release|Any CPU
		{B1FC6D51-2A33-4EF8-BBAD-D8207F2DCB02}.Net20|Mixed Platforms.Build.0 = Release|Any CPU
		{B1FC6D51-2A33-4EF8-BBAD-D8207F2DCB02}.Net20|x64.ActiveCfg = Release|Any CPU
		{B1FC6D51-2A33-4EF8-BBAD-D8207F2DCB02}.Net20|x64.Build.0 = Release|Any CPU
		{B1FC6D51-2A33-4EF8-BBAD-D8207F2DCB02}.Net20|x86.ActiveCfg = Release|Any CPU
		{B1FC6D51-2A33-4EF8-BBAD-D8207F2DCB02}.Net20|x86.Build.0 = Release|Any CPU
		{B1FC6D51-2A33-4EF8-BBAD-D8207F2DCB02}.Release|Any CPU.ActiveCfg = Release|Any CPU
		{B1FC6D51-2A33-4EF8-BBAD-D8207F2DCB02}.Release|Any CPU.Build.0 = Release|Any CPU
		{B1FC6D51-2A33-4EF8-BBAD-D8207F2DCB02}.Release|Mixed Platforms.ActiveCfg = Release|Any CPU
		{B1FC6D51-2A33-4EF8-BBAD-D8207F2DCB02}.Release|Mixed Platforms.Build.0 = Release|Any CPU
		{B1FC6D51-2A33-4EF8-BBAD-D8207F2DCB02}.Release|x64.ActiveCfg = Release|Any CPU
		{B1FC6D51-2A33-4EF8-BBAD-D8207F2DCB02}.Release|x64.Build.0 = Release|Any CPU
		{B1FC6D51-2A33-4EF8-BBAD-D8207F2DCB02}.Release|x86.ActiveCfg = Release|Any CPU
		{B1FC6D51-2A33-4EF8-BBAD-D8207F2DCB02}.Release|x86.Build.0 = Release|Any CPU
		{C2BFF9B0-62B2-4D2F-A52F-89A7DFBCBE2C}.Content|Any CPU.ActiveCfg = Content|Any CPU
		{C2BFF9B0-62B2-4D2F-A52F-89A7DFBCBE2C}.Content|Any CPU.Build.0 = Content|Any CPU
		{C2BFF9B0-62B2-4D2F-A52F-89A7DFBCBE2C}.Content|Mixed Platforms.ActiveCfg = Content|Any CPU
		{C2BFF9B0-62B2-4D2F-A52F-89A7DFBCBE2C}.Content|Mixed Platforms.Build.0 = Content|Any CPU
		{C2BFF9B0-62B2-4D2F-A52F-89A7DFBCBE2C}.Content|x64.ActiveCfg = Content|Any CPU
		{C2BFF9B0-62B2-4D2F-A52F-89A7DFBCBE2C}.Content|x64.Build.0 = Content|Any CPU
		{C2BFF9B0-62B2-4D2F-A52F-89A7DFBCBE2C}.Content|x86.ActiveCfg = Content|Any CPU
		{C2BFF9B0-62B2-4D2F-A52F-89A7DFBCBE2C}.Content|x86.Build.0 = Content|Any CPU
		{C2BFF9B0-62B2-4D2F-A52F-89A7DFBCBE2C}.Debug|Any CPU.ActiveCfg = Content|Any CPU
		{C2BFF9B0-62B2-4D2F-A52F-89A7DFBCBE2C}.Debug|Any CPU.Build.0 = Content|Any CPU
		{C2BFF9B0-62B2-4D2F-A52F-89A7DFBCBE2C}.Debug|Mixed Platforms.ActiveCfg = Content|Any CPU
		{C2BFF9B0-62B2-4D2F-A52F-89A7DFBCBE2C}.Debug|Mixed Platforms.Build.0 = Content|Any CPU
		{C2BFF9B0-62B2-4D2F-A52F-89A7DFBCBE2C}.Debug|x64.ActiveCfg = Content|Any CPU
		{C2BFF9B0-62B2-4D2F-A52F-89A7DFBCBE2C}.Debug|x64.Build.0 = Content|Any CPU
		{C2BFF9B0-62B2-4D2F-A52F-89A7DFBCBE2C}.Debug|x86.ActiveCfg = Content|Any CPU
		{C2BFF9B0-62B2-4D2F-A52F-89A7DFBCBE2C}.Debug|x86.Build.0 = Content|Any CPU
		{C2BFF9B0-62B2-4D2F-A52F-89A7DFBCBE2C}.iOS|Any CPU.ActiveCfg = Content|Any CPU
		{C2BFF9B0-62B2-4D2F-A52F-89A7DFBCBE2C}.iOS|Any CPU.Build.0 = Content|Any CPU
		{C2BFF9B0-62B2-4D2F-A52F-89A7DFBCBE2C}.iOS|Mixed Platforms.ActiveCfg = Content|Any CPU
		{C2BFF9B0-62B2-4D2F-A52F-89A7DFBCBE2C}.iOS|Mixed Platforms.Build.0 = Content|Any CPU
		{C2BFF9B0-62B2-4D2F-A52F-89A7DFBCBE2C}.iOS|x64.ActiveCfg = Content|Any CPU
		{C2BFF9B0-62B2-4D2F-A52F-89A7DFBCBE2C}.iOS|x64.Build.0 = Content|Any CPU
		{C2BFF9B0-62B2-4D2F-A52F-89A7DFBCBE2C}.iOS|x86.ActiveCfg = Content|Any CPU
		{C2BFF9B0-62B2-4D2F-A52F-89A7DFBCBE2C}.iOS|x86.Build.0 = Content|Any CPU
		{C2BFF9B0-62B2-4D2F-A52F-89A7DFBCBE2C}.Net20|Any CPU.ActiveCfg = Content|Any CPU
		{C2BFF9B0-62B2-4D2F-A52F-89A7DFBCBE2C}.Net20|Any CPU.Build.0 = Content|Any CPU
		{C2BFF9B0-62B2-4D2F-A52F-89A7DFBCBE2C}.Net20|Mixed Platforms.ActiveCfg = Content|Any CPU
		{C2BFF9B0-62B2-4D2F-A52F-89A7DFBCBE2C}.Net20|Mixed Platforms.Build.0 = Content|Any CPU
		{C2BFF9B0-62B2-4D2F-A52F-89A7DFBCBE2C}.Net20|x64.ActiveCfg = Content|Any CPU
		{C2BFF9B0-62B2-4D2F-A52F-89A7DFBCBE2C}.Net20|x64.Build.0 = Content|Any CPU
		{C2BFF9B0-62B2-4D2F-A52F-89A7DFBCBE2C}.Net20|x86.ActiveCfg = Content|Any CPU
		{C2BFF9B0-62B2-4D2F-A52F-89A7DFBCBE2C}.Net20|x86.Build.0 = Content|Any CPU
		{C2BFF9B0-62B2-4D2F-A52F-89A7DFBCBE2C}.Release|Any CPU.ActiveCfg = Content|Any CPU
		{C2BFF9B0-62B2-4D2F-A52F-89A7DFBCBE2C}.Release|Any CPU.Build.0 = Content|Any CPU
		{C2BFF9B0-62B2-4D2F-A52F-89A7DFBCBE2C}.Release|Mixed Platforms.ActiveCfg = Content|Any CPU
		{C2BFF9B0-62B2-4D2F-A52F-89A7DFBCBE2C}.Release|Mixed Platforms.Build.0 = Content|Any CPU
		{C2BFF9B0-62B2-4D2F-A52F-89A7DFBCBE2C}.Release|x64.ActiveCfg = Content|Any CPU
		{C2BFF9B0-62B2-4D2F-A52F-89A7DFBCBE2C}.Release|x64.Build.0 = Content|Any CPU
		{C2BFF9B0-62B2-4D2F-A52F-89A7DFBCBE2C}.Release|x86.ActiveCfg = Content|Any CPU
		{C2BFF9B0-62B2-4D2F-A52F-89A7DFBCBE2C}.Release|x86.Build.0 = Content|Any CPU
		{9D7BF384-9B4E-4EF2-87C8-CE3C987AA024}.Content|Any CPU.ActiveCfg = Release|Any CPU
		{9D7BF384-9B4E-4EF2-87C8-CE3C987AA024}.Content|Any CPU.Build.0 = Release|Any CPU
		{9D7BF384-9B4E-4EF2-87C8-CE3C987AA024}.Content|Mixed Platforms.ActiveCfg = Release|Any CPU
		{9D7BF384-9B4E-4EF2-87C8-CE3C987AA024}.Content|Mixed Platforms.Build.0 = Release|Any CPU
		{9D7BF384-9B4E-4EF2-87C8-CE3C987AA024}.Content|x64.ActiveCfg = Release|Any CPU
		{9D7BF384-9B4E-4EF2-87C8-CE3C987AA024}.Content|x64.Build.0 = Release|Any CPU
		{9D7BF384-9B4E-4EF2-87C8-CE3C987AA024}.Content|x86.ActiveCfg = Release|Any CPU
		{9D7BF384-9B4E-4EF2-87C8-CE3C987AA024}.Content|x86.Build.0 = Release|Any CPU
		{9D7BF384-9B4E-4EF2-87C8-CE3C987AA024}.Debug|Any CPU.ActiveCfg = Debug|Any CPU
		{9D7BF384-9B4E-4EF2-87C8-CE3C987AA024}.Debug|Any CPU.Build.0 = Debug|Any CPU
		{9D7BF384-9B4E-4EF2-87C8-CE3C987AA024}.Debug|Mixed Platforms.ActiveCfg = Debug|Any CPU
		{9D7BF384-9B4E-4EF2-87C8-CE3C987AA024}.Debug|Mixed Platforms.Build.0 = Debug|Any CPU
		{9D7BF384-9B4E-4EF2-87C8-CE3C987AA024}.Debug|x64.ActiveCfg = Debug|Any CPU
		{9D7BF384-9B4E-4EF2-87C8-CE3C987AA024}.Debug|x64.Build.0 = Debug|Any CPU
		{9D7BF384-9B4E-4EF2-87C8-CE3C987AA024}.Debug|x86.ActiveCfg = Debug|Any CPU
		{9D7BF384-9B4E-4EF2-87C8-CE3C987AA024}.Debug|x86.Build.0 = Debug|Any CPU
		{9D7BF384-9B4E-4EF2-87C8-CE3C987AA024}.iOS|Any CPU.ActiveCfg = Release|Any CPU
		{9D7BF384-9B4E-4EF2-87C8-CE3C987AA024}.iOS|Any CPU.Build.0 = Release|Any CPU
		{9D7BF384-9B4E-4EF2-87C8-CE3C987AA024}.iOS|Mixed Platforms.ActiveCfg = Release|Any CPU
		{9D7BF384-9B4E-4EF2-87C8-CE3C987AA024}.iOS|Mixed Platforms.Build.0 = Release|Any CPU
		{9D7BF384-9B4E-4EF2-87C8-CE3C987AA024}.iOS|x64.ActiveCfg = Release|Any CPU
		{9D7BF384-9B4E-4EF2-87C8-CE3C987AA024}.iOS|x64.Build.0 = Release|Any CPU
		{9D7BF384-9B4E-4EF2-87C8-CE3C987AA024}.iOS|x86.ActiveCfg = Release|Any CPU
		{9D7BF384-9B4E-4EF2-87C8-CE3C987AA024}.iOS|x86.Build.0 = Release|Any CPU
		{9D7BF384-9B4E-4EF2-87C8-CE3C987AA024}.Net20|Any CPU.ActiveCfg = Release|Any CPU
		{9D7BF384-9B4E-4EF2-87C8-CE3C987AA024}.Net20|Any CPU.Build.0 = Release|Any CPU
		{9D7BF384-9B4E-4EF2-87C8-CE3C987AA024}.Net20|Mixed Platforms.ActiveCfg = Release|Any CPU
		{9D7BF384-9B4E-4EF2-87C8-CE3C987AA024}.Net20|Mixed Platforms.Build.0 = Release|Any CPU
		{9D7BF384-9B4E-4EF2-87C8-CE3C987AA024}.Net20|x64.ActiveCfg = Release|Any CPU
		{9D7BF384-9B4E-4EF2-87C8-CE3C987AA024}.Net20|x64.Build.0 = Release|Any CPU
		{9D7BF384-9B4E-4EF2-87C8-CE3C987AA024}.Net20|x86.ActiveCfg = Release|Any CPU
		{9D7BF384-9B4E-4EF2-87C8-CE3C987AA024}.Net20|x86.Build.0 = Release|Any CPU
		{9D7BF384-9B4E-4EF2-87C8-CE3C987AA024}.Release|Any CPU.ActiveCfg = Release|Any CPU
		{9D7BF384-9B4E-4EF2-87C8-CE3C987AA024}.Release|Any CPU.Build.0 = Release|Any CPU
		{9D7BF384-9B4E-4EF2-87C8-CE3C987AA024}.Release|Mixed Platforms.ActiveCfg = Release|Any CPU
		{9D7BF384-9B4E-4EF2-87C8-CE3C987AA024}.Release|Mixed Platforms.Build.0 = Release|Any CPU
		{9D7BF384-9B4E-4EF2-87C8-CE3C987AA024}.Release|x64.ActiveCfg = Release|Any CPU
		{9D7BF384-9B4E-4EF2-87C8-CE3C987AA024}.Release|x64.Build.0 = Release|Any CPU
		{9D7BF384-9B4E-4EF2-87C8-CE3C987AA024}.Release|x86.ActiveCfg = Release|Any CPU
		{9D7BF384-9B4E-4EF2-87C8-CE3C987AA024}.Release|x86.Build.0 = Release|Any CPU
		{DD96EB3A-BC3A-4C16-BA52-287AF980F1AC}.Content|Any CPU.ActiveCfg = Release|x86
		{DD96EB3A-BC3A-4C16-BA52-287AF980F1AC}.Content|Any CPU.Build.0 = Release|x86
		{DD96EB3A-BC3A-4C16-BA52-287AF980F1AC}.Content|Mixed Platforms.ActiveCfg = Release|x86
		{DD96EB3A-BC3A-4C16-BA52-287AF980F1AC}.Content|Mixed Platforms.Build.0 = Release|x86
		{DD96EB3A-BC3A-4C16-BA52-287AF980F1AC}.Content|x64.ActiveCfg = Release|x86
		{DD96EB3A-BC3A-4C16-BA52-287AF980F1AC}.Content|x64.Build.0 = Release|x86
		{DD96EB3A-BC3A-4C16-BA52-287AF980F1AC}.Content|x86.ActiveCfg = Release|x86
		{DD96EB3A-BC3A-4C16-BA52-287AF980F1AC}.Content|x86.Build.0 = Release|x86
		{DD96EB3A-BC3A-4C16-BA52-287AF980F1AC}.Debug|Any CPU.ActiveCfg = Debug|Any CPU
		{DD96EB3A-BC3A-4C16-BA52-287AF980F1AC}.Debug|Any CPU.Build.0 = Debug|Any CPU
		{DD96EB3A-BC3A-4C16-BA52-287AF980F1AC}.Debug|Mixed Platforms.ActiveCfg = Debug|x86
		{DD96EB3A-BC3A-4C16-BA52-287AF980F1AC}.Debug|Mixed Platforms.Build.0 = Debug|x86
		{DD96EB3A-BC3A-4C16-BA52-287AF980F1AC}.Debug|x64.ActiveCfg = Debug|x86
		{DD96EB3A-BC3A-4C16-BA52-287AF980F1AC}.Debug|x86.ActiveCfg = Debug|x86
		{DD96EB3A-BC3A-4C16-BA52-287AF980F1AC}.Debug|x86.Build.0 = Debug|x86
		{DD96EB3A-BC3A-4C16-BA52-287AF980F1AC}.iOS|Any CPU.ActiveCfg = Release|x86
		{DD96EB3A-BC3A-4C16-BA52-287AF980F1AC}.iOS|Any CPU.Build.0 = Release|x86
		{DD96EB3A-BC3A-4C16-BA52-287AF980F1AC}.iOS|Mixed Platforms.ActiveCfg = Release|x86
		{DD96EB3A-BC3A-4C16-BA52-287AF980F1AC}.iOS|Mixed Platforms.Build.0 = Release|x86
		{DD96EB3A-BC3A-4C16-BA52-287AF980F1AC}.iOS|x64.ActiveCfg = Release|x86
		{DD96EB3A-BC3A-4C16-BA52-287AF980F1AC}.iOS|x64.Build.0 = Release|x86
		{DD96EB3A-BC3A-4C16-BA52-287AF980F1AC}.iOS|x86.ActiveCfg = Release|x86
		{DD96EB3A-BC3A-4C16-BA52-287AF980F1AC}.iOS|x86.Build.0 = Release|x86
		{DD96EB3A-BC3A-4C16-BA52-287AF980F1AC}.Net20|Any CPU.ActiveCfg = Release|x86
		{DD96EB3A-BC3A-4C16-BA52-287AF980F1AC}.Net20|Any CPU.Build.0 = Release|x86
		{DD96EB3A-BC3A-4C16-BA52-287AF980F1AC}.Net20|Mixed Platforms.ActiveCfg = Release|x86
		{DD96EB3A-BC3A-4C16-BA52-287AF980F1AC}.Net20|Mixed Platforms.Build.0 = Release|x86
		{DD96EB3A-BC3A-4C16-BA52-287AF980F1AC}.Net20|x64.ActiveCfg = Release|x86
		{DD96EB3A-BC3A-4C16-BA52-287AF980F1AC}.Net20|x64.Build.0 = Release|x86
		{DD96EB3A-BC3A-4C16-BA52-287AF980F1AC}.Net20|x86.ActiveCfg = Release|x86
		{DD96EB3A-BC3A-4C16-BA52-287AF980F1AC}.Net20|x86.Build.0 = Release|x86
		{DD96EB3A-BC3A-4C16-BA52-287AF980F1AC}.Release|Any CPU.ActiveCfg = Release|x86
		{DD96EB3A-BC3A-4C16-BA52-287AF980F1AC}.Release|Mixed Platforms.ActiveCfg = Release|x86
		{DD96EB3A-BC3A-4C16-BA52-287AF980F1AC}.Release|Mixed Platforms.Build.0 = Release|x86
		{DD96EB3A-BC3A-4C16-BA52-287AF980F1AC}.Release|x64.ActiveCfg = Release|x86
		{DD96EB3A-BC3A-4C16-BA52-287AF980F1AC}.Release|x86.ActiveCfg = Release|x86
		{DD96EB3A-BC3A-4C16-BA52-287AF980F1AC}.Release|x86.Build.0 = Release|x86
	EndGlobalSection
	GlobalSection(SolutionProperties) = preSolution
		HideSolutionNode = FALSE
	EndGlobalSection
	GlobalSection(NestedProjects) = preSolution
		{73DA95FC-147C-40E6-9D23-8C13ACA4A737} = {6246A47B-B83D-41C3-B156-8A4E29F60E84}
		{85BD604A-C94D-4058-94BE-6977C97A1291} = {8B9AE201-2519-479A-872B-9EC9CBFEC7FE}
		{960444F7-E932-4773-B798-DF92EA58A0C3} = {6246A47B-B83D-41C3-B156-8A4E29F60E84}
		{81825A42-212E-4C4D-BD15-A42DE826B039} = {8B9AE201-2519-479A-872B-9EC9CBFEC7FE}
		{D527CE3C-EECF-45EF-AE6E-E88DE37D3708} = {C7338702-1752-40EA-83C1-C4EB6002C43A}
		{8B398427-3D4E-4CB8-B0F0-CFA35E2E66A4} = {C7338702-1752-40EA-83C1-C4EB6002C43A}
		{A6C88306-63DC-4E60-95BB-112E3BC202F5} = {C7338702-1752-40EA-83C1-C4EB6002C43A}
		{B1FC6D51-2A33-4EF8-BBAD-D8207F2DCB02} = {8B9AE201-2519-479A-872B-9EC9CBFEC7FE}
	EndGlobalSection
EndGlobal
